
Microsoft Visual Studio Solution File, Format Version 10.00
# Visual Studio 2008
Project("{8BC9CEB8-8B4A-11D0-8D11-00A0C91BC942}") = "gltestplus", "gltestplus.vcproj", "{D8663A7B-0FBF-4D9C-B1C3-ED9327FB5741}"
	ProjectSection(ProjectDependencies) = postProject
		{0008960E-E0DD-41A6-8265-00B31DDB4C21} = {0008960E-E0DD-41A6-8265-00B31DDB4C21}
		{462CC813-F69E-4A84-A9AE-E12E2C9EC802} = {462CC813-F69E-4A84-A9AE-E12E2C9EC802}
		{B7D1044C-39AC-46D0-ADF8-8D6EA40B21A8} = {B7D1044C-39AC-46D0-ADF8-8D6EA40B21A8}
		{BD3D2091-75AD-4D59-AE7D-33CD3613DC54} = {BD3D2091-75AD-4D59-AE7D-33CD3613DC54}
		{66B080B3-BC89-491B-A411-772E4708F277} = {66B080B3-BC89-491B-A411-772E4708F277}
	EndProjectSection
EndProject
Project("{8BC9CEB8-8B4A-11D0-8D11-00A0C91BC942}") = "gltestdll", "..\gltestdll\VC2008\gltestdll.vcproj", "{E85222DE-B358-457D-BA79-59E88FFB3D29}"
	ProjectSection(ProjectDependencies) = postProject
		{462CC813-F69E-4A84-A9AE-E12E2C9EC802} = {462CC813-F69E-4A84-A9AE-E12E2C9EC802}
		{D8663A7B-0FBF-4D9C-B1C3-ED9327FB5741} = {D8663A7B-0FBF-4D9C-B1C3-ED9327FB5741}
		{BD3D2091-75AD-4D59-AE7D-33CD3613DC54} = {BD3D2091-75AD-4D59-AE7D-33CD3613DC54}
	EndProjectSection
EndProject
Project("{8BC9CEB8-8B4A-11D0-8D11-00A0C91BC942}") = "surface", "..\surface\VC2008\surface.vcproj", "{2DB1949F-D6A5-4D12-A9D0-7F2C8A65B06D}"
	ProjectSection(ProjectDependencies) = postProject
		{462CC813-F69E-4A84-A9AE-E12E2C9EC802} = {462CC813-F69E-4A84-A9AE-E12E2C9EC802}
		{D8663A7B-0FBF-4D9C-B1C3-ED9327FB5741} = {D8663A7B-0FBF-4D9C-B1C3-ED9327FB5741}
		{BD3D2091-75AD-4D59-AE7D-33CD3613DC54} = {BD3D2091-75AD-4D59-AE7D-33CD3613DC54}
	EndProjectSection
EndProject
Project("{8BC9CEB8-8B4A-11D0-8D11-00A0C91BC942}") = "clib", "..\clib\VC2008\clib.vcproj", "{462CC813-F69E-4A84-A9AE-E12E2C9EC802}"
	ProjectSection(ProjectDependencies) = postProject
		{3DFA7E9D-06E8-431B-B063-93CD8BC2D2F5} = {3DFA7E9D-06E8-431B-B063-93CD8BC2D2F5}
	EndProjectSection
EndProject
Project("{8BC9CEB8-8B4A-11D0-8D11-00A0C91BC942}") = "zlib", "..\zlib\projects\VC2008\zlib.vcproj", "{3DFA7E9D-06E8-431B-B063-93CD8BC2D2F5}"
EndProject
Project("{8BC9CEB8-8B4A-11D0-8D11-00A0C91BC942}") = "cpplib", "..\cpplib\VC2008\cpplib.vcproj", "{BD3D2091-75AD-4D59-AE7D-33CD3613DC54}"
	ProjectSection(ProjectDependencies) = postProject
		{462CC813-F69E-4A84-A9AE-E12E2C9EC802} = {462CC813-F69E-4A84-A9AE-E12E2C9EC802}
	EndProjectSection
EndProject
Project("{8BC9CEB8-8B4A-11D0-8D11-00A0C91BC942}") = "squirrel", "..\squirrel3\squirrel\squirrel.vcproj", "{66B080B3-BC89-491B-A411-772E4708F277}"
EndProject
Project("{8BC9CEB8-8B4A-11D0-8D11-00A0C91BC942}") = "sqstdlib", "..\squirrel3\sqstdlib\sqstdlib.vcproj", "{B7D1044C-39AC-46D0-ADF8-8D6EA40B21A8}"
EndProject
Project("{8BC9CEB8-8B4A-11D0-8D11-00A0C91BC942}") = "libpng", "..\lpng\projects\visualc8\libpng.vcproj", "{0008960E-E0DD-41A6-8265-00B31DDB4C21}"
EndProject
Global
	GlobalSection(SolutionConfigurationPlatforms) = preSolution
		Debug|Win32 = Debug|Win32
		Debug|x64 = Debug|x64
		DLL ASM Debug|Win32 = DLL ASM Debug|Win32
		DLL ASM Debug|x64 = DLL ASM Debug|x64
		DLL ASM Release|Win32 = DLL ASM Release|Win32
		DLL ASM Release|x64 = DLL ASM Release|x64
		DLL Debug|Win32 = DLL Debug|Win32
		DLL Debug|x64 = DLL Debug|x64
		DLL Release|Win32 = DLL Release|Win32
		DLL Release|x64 = DLL Release|x64
		DLL VB|Win32 = DLL VB|Win32
		DLL VB|x64 = DLL VB|x64
		LIB ASM Debug|Win32 = LIB ASM Debug|Win32
		LIB ASM Debug|x64 = LIB ASM Debug|x64
		LIB ASM Release|Win32 = LIB ASM Release|Win32
		LIB ASM Release|x64 = LIB ASM Release|x64
		LIB Debug|Win32 = LIB Debug|Win32
		LIB Debug|x64 = LIB Debug|x64
		LIB Release|Win32 = LIB Release|Win32
		LIB Release|x64 = LIB Release|x64
		Release|Win32 = Release|Win32
		Release|x64 = Release|x64
		ReleaseRTTI|Win32 = ReleaseRTTI|Win32
		ReleaseRTTI|x64 = ReleaseRTTI|x64
	EndGlobalSection
	GlobalSection(ProjectConfigurationPlatforms) = postSolution
		{D8663A7B-0FBF-4D9C-B1C3-ED9327FB5741}.Debug|Win32.ActiveCfg = Debug|Win32
		{D8663A7B-0FBF-4D9C-B1C3-ED9327FB5741}.Debug|Win32.Build.0 = Debug|Win32
		{D8663A7B-0FBF-4D9C-B1C3-ED9327FB5741}.Debug|x64.ActiveCfg = Debug|x64
		{D8663A7B-0FBF-4D9C-B1C3-ED9327FB5741}.Debug|x64.Build.0 = Debug|x64
		{D8663A7B-0FBF-4D9C-B1C3-ED9327FB5741}.DLL ASM Debug|Win32.ActiveCfg = Debug|Win32
		{D8663A7B-0FBF-4D9C-B1C3-ED9327FB5741}.DLL ASM Debug|Win32.Build.0 = Debug|Win32
		{D8663A7B-0FBF-4D9C-B1C3-ED9327FB5741}.DLL ASM Debug|x64.ActiveCfg = Debug|x64
		{D8663A7B-0FBF-4D9C-B1C3-ED9327FB5741}.DLL ASM Debug|x64.Build.0 = Debug|x64
		{D8663A7B-0FBF-4D9C-B1C3-ED9327FB5741}.DLL ASM Release|Win32.ActiveCfg = Release|Win32
		{D8663A7B-0FBF-4D9C-B1C3-ED9327FB5741}.DLL ASM Release|Win32.Build.0 = Release|Win32
		{D8663A7B-0FBF-4D9C-B1C3-ED9327FB5741}.DLL ASM Release|x64.ActiveCfg = Release|x64
		{D8663A7B-0FBF-4D9C-B1C3-ED9327FB5741}.DLL ASM Release|x64.Build.0 = Release|x64
		{D8663A7B-0FBF-4D9C-B1C3-ED9327FB5741}.DLL Debug|Win32.ActiveCfg = Debug|Win32
		{D8663A7B-0FBF-4D9C-B1C3-ED9327FB5741}.DLL Debug|Win32.Build.0 = Debug|Win32
		{D8663A7B-0FBF-4D9C-B1C3-ED9327FB5741}.DLL Debug|x64.ActiveCfg = Debug|x64
		{D8663A7B-0FBF-4D9C-B1C3-ED9327FB5741}.DLL Debug|x64.Build.0 = Debug|x64
		{D8663A7B-0FBF-4D9C-B1C3-ED9327FB5741}.DLL Release|Win32.ActiveCfg = Release|Win32
		{D8663A7B-0FBF-4D9C-B1C3-ED9327FB5741}.DLL Release|Win32.Build.0 = Release|Win32
		{D8663A7B-0FBF-4D9C-B1C3-ED9327FB5741}.DLL Release|x64.ActiveCfg = Release|x64
		{D8663A7B-0FBF-4D9C-B1C3-ED9327FB5741}.DLL Release|x64.Build.0 = Release|x64
		{D8663A7B-0FBF-4D9C-B1C3-ED9327FB5741}.DLL VB|Win32.ActiveCfg = Debug|x64
		{D8663A7B-0FBF-4D9C-B1C3-ED9327FB5741}.DLL VB|x64.ActiveCfg = Debug|x64
		{D8663A7B-0FBF-4D9C-B1C3-ED9327FB5741}.DLL VB|x64.Build.0 = Debug|x64
		{D8663A7B-0FBF-4D9C-B1C3-ED9327FB5741}.LIB ASM Debug|Win32.ActiveCfg = Debug|Win32
		{D8663A7B-0FBF-4D9C-B1C3-ED9327FB5741}.LIB ASM Debug|Win32.Build.0 = Debug|Win32
		{D8663A7B-0FBF-4D9C-B1C3-ED9327FB5741}.LIB ASM Debug|x64.ActiveCfg = Debug|x64
		{D8663A7B-0FBF-4D9C-B1C3-ED9327FB5741}.LIB ASM Debug|x64.Build.0 = Debug|x64
		{D8663A7B-0FBF-4D9C-B1C3-ED9327FB5741}.LIB ASM Release|Win32.ActiveCfg = Release|Win32
		{D8663A7B-0FBF-4D9C-B1C3-ED9327FB5741}.LIB ASM Release|Win32.Build.0 = Release|Win32
		{D8663A7B-0FBF-4D9C-B1C3-ED9327FB5741}.LIB ASM Release|x64.ActiveCfg = Release|x64
		{D8663A7B-0FBF-4D9C-B1C3-ED9327FB5741}.LIB ASM Release|x64.Build.0 = Release|x64
		{D8663A7B-0FBF-4D9C-B1C3-ED9327FB5741}.LIB Debug|Win32.ActiveCfg = Debug|Win32
		{D8663A7B-0FBF-4D9C-B1C3-ED9327FB5741}.LIB Debug|Win32.Build.0 = Debug|Win32
		{D8663A7B-0FBF-4D9C-B1C3-ED9327FB5741}.LIB Debug|x64.ActiveCfg = Debug|x64
		{D8663A7B-0FBF-4D9C-B1C3-ED9327FB5741}.LIB Debug|x64.Build.0 = Debug|x64
		{D8663A7B-0FBF-4D9C-B1C3-ED9327FB5741}.LIB Release|Win32.ActiveCfg = Release|Win32
		{D8663A7B-0FBF-4D9C-B1C3-ED9327FB5741}.LIB Release|Win32.Build.0 = Release|Win32
		{D8663A7B-0FBF-4D9C-B1C3-ED9327FB5741}.LIB Release|x64.ActiveCfg = Release|x64
		{D8663A7B-0FBF-4D9C-B1C3-ED9327FB5741}.LIB Release|x64.Build.0 = Release|x64
		{D8663A7B-0FBF-4D9C-B1C3-ED9327FB5741}.Release|Win32.ActiveCfg = Release|Win32
		{D8663A7B-0FBF-4D9C-B1C3-ED9327FB5741}.Release|Win32.Build.0 = Release|Win32
		{D8663A7B-0FBF-4D9C-B1C3-ED9327FB5741}.Release|x64.ActiveCfg = Release|x64
		{D8663A7B-0FBF-4D9C-B1C3-ED9327FB5741}.Release|x64.Build.0 = Release|x64
		{D8663A7B-0FBF-4D9C-B1C3-ED9327FB5741}.ReleaseRTTI|Win32.ActiveCfg = Release|x64
		{D8663A7B-0FBF-4D9C-B1C3-ED9327FB5741}.ReleaseRTTI|x64.ActiveCfg = Release|x64
		{D8663A7B-0FBF-4D9C-B1C3-ED9327FB5741}.ReleaseRTTI|x64.Build.0 = Release|x64
		{E85222DE-B358-457D-BA79-59E88FFB3D29}.Debug|Win32.ActiveCfg = Debug|Win32
		{E85222DE-B358-457D-BA79-59E88FFB3D29}.Debug|Win32.Build.0 = Debug|Win32
		{E85222DE-B358-457D-BA79-59E88FFB3D29}.Debug|x64.ActiveCfg = Debug|x64
		{E85222DE-B358-457D-BA79-59E88FFB3D29}.Debug|x64.Build.0 = Debug|x64
		{E85222DE-B358-457D-BA79-59E88FFB3D29}.DLL ASM Debug|Win32.ActiveCfg = Debug|Win32
		{E85222DE-B358-457D-BA79-59E88FFB3D29}.DLL ASM Debug|Win32.Build.0 = Debug|Win32
		{E85222DE-B358-457D-BA79-59E88FFB3D29}.DLL ASM Debug|x64.ActiveCfg = Debug|x64
		{E85222DE-B358-457D-BA79-59E88FFB3D29}.DLL ASM Debug|x64.Build.0 = Debug|x64
		{E85222DE-B358-457D-BA79-59E88FFB3D29}.DLL ASM Release|Win32.ActiveCfg = Release|Win32
		{E85222DE-B358-457D-BA79-59E88FFB3D29}.DLL ASM Release|Win32.Build.0 = Release|Win32
		{E85222DE-B358-457D-BA79-59E88FFB3D29}.DLL ASM Release|x64.ActiveCfg = Release|x64
		{E85222DE-B358-457D-BA79-59E88FFB3D29}.DLL ASM Release|x64.Build.0 = Release|x64
		{E85222DE-B358-457D-BA79-59E88FFB3D29}.DLL Debug|Win32.ActiveCfg = Debug|Win32
		{E85222DE-B358-457D-BA79-59E88FFB3D29}.DLL Debug|Win32.Build.0 = Debug|Win32
		{E85222DE-B358-457D-BA79-59E88FFB3D29}.DLL Debug|x64.ActiveCfg = Debug|x64
		{E85222DE-B358-457D-BA79-59E88FFB3D29}.DLL Debug|x64.Build.0 = Debug|x64
		{E85222DE-B358-457D-BA79-59E88FFB3D29}.DLL Release|Win32.ActiveCfg = Release|Win32
		{E85222DE-B358-457D-BA79-59E88FFB3D29}.DLL Release|Win32.Build.0 = Release|Win32
		{E85222DE-B358-457D-BA79-59E88FFB3D29}.DLL Release|x64.ActiveCfg = Release|x64
		{E85222DE-B358-457D-BA79-59E88FFB3D29}.DLL Release|x64.Build.0 = Release|x64
		{E85222DE-B358-457D-BA79-59E88FFB3D29}.DLL VB|Win32.ActiveCfg = Debug|x64
		{E85222DE-B358-457D-BA79-59E88FFB3D29}.DLL VB|x64.ActiveCfg = Debug|x64
		{E85222DE-B358-457D-BA79-59E88FFB3D29}.DLL VB|x64.Build.0 = Debug|x64
		{E85222DE-B358-457D-BA79-59E88FFB3D29}.LIB ASM Debug|Win32.ActiveCfg = Debug|Win32
		{E85222DE-B358-457D-BA79-59E88FFB3D29}.LIB ASM Debug|Win32.Build.0 = Debug|Win32
		{E85222DE-B358-457D-BA79-59E88FFB3D29}.LIB ASM Debug|x64.ActiveCfg = Debug|x64
		{E85222DE-B358-457D-BA79-59E88FFB3D29}.LIB ASM Debug|x64.Build.0 = Debug|x64
		{E85222DE-B358-457D-BA79-59E88FFB3D29}.LIB ASM Release|Win32.ActiveCfg = Release|Win32
		{E85222DE-B358-457D-BA79-59E88FFB3D29}.LIB ASM Release|Win32.Build.0 = Release|Win32
		{E85222DE-B358-457D-BA79-59E88FFB3D29}.LIB ASM Release|x64.ActiveCfg = Release|x64
		{E85222DE-B358-457D-BA79-59E88FFB3D29}.LIB ASM Release|x64.Build.0 = Release|x64
		{E85222DE-B358-457D-BA79-59E88FFB3D29}.LIB Debug|Win32.ActiveCfg = Debug|Win32
		{E85222DE-B358-457D-BA79-59E88FFB3D29}.LIB Debug|Win32.Build.0 = Debug|Win32
		{E85222DE-B358-457D-BA79-59E88FFB3D29}.LIB Debug|x64.ActiveCfg = Debug|x64
		{E85222DE-B358-457D-BA79-59E88FFB3D29}.LIB Debug|x64.Build.0 = Debug|x64
		{E85222DE-B358-457D-BA79-59E88FFB3D29}.LIB Release|Win32.ActiveCfg = Release|Win32
		{E85222DE-B358-457D-BA79-59E88FFB3D29}.LIB Release|Win32.Build.0 = Release|Win32
		{E85222DE-B358-457D-BA79-59E88FFB3D29}.LIB Release|x64.ActiveCfg = Release|x64
		{E85222DE-B358-457D-BA79-59E88FFB3D29}.LIB Release|x64.Build.0 = Release|x64
		{E85222DE-B358-457D-BA79-59E88FFB3D29}.Release|Win32.ActiveCfg = Release|Win32
		{E85222DE-B358-457D-BA79-59E88FFB3D29}.Release|Win32.Build.0 = Release|Win32
		{E85222DE-B358-457D-BA79-59E88FFB3D29}.Release|x64.ActiveCfg = Release|x64
		{E85222DE-B358-457D-BA79-59E88FFB3D29}.Release|x64.Build.0 = Release|x64
		{E85222DE-B358-457D-BA79-59E88FFB3D29}.ReleaseRTTI|Win32.ActiveCfg = Release|x64
		{E85222DE-B358-457D-BA79-59E88FFB3D29}.ReleaseRTTI|x64.ActiveCfg = Release|x64
		{E85222DE-B358-457D-BA79-59E88FFB3D29}.ReleaseRTTI|x64.Build.0 = Release|x64
		{2DB1949F-D6A5-4D12-A9D0-7F2C8A65B06D}.Debug|Win32.ActiveCfg = Debug|Win32
		{2DB1949F-D6A5-4D12-A9D0-7F2C8A65B06D}.Debug|Win32.Build.0 = Debug|Win32
		{2DB1949F-D6A5-4D12-A9D0-7F2C8A65B06D}.Debug|x64.ActiveCfg = Debug|x64
		{2DB1949F-D6A5-4D12-A9D0-7F2C8A65B06D}.Debug|x64.Build.0 = Debug|x64
		{2DB1949F-D6A5-4D12-A9D0-7F2C8A65B06D}.DLL ASM Debug|Win32.ActiveCfg = Debug|Win32
		{2DB1949F-D6A5-4D12-A9D0-7F2C8A65B06D}.DLL ASM Debug|Win32.Build.0 = Debug|Win32
		{2DB1949F-D6A5-4D12-A9D0-7F2C8A65B06D}.DLL ASM Debug|x64.ActiveCfg = Debug|x64
		{2DB1949F-D6A5-4D12-A9D0-7F2C8A65B06D}.DLL ASM Debug|x64.Build.0 = Debug|x64
		{2DB1949F-D6A5-4D12-A9D0-7F2C8A65B06D}.DLL ASM Release|Win32.ActiveCfg = Release|Win32
		{2DB1949F-D6A5-4D12-A9D0-7F2C8A65B06D}.DLL ASM Release|Win32.Build.0 = Release|Win32
		{2DB1949F-D6A5-4D12-A9D0-7F2C8A65B06D}.DLL ASM Release|x64.ActiveCfg = Release|x64
		{2DB1949F-D6A5-4D12-A9D0-7F2C8A65B06D}.DLL ASM Release|x64.Build.0 = Release|x64
		{2DB1949F-D6A5-4D12-A9D0-7F2C8A65B06D}.DLL Debug|Win32.ActiveCfg = Debug|Win32
		{2DB1949F-D6A5-4D12-A9D0-7F2C8A65B06D}.DLL Debug|Win32.Build.0 = Debug|Win32
		{2DB1949F-D6A5-4D12-A9D0-7F2C8A65B06D}.DLL Debug|x64.ActiveCfg = Debug|x64
		{2DB1949F-D6A5-4D12-A9D0-7F2C8A65B06D}.DLL Debug|x64.Build.0 = Debug|x64
		{2DB1949F-D6A5-4D12-A9D0-7F2C8A65B06D}.DLL Release|Win32.ActiveCfg = Release|Win32
		{2DB1949F-D6A5-4D12-A9D0-7F2C8A65B06D}.DLL Release|Win32.Build.0 = Release|Win32
		{2DB1949F-D6A5-4D12-A9D0-7F2C8A65B06D}.DLL Release|x64.ActiveCfg = Release|x64
		{2DB1949F-D6A5-4D12-A9D0-7F2C8A65B06D}.DLL Release|x64.Build.0 = Release|x64
		{2DB1949F-D6A5-4D12-A9D0-7F2C8A65B06D}.DLL VB|Win32.ActiveCfg = Debug|x64
		{2DB1949F-D6A5-4D12-A9D0-7F2C8A65B06D}.DLL VB|x64.ActiveCfg = Debug|x64
		{2DB1949F-D6A5-4D12-A9D0-7F2C8A65B06D}.DLL VB|x64.Build.0 = Debug|x64
		{2DB1949F-D6A5-4D12-A9D0-7F2C8A65B06D}.LIB ASM Debug|Win32.ActiveCfg = Debug|Win32
		{2DB1949F-D6A5-4D12-A9D0-7F2C8A65B06D}.LIB ASM Debug|Win32.Build.0 = Debug|Win32
		{2DB1949F-D6A5-4D12-A9D0-7F2C8A65B06D}.LIB ASM Debug|x64.ActiveCfg = Debug|x64
		{2DB1949F-D6A5-4D12-A9D0-7F2C8A65B06D}.LIB ASM Debug|x64.Build.0 = Debug|x64
		{2DB1949F-D6A5-4D12-A9D0-7F2C8A65B06D}.LIB ASM Release|Win32.ActiveCfg = Release|Win32
		{2DB1949F-D6A5-4D12-A9D0-7F2C8A65B06D}.LIB ASM Release|Win32.Build.0 = Release|Win32
		{2DB1949F-D6A5-4D12-A9D0-7F2C8A65B06D}.LIB ASM Release|x64.ActiveCfg = Release|x64
		{2DB1949F-D6A5-4D12-A9D0-7F2C8A65B06D}.LIB ASM Release|x64.Build.0 = Release|x64
		{2DB1949F-D6A5-4D12-A9D0-7F2C8A65B06D}.LIB Debug|Win32.ActiveCfg = Debug|Win32
		{2DB1949F-D6A5-4D12-A9D0-7F2C8A65B06D}.LIB Debug|Win32.Build.0 = Debug|Win32
		{2DB1949F-D6A5-4D12-A9D0-7F2C8A65B06D}.LIB Debug|x64.ActiveCfg = Debug|x64
		{2DB1949F-D6A5-4D12-A9D0-7F2C8A65B06D}.LIB Debug|x64.Build.0 = Debug|x64
		{2DB1949F-D6A5-4D12-A9D0-7F2C8A65B06D}.LIB Release|Win32.ActiveCfg = Release|Win32
		{2DB1949F-D6A5-4D12-A9D0-7F2C8A65B06D}.LIB Release|Win32.Build.0 = Release|Win32
		{2DB1949F-D6A5-4D12-A9D0-7F2C8A65B06D}.LIB Release|x64.ActiveCfg = Release|x64
		{2DB1949F-D6A5-4D12-A9D0-7F2C8A65B06D}.LIB Release|x64.Build.0 = Release|x64
		{2DB1949F-D6A5-4D12-A9D0-7F2C8A65B06D}.Release|Win32.ActiveCfg = Release|Win32
		{2DB1949F-D6A5-4D12-A9D0-7F2C8A65B06D}.Release|Win32.Build.0 = Release|Win32
		{2DB1949F-D6A5-4D12-A9D0-7F2C8A65B06D}.Release|x64.ActiveCfg = Release|x64
		{2DB1949F-D6A5-4D12-A9D0-7F2C8A65B06D}.Release|x64.Build.0 = Release|x64
		{2DB1949F-D6A5-4D12-A9D0-7F2C8A65B06D}.ReleaseRTTI|Win32.ActiveCfg = Release|x64
		{2DB1949F-D6A5-4D12-A9D0-7F2C8A65B06D}.ReleaseRTTI|x64.ActiveCfg = Release|x64
		{2DB1949F-D6A5-4D12-A9D0-7F2C8A65B06D}.ReleaseRTTI|x64.Build.0 = Release|x64
		{462CC813-F69E-4A84-A9AE-E12E2C9EC802}.Debug|Win32.ActiveCfg = Debug|Win32
		{462CC813-F69E-4A84-A9AE-E12E2C9EC802}.Debug|Win32.Build.0 = Debug|Win32
		{462CC813-F69E-4A84-A9AE-E12E2C9EC802}.Debug|x64.ActiveCfg = Debug|x64
		{462CC813-F69E-4A84-A9AE-E12E2C9EC802}.Debug|x64.Build.0 = Debug|x64
		{462CC813-F69E-4A84-A9AE-E12E2C9EC802}.DLL ASM Debug|Win32.ActiveCfg = Debug|Win32
		{462CC813-F69E-4A84-A9AE-E12E2C9EC802}.DLL ASM Debug|Win32.Build.0 = Debug|Win32
		{462CC813-F69E-4A84-A9AE-E12E2C9EC802}.DLL ASM Debug|x64.ActiveCfg = Debug|x64
		{462CC813-F69E-4A84-A9AE-E12E2C9EC802}.DLL ASM Debug|x64.Build.0 = Debug|x64
		{462CC813-F69E-4A84-A9AE-E12E2C9EC802}.DLL ASM Release|Win32.ActiveCfg = Release|Win32
		{462CC813-F69E-4A84-A9AE-E12E2C9EC802}.DLL ASM Release|Win32.Build.0 = Release|Win32
		{462CC813-F69E-4A84-A9AE-E12E2C9EC802}.DLL ASM Release|x64.ActiveCfg = Release|x64
		{462CC813-F69E-4A84-A9AE-E12E2C9EC802}.DLL ASM Release|x64.Build.0 = Release|x64
		{462CC813-F69E-4A84-A9AE-E12E2C9EC802}.DLL Debug|Win32.ActiveCfg = Debug|Win32
		{462CC813-F69E-4A84-A9AE-E12E2C9EC802}.DLL Debug|Win32.Build.0 = Debug|Win32
		{462CC813-F69E-4A84-A9AE-E12E2C9EC802}.DLL Debug|x64.ActiveCfg = Debug|x64
		{462CC813-F69E-4A84-A9AE-E12E2C9EC802}.DLL Debug|x64.Build.0 = Debug|x64
		{462CC813-F69E-4A84-A9AE-E12E2C9EC802}.DLL Release|Win32.ActiveCfg = Release|Win32
		{462CC813-F69E-4A84-A9AE-E12E2C9EC802}.DLL Release|Win32.Build.0 = Release|Win32
		{462CC813-F69E-4A84-A9AE-E12E2C9EC802}.DLL Release|x64.ActiveCfg = Release|x64
		{462CC813-F69E-4A84-A9AE-E12E2C9EC802}.DLL Release|x64.Build.0 = Release|x64
		{462CC813-F69E-4A84-A9AE-E12E2C9EC802}.DLL VB|Win32.ActiveCfg = Debug|x64
		{462CC813-F69E-4A84-A9AE-E12E2C9EC802}.DLL VB|x64.ActiveCfg = Debug|x64
		{462CC813-F69E-4A84-A9AE-E12E2C9EC802}.DLL VB|x64.Build.0 = Debug|x64
		{462CC813-F69E-4A84-A9AE-E12E2C9EC802}.LIB ASM Debug|Win32.ActiveCfg = Debug|Win32
		{462CC813-F69E-4A84-A9AE-E12E2C9EC802}.LIB ASM Debug|Win32.Build.0 = Debug|Win32
		{462CC813-F69E-4A84-A9AE-E12E2C9EC802}.LIB ASM Debug|x64.ActiveCfg = Debug|x64
		{462CC813-F69E-4A84-A9AE-E12E2C9EC802}.LIB ASM Debug|x64.Build.0 = Debug|x64
		{462CC813-F69E-4A84-A9AE-E12E2C9EC802}.LIB ASM Release|Win32.ActiveCfg = Release|Win32
		{462CC813-F69E-4A84-A9AE-E12E2C9EC802}.LIB ASM Release|Win32.Build.0 = Release|Win32
		{462CC813-F69E-4A84-A9AE-E12E2C9EC802}.LIB ASM Release|x64.ActiveCfg = Release|x64
		{462CC813-F69E-4A84-A9AE-E12E2C9EC802}.LIB ASM Release|x64.Build.0 = Release|x64
		{462CC813-F69E-4A84-A9AE-E12E2C9EC802}.LIB Debug|Win32.ActiveCfg = Debug|Win32
		{462CC813-F69E-4A84-A9AE-E12E2C9EC802}.LIB Debug|Win32.Build.0 = Debug|Win32
		{462CC813-F69E-4A84-A9AE-E12E2C9EC802}.LIB Debug|x64.ActiveCfg = Debug|x64
		{462CC813-F69E-4A84-A9AE-E12E2C9EC802}.LIB Debug|x64.Build.0 = Debug|x64
		{462CC813-F69E-4A84-A9AE-E12E2C9EC802}.LIB Release|Win32.ActiveCfg = Release|Win32
		{462CC813-F69E-4A84-A9AE-E12E2C9EC802}.LIB Release|Win32.Build.0 = Release|Win32
		{462CC813-F69E-4A84-A9AE-E12E2C9EC802}.LIB Release|x64.ActiveCfg = Release|x64
		{462CC813-F69E-4A84-A9AE-E12E2C9EC802}.LIB Release|x64.Build.0 = Release|x64
		{462CC813-F69E-4A84-A9AE-E12E2C9EC802}.Release|Win32.ActiveCfg = Release|Win32
		{462CC813-F69E-4A84-A9AE-E12E2C9EC802}.Release|Win32.Build.0 = Release|Win32
		{462CC813-F69E-4A84-A9AE-E12E2C9EC802}.Release|x64.ActiveCfg = Release|x64
		{462CC813-F69E-4A84-A9AE-E12E2C9EC802}.Release|x64.Build.0 = Release|x64
		{462CC813-F69E-4A84-A9AE-E12E2C9EC802}.ReleaseRTTI|Win32.ActiveCfg = Release|x64
		{462CC813-F69E-4A84-A9AE-E12E2C9EC802}.ReleaseRTTI|x64.ActiveCfg = Release|x64
		{462CC813-F69E-4A84-A9AE-E12E2C9EC802}.ReleaseRTTI|x64.Build.0 = Release|x64
		{3DFA7E9D-06E8-431B-B063-93CD8BC2D2F5}.Debug|Win32.ActiveCfg = LIB Debug|Win32
		{3DFA7E9D-06E8-431B-B063-93CD8BC2D2F5}.Debug|Win32.Build.0 = LIB Debug|Win32
		{3DFA7E9D-06E8-431B-B063-93CD8BC2D2F5}.Debug|x64.ActiveCfg = LIB Debug|x64
		{3DFA7E9D-06E8-431B-B063-93CD8BC2D2F5}.Debug|x64.Build.0 = LIB Debug|x64
		{3DFA7E9D-06E8-431B-B063-93CD8BC2D2F5}.DLL ASM Debug|Win32.ActiveCfg = DLL ASM Debug|Win32
		{3DFA7E9D-06E8-431B-B063-93CD8BC2D2F5}.DLL ASM Debug|Win32.Build.0 = DLL ASM Debug|Win32
		{3DFA7E9D-06E8-431B-B063-93CD8BC2D2F5}.DLL ASM Debug|x64.ActiveCfg = DLL ASM Debug|x64
		{3DFA7E9D-06E8-431B-B063-93CD8BC2D2F5}.DLL ASM Debug|x64.Build.0 = DLL ASM Debug|x64
		{3DFA7E9D-06E8-431B-B063-93CD8BC2D2F5}.DLL ASM Release|Win32.ActiveCfg = DLL ASM Release|Win32
		{3DFA7E9D-06E8-431B-B063-93CD8BC2D2F5}.DLL ASM Release|Win32.Build.0 = DLL ASM Release|Win32
		{3DFA7E9D-06E8-431B-B063-93CD8BC2D2F5}.DLL ASM Release|x64.ActiveCfg = DLL ASM Release|x64
		{3DFA7E9D-06E8-431B-B063-93CD8BC2D2F5}.DLL ASM Release|x64.Build.0 = DLL ASM Release|x64
		{3DFA7E9D-06E8-431B-B063-93CD8BC2D2F5}.DLL Debug|Win32.ActiveCfg = DLL Debug|Win32
		{3DFA7E9D-06E8-431B-B063-93CD8BC2D2F5}.DLL Debug|Win32.Build.0 = DLL Debug|Win32
		{3DFA7E9D-06E8-431B-B063-93CD8BC2D2F5}.DLL Debug|x64.ActiveCfg = DLL Debug|x64
		{3DFA7E9D-06E8-431B-B063-93CD8BC2D2F5}.DLL Debug|x64.Build.0 = DLL Debug|x64
		{3DFA7E9D-06E8-431B-B063-93CD8BC2D2F5}.DLL Release|Win32.ActiveCfg = DLL Release|Win32
		{3DFA7E9D-06E8-431B-B063-93CD8BC2D2F5}.DLL Release|Win32.Build.0 = DLL Release|Win32
		{3DFA7E9D-06E8-431B-B063-93CD8BC2D2F5}.DLL Release|x64.ActiveCfg = DLL Release|x64
		{3DFA7E9D-06E8-431B-B063-93CD8BC2D2F5}.DLL Release|x64.Build.0 = DLL Release|x64
		{3DFA7E9D-06E8-431B-B063-93CD8BC2D2F5}.DLL VB|Win32.ActiveCfg = DLL Release|x64
		{3DFA7E9D-06E8-431B-B063-93CD8BC2D2F5}.DLL VB|x64.ActiveCfg = DLL Release|x64
		{3DFA7E9D-06E8-431B-B063-93CD8BC2D2F5}.DLL VB|x64.Build.0 = DLL Release|x64
		{3DFA7E9D-06E8-431B-B063-93CD8BC2D2F5}.LIB ASM Debug|Win32.ActiveCfg = LIB ASM Debug|Win32
		{3DFA7E9D-06E8-431B-B063-93CD8BC2D2F5}.LIB ASM Debug|Win32.Build.0 = LIB ASM Debug|Win32
		{3DFA7E9D-06E8-431B-B063-93CD8BC2D2F5}.LIB ASM Debug|x64.ActiveCfg = LIB ASM Debug|x64
		{3DFA7E9D-06E8-431B-B063-93CD8BC2D2F5}.LIB ASM Debug|x64.Build.0 = LIB ASM Debug|x64
		{3DFA7E9D-06E8-431B-B063-93CD8BC2D2F5}.LIB ASM Release|Win32.ActiveCfg = LIB ASM Release|Win32
		{3DFA7E9D-06E8-431B-B063-93CD8BC2D2F5}.LIB ASM Release|Win32.Build.0 = LIB ASM Release|Win32
		{3DFA7E9D-06E8-431B-B063-93CD8BC2D2F5}.LIB ASM Release|x64.ActiveCfg = LIB ASM Release|x64
		{3DFA7E9D-06E8-431B-B063-93CD8BC2D2F5}.LIB ASM Release|x64.Build.0 = LIB ASM Release|x64
		{3DFA7E9D-06E8-431B-B063-93CD8BC2D2F5}.LIB Debug|Win32.ActiveCfg = LIB Debug|Win32
		{3DFA7E9D-06E8-431B-B063-93CD8BC2D2F5}.LIB Debug|Win32.Build.0 = LIB Debug|Win32
		{3DFA7E9D-06E8-431B-B063-93CD8BC2D2F5}.LIB Debug|x64.ActiveCfg = LIB Debug|x64
		{3DFA7E9D-06E8-431B-B063-93CD8BC2D2F5}.LIB Debug|x64.Build.0 = LIB Debug|x64
		{3DFA7E9D-06E8-431B-B063-93CD8BC2D2F5}.LIB Release|Win32.ActiveCfg = LIB Release|Win32
		{3DFA7E9D-06E8-431B-B063-93CD8BC2D2F5}.LIB Release|Win32.Build.0 = LIB Release|Win32
		{3DFA7E9D-06E8-431B-B063-93CD8BC2D2F5}.LIB Release|x64.ActiveCfg = LIB Release|x64
		{3DFA7E9D-06E8-431B-B063-93CD8BC2D2F5}.LIB Release|x64.Build.0 = LIB Release|x64
		{3DFA7E9D-06E8-431B-B063-93CD8BC2D2F5}.Release|Win32.ActiveCfg = LIB Release|Win32
		{3DFA7E9D-06E8-431B-B063-93CD8BC2D2F5}.Release|Win32.Build.0 = LIB Release|Win32
		{3DFA7E9D-06E8-431B-B063-93CD8BC2D2F5}.Release|x64.ActiveCfg = LIB Release|x64
		{3DFA7E9D-06E8-431B-B063-93CD8BC2D2F5}.Release|x64.Build.0 = LIB Release|x64
		{3DFA7E9D-06E8-431B-B063-93CD8BC2D2F5}.ReleaseRTTI|Win32.ActiveCfg = DLL Release|x64
		{3DFA7E9D-06E8-431B-B063-93CD8BC2D2F5}.ReleaseRTTI|x64.ActiveCfg = DLL Release|x64
		{3DFA7E9D-06E8-431B-B063-93CD8BC2D2F5}.ReleaseRTTI|x64.Build.0 = DLL Release|x64
		{BD3D2091-75AD-4D59-AE7D-33CD3613DC54}.Debug|Win32.ActiveCfg = Debug|Win32
		{BD3D2091-75AD-4D59-AE7D-33CD3613DC54}.Debug|Win32.Build.0 = Debug|Win32
		{BD3D2091-75AD-4D59-AE7D-33CD3613DC54}.Debug|x64.ActiveCfg = Debug|x64
		{BD3D2091-75AD-4D59-AE7D-33CD3613DC54}.Debug|x64.Build.0 = Debug|x64
		{BD3D2091-75AD-4D59-AE7D-33CD3613DC54}.DLL ASM Debug|Win32.ActiveCfg = Debug|Win32
		{BD3D2091-75AD-4D59-AE7D-33CD3613DC54}.DLL ASM Debug|Win32.Build.0 = Debug|Win32
		{BD3D2091-75AD-4D59-AE7D-33CD3613DC54}.DLL ASM Debug|x64.ActiveCfg = Debug|x64
		{BD3D2091-75AD-4D59-AE7D-33CD3613DC54}.DLL ASM Debug|x64.Build.0 = Debug|x64
		{BD3D2091-75AD-4D59-AE7D-33CD3613DC54}.DLL ASM Release|Win32.ActiveCfg = Release|Win32
		{BD3D2091-75AD-4D59-AE7D-33CD3613DC54}.DLL ASM Release|Win32.Build.0 = Release|Win32
		{BD3D2091-75AD-4D59-AE7D-33CD3613DC54}.DLL ASM Release|x64.ActiveCfg = Release|x64
		{BD3D2091-75AD-4D59-AE7D-33CD3613DC54}.DLL ASM Release|x64.Build.0 = Release|x64
		{BD3D2091-75AD-4D59-AE7D-33CD3613DC54}.DLL Debug|Win32.ActiveCfg = Debug|Win32
		{BD3D2091-75AD-4D59-AE7D-33CD3613DC54}.DLL Debug|Win32.Build.0 = Debug|Win32
		{BD3D2091-75AD-4D59-AE7D-33CD3613DC54}.DLL Debug|x64.ActiveCfg = Debug|x64
		{BD3D2091-75AD-4D59-AE7D-33CD3613DC54}.DLL Debug|x64.Build.0 = Debug|x64
		{BD3D2091-75AD-4D59-AE7D-33CD3613DC54}.DLL Release|Win32.ActiveCfg = Release|Win32
		{BD3D2091-75AD-4D59-AE7D-33CD3613DC54}.DLL Release|Win32.Build.0 = Release|Win32
		{BD3D2091-75AD-4D59-AE7D-33CD3613DC54}.DLL Release|x64.ActiveCfg = Release|x64
		{BD3D2091-75AD-4D59-AE7D-33CD3613DC54}.DLL Release|x64.Build.0 = Release|x64
		{BD3D2091-75AD-4D59-AE7D-33CD3613DC54}.DLL VB|Win32.ActiveCfg = Debug|x64
		{BD3D2091-75AD-4D59-AE7D-33CD3613DC54}.DLL VB|x64.ActiveCfg = Debug|x64
		{BD3D2091-75AD-4D59-AE7D-33CD3613DC54}.DLL VB|x64.Build.0 = Debug|x64
		{BD3D2091-75AD-4D59-AE7D-33CD3613DC54}.LIB ASM Debug|Win32.ActiveCfg = Debug|Win32
		{BD3D2091-75AD-4D59-AE7D-33CD3613DC54}.LIB ASM Debug|Win32.Build.0 = Debug|Win32
		{BD3D2091-75AD-4D59-AE7D-33CD3613DC54}.LIB ASM Debug|x64.ActiveCfg = Debug|x64
		{BD3D2091-75AD-4D59-AE7D-33CD3613DC54}.LIB ASM Debug|x64.Build.0 = Debug|x64
		{BD3D2091-75AD-4D59-AE7D-33CD3613DC54}.LIB ASM Release|Win32.ActiveCfg = Release|Win32
		{BD3D2091-75AD-4D59-AE7D-33CD3613DC54}.LIB ASM Release|Win32.Build.0 = Release|Win32
		{BD3D2091-75AD-4D59-AE7D-33CD3613DC54}.LIB ASM Release|x64.ActiveCfg = Release|x64
		{BD3D2091-75AD-4D59-AE7D-33CD3613DC54}.LIB ASM Release|x64.Build.0 = Release|x64
		{BD3D2091-75AD-4D59-AE7D-33CD3613DC54}.LIB Debug|Win32.ActiveCfg = Debug|Win32
		{BD3D2091-75AD-4D59-AE7D-33CD3613DC54}.LIB Debug|Win32.Build.0 = Debug|Win32
		{BD3D2091-75AD-4D59-AE7D-33CD3613DC54}.LIB Debug|x64.ActiveCfg = Debug|x64
		{BD3D2091-75AD-4D59-AE7D-33CD3613DC54}.LIB Debug|x64.Build.0 = Debug|x64
		{BD3D2091-75AD-4D59-AE7D-33CD3613DC54}.LIB Release|Win32.ActiveCfg = Release|Win32
		{BD3D2091-75AD-4D59-AE7D-33CD3613DC54}.LIB Release|Win32.Build.0 = Release|Win32
		{BD3D2091-75AD-4D59-AE7D-33CD3613DC54}.LIB Release|x64.ActiveCfg = Release|x64
		{BD3D2091-75AD-4D59-AE7D-33CD3613DC54}.LIB Release|x64.Build.0 = Release|x64
		{BD3D2091-75AD-4D59-AE7D-33CD3613DC54}.Release|Win32.ActiveCfg = Release|Win32
		{BD3D2091-75AD-4D59-AE7D-33CD3613DC54}.Release|Win32.Build.0 = Release|Win32
		{BD3D2091-75AD-4D59-AE7D-33CD3613DC54}.Release|x64.ActiveCfg = Release|x64
		{BD3D2091-75AD-4D59-AE7D-33CD3613DC54}.Release|x64.Build.0 = Release|x64
		{BD3D2091-75AD-4D59-AE7D-33CD3613DC54}.ReleaseRTTI|Win32.ActiveCfg = ReleaseRTTI|Win32
		{BD3D2091-75AD-4D59-AE7D-33CD3613DC54}.ReleaseRTTI|Win32.Build.0 = ReleaseRTTI|Win32
		{BD3D2091-75AD-4D59-AE7D-33CD3613DC54}.ReleaseRTTI|x64.ActiveCfg = ReleaseRTTI|x64
		{BD3D2091-75AD-4D59-AE7D-33CD3613DC54}.ReleaseRTTI|x64.Build.0 = ReleaseRTTI|x64
		{66B080B3-BC89-491B-A411-772E4708F277}.Debug|Win32.ActiveCfg = Debug|Win32
		{66B080B3-BC89-491B-A411-772E4708F277}.Debug|Win32.Build.0 = Debug|Win32
		{66B080B3-BC89-491B-A411-772E4708F277}.Debug|x64.ActiveCfg = Debug|x64
		{66B080B3-BC89-491B-A411-772E4708F277}.Debug|x64.Build.0 = Debug|x64
		{66B080B3-BC89-491B-A411-772E4708F277}.DLL ASM Debug|Win32.ActiveCfg = Debug|Win32
		{66B080B3-BC89-491B-A411-772E4708F277}.DLL ASM Debug|Win32.Build.0 = Debug|Win32
		{66B080B3-BC89-491B-A411-772E4708F277}.DLL ASM Debug|x64.ActiveCfg = Debug|x64
		{66B080B3-BC89-491B-A411-772E4708F277}.DLL ASM Debug|x64.Build.0 = Debug|x64
		{66B080B3-BC89-491B-A411-772E4708F277}.DLL ASM Release|Win32.ActiveCfg = Release|Win32
		{66B080B3-BC89-491B-A411-772E4708F277}.DLL ASM Release|Win32.Build.0 = Release|Win32
		{66B080B3-BC89-491B-A411-772E4708F277}.DLL ASM Release|x64.ActiveCfg = Release|x64
		{66B080B3-BC89-491B-A411-772E4708F277}.DLL ASM Release|x64.Build.0 = Release|x64
		{66B080B3-BC89-491B-A411-772E4708F277}.DLL Debug|Win32.ActiveCfg = Debug|Win32
		{66B080B3-BC89-491B-A411-772E4708F277}.DLL Debug|Win32.Build.0 = Debug|Win32
		{66B080B3-BC89-491B-A411-772E4708F277}.DLL Debug|x64.ActiveCfg = Debug|x64
		{66B080B3-BC89-491B-A411-772E4708F277}.DLL Debug|x64.Build.0 = Debug|x64
		{66B080B3-BC89-491B-A411-772E4708F277}.DLL Release|Win32.ActiveCfg = Release|Win32
		{66B080B3-BC89-491B-A411-772E4708F277}.DLL Release|Win32.Build.0 = Release|Win32
		{66B080B3-BC89-491B-A411-772E4708F277}.DLL Release|x64.ActiveCfg = Release|x64
		{66B080B3-BC89-491B-A411-772E4708F277}.DLL Release|x64.Build.0 = Release|x64
		{66B080B3-BC89-491B-A411-772E4708F277}.DLL VB|Win32.ActiveCfg = Debug|x64
		{66B080B3-BC89-491B-A411-772E4708F277}.DLL VB|x64.ActiveCfg = Debug|x64
		{66B080B3-BC89-491B-A411-772E4708F277}.DLL VB|x64.Build.0 = Debug|x64
		{66B080B3-BC89-491B-A411-772E4708F277}.LIB ASM Debug|Win32.ActiveCfg = Debug|Win32
		{66B080B3-BC89-491B-A411-772E4708F277}.LIB ASM Debug|Win32.Build.0 = Debug|Win32
		{66B080B3-BC89-491B-A411-772E4708F277}.LIB ASM Debug|x64.ActiveCfg = Debug|x64
		{66B080B3-BC89-491B-A411-772E4708F277}.LIB ASM Debug|x64.Build.0 = Debug|x64
		{66B080B3-BC89-491B-A411-772E4708F277}.LIB ASM Release|Win32.ActiveCfg = Release|Win32
		{66B080B3-BC89-491B-A411-772E4708F277}.LIB ASM Release|Win32.Build.0 = Release|Win32
		{66B080B3-BC89-491B-A411-772E4708F277}.LIB ASM Release|x64.ActiveCfg = Release|x64
		{66B080B3-BC89-491B-A411-772E4708F277}.LIB ASM Release|x64.Build.0 = Release|x64
		{66B080B3-BC89-491B-A411-772E4708F277}.LIB Debug|Win32.ActiveCfg = Debug|Win32
		{66B080B3-BC89-491B-A411-772E4708F277}.LIB Debug|Win32.Build.0 = Debug|Win32
		{66B080B3-BC89-491B-A411-772E4708F277}.LIB Debug|x64.ActiveCfg = Debug|x64
		{66B080B3-BC89-491B-A411-772E4708F277}.LIB Debug|x64.Build.0 = Debug|x64
		{66B080B3-BC89-491B-A411-772E4708F277}.LIB Release|Win32.ActiveCfg = Release|Win32
		{66B080B3-BC89-491B-A411-772E4708F277}.LIB Release|Win32.Build.0 = Release|Win32
		{66B080B3-BC89-491B-A411-772E4708F277}.LIB Release|x64.ActiveCfg = Release|x64
		{66B080B3-BC89-491B-A411-772E4708F277}.LIB Release|x64.Build.0 = Release|x64
		{66B080B3-BC89-491B-A411-772E4708F277}.Release|Win32.ActiveCfg = Release|Win32
		{66B080B3-BC89-491B-A411-772E4708F277}.Release|Win32.Build.0 = Release|Win32
		{66B080B3-BC89-491B-A411-772E4708F277}.Release|x64.ActiveCfg = Release|x64
		{66B080B3-BC89-491B-A411-772E4708F277}.Release|x64.Build.0 = Release|x64
		{66B080B3-BC89-491B-A411-772E4708F277}.ReleaseRTTI|Win32.ActiveCfg = Release|x64
		{66B080B3-BC89-491B-A411-772E4708F277}.ReleaseRTTI|x64.ActiveCfg = Release|x64
		{66B080B3-BC89-491B-A411-772E4708F277}.ReleaseRTTI|x64.Build.0 = Release|x64
		{B7D1044C-39AC-46D0-ADF8-8D6EA40B21A8}.Debug|Win32.ActiveCfg = Debug|Win32
		{B7D1044C-39AC-46D0-ADF8-8D6EA40B21A8}.Debug|Win32.Build.0 = Debug|Win32
		{B7D1044C-39AC-46D0-ADF8-8D6EA40B21A8}.Debug|x64.ActiveCfg = Debug|x64
		{B7D1044C-39AC-46D0-ADF8-8D6EA40B21A8}.Debug|x64.Build.0 = Debug|x64
		{B7D1044C-39AC-46D0-ADF8-8D6EA40B21A8}.DLL ASM Debug|Win32.ActiveCfg = Debug|Win32
		{B7D1044C-39AC-46D0-ADF8-8D6EA40B21A8}.DLL ASM Debug|Win32.Build.0 = Debug|Win32
		{B7D1044C-39AC-46D0-ADF8-8D6EA40B21A8}.DLL ASM Debug|x64.ActiveCfg = Debug|x64
		{B7D1044C-39AC-46D0-ADF8-8D6EA40B21A8}.DLL ASM Debug|x64.Build.0 = Debug|x64
		{B7D1044C-39AC-46D0-ADF8-8D6EA40B21A8}.DLL ASM Release|Win32.ActiveCfg = Release|Win32
		{B7D1044C-39AC-46D0-ADF8-8D6EA40B21A8}.DLL ASM Release|Win32.Build.0 = Release|Win32
		{B7D1044C-39AC-46D0-ADF8-8D6EA40B21A8}.DLL ASM Release|x64.ActiveCfg = Release|x64
		{B7D1044C-39AC-46D0-ADF8-8D6EA40B21A8}.DLL ASM Release|x64.Build.0 = Release|x64
		{B7D1044C-39AC-46D0-ADF8-8D6EA40B21A8}.DLL Debug|Win32.ActiveCfg = Debug|Win32
		{B7D1044C-39AC-46D0-ADF8-8D6EA40B21A8}.DLL Debug|Win32.Build.0 = Debug|Win32
		{B7D1044C-39AC-46D0-ADF8-8D6EA40B21A8}.DLL Debug|x64.ActiveCfg = Debug|x64
		{B7D1044C-39AC-46D0-ADF8-8D6EA40B21A8}.DLL Debug|x64.Build.0 = Debug|x64
		{B7D1044C-39AC-46D0-ADF8-8D6EA40B21A8}.DLL Release|Win32.ActiveCfg = Release|Win32
		{B7D1044C-39AC-46D0-ADF8-8D6EA40B21A8}.DLL Release|Win32.Build.0 = Release|Win32
		{B7D1044C-39AC-46D0-ADF8-8D6EA40B21A8}.DLL Release|x64.ActiveCfg = Release|x64
		{B7D1044C-39AC-46D0-ADF8-8D6EA40B21A8}.DLL Release|x64.Build.0 = Release|x64
		{B7D1044C-39AC-46D0-ADF8-8D6EA40B21A8}.DLL VB|Win32.ActiveCfg = Debug|x64
		{B7D1044C-39AC-46D0-ADF8-8D6EA40B21A8}.DLL VB|x64.ActiveCfg = Debug|x64
		{B7D1044C-39AC-46D0-ADF8-8D6EA40B21A8}.DLL VB|x64.Build.0 = Debug|x64
		{B7D1044C-39AC-46D0-ADF8-8D6EA40B21A8}.LIB ASM Debug|Win32.ActiveCfg = Debug|Win32
		{B7D1044C-39AC-46D0-ADF8-8D6EA40B21A8}.LIB ASM Debug|Win32.Build.0 = Debug|Win32
		{B7D1044C-39AC-46D0-ADF8-8D6EA40B21A8}.LIB ASM Debug|x64.ActiveCfg = Debug|x64
		{B7D1044C-39AC-46D0-ADF8-8D6EA40B21A8}.LIB ASM Debug|x64.Build.0 = Debug|x64
		{B7D1044C-39AC-46D0-ADF8-8D6EA40B21A8}.LIB ASM Release|Win32.ActiveCfg = Release|Win32
		{B7D1044C-39AC-46D0-ADF8-8D6EA40B21A8}.LIB ASM Release|Win32.Build.0 = Release|Win32
		{B7D1044C-39AC-46D0-ADF8-8D6EA40B21A8}.LIB ASM Release|x64.ActiveCfg = Release|x64
		{B7D1044C-39AC-46D0-ADF8-8D6EA40B21A8}.LIB ASM Release|x64.Build.0 = Release|x64
		{B7D1044C-39AC-46D0-ADF8-8D6EA40B21A8}.LIB Debug|Win32.ActiveCfg = Debug|Win32
		{B7D1044C-39AC-46D0-ADF8-8D6EA40B21A8}.LIB Debug|Win32.Build.0 = Debug|Win32
		{B7D1044C-39AC-46D0-ADF8-8D6EA40B21A8}.LIB Debug|x64.ActiveCfg = Debug|x64
		{B7D1044C-39AC-46D0-ADF8-8D6EA40B21A8}.LIB Debug|x64.Build.0 = Debug|x64
		{B7D1044C-39AC-46D0-ADF8-8D6EA40B21A8}.LIB Release|Win32.ActiveCfg = Release|Win32
		{B7D1044C-39AC-46D0-ADF8-8D6EA40B21A8}.LIB Release|Win32.Build.0 = Release|Win32
		{B7D1044C-39AC-46D0-ADF8-8D6EA40B21A8}.LIB Release|x64.ActiveCfg = Release|x64
		{B7D1044C-39AC-46D0-ADF8-8D6EA40B21A8}.LIB Release|x64.Build.0 = Release|x64
		{B7D1044C-39AC-46D0-ADF8-8D6EA40B21A8}.Release|Win32.ActiveCfg = Release|Win32
		{B7D1044C-39AC-46D0-ADF8-8D6EA40B21A8}.Release|Win32.Build.0 = Release|Win32
		{B7D1044C-39AC-46D0-ADF8-8D6EA40B21A8}.Release|x64.ActiveCfg = Release|x64
		{B7D1044C-39AC-46D0-ADF8-8D6EA40B21A8}.Release|x64.Build.0 = Release|x64
		{B7D1044C-39AC-46D0-ADF8-8D6EA40B21A8}.ReleaseRTTI|Win32.ActiveCfg = Release|x64
		{B7D1044C-39AC-46D0-ADF8-8D6EA40B21A8}.ReleaseRTTI|x64.ActiveCfg = Release|x64
		{B7D1044C-39AC-46D0-ADF8-8D6EA40B21A8}.ReleaseRTTI|x64.Build.0 = Release|x64
		{0008960E-E0DD-41A6-8265-00B31DDB4C21}.Debug|Win32.ActiveCfg = LIB Debug|Win32
		{0008960E-E0DD-41A6-8265-00B31DDB4C21}.Debug|Win32.Build.0 = LIB Debug|Win32
		{0008960E-E0DD-41A6-8265-00B31DDB4C21}.Debug|x64.ActiveCfg = LIB Debug|x64
		{0008960E-E0DD-41A6-8265-00B31DDB4C21}.Debug|x64.Build.0 = LIB Debug|x64
		{0008960E-E0DD-41A6-8265-00B31DDB4C21}.DLL ASM Debug|Win32.ActiveCfg = DLL VB|x64
		{0008960E-E0DD-41A6-8265-00B31DDB4C21}.DLL ASM Debug|x64.ActiveCfg = DLL VB|x64
		{0008960E-E0DD-41A6-8265-00B31DDB4C21}.DLL ASM Debug|x64.Build.0 = DLL VB|x64
		{0008960E-E0DD-41A6-8265-00B31DDB4C21}.DLL ASM Release|Win32.ActiveCfg = DLL VB|x64
		{0008960E-E0DD-41A6-8265-00B31DDB4C21}.DLL ASM Release|x64.ActiveCfg = DLL VB|x64
		{0008960E-E0DD-41A6-8265-00B31DDB4C21}.DLL ASM Release|x64.Build.0 = DLL VB|x64
		{0008960E-E0DD-41A6-8265-00B31DDB4C21}.DLL Debug|Win32.ActiveCfg = DLL Debug|Win32
		{0008960E-E0DD-41A6-8265-00B31DDB4C21}.DLL Debug|Win32.Build.0 = DLL Debug|Win32
		{0008960E-E0DD-41A6-8265-00B31DDB4C21}.DLL Debug|x64.ActiveCfg = DLL Debug|x64
		{0008960E-E0DD-41A6-8265-00B31DDB4C21}.DLL Debug|x64.Build.0 = DLL Debug|x64
		{0008960E-E0DD-41A6-8265-00B31DDB4C21}.DLL Release|Win32.ActiveCfg = DLL Release|Win32
		{0008960E-E0DD-41A6-8265-00B31DDB4C21}.DLL Release|Win32.Build.0 = DLL Release|Win32
		{0008960E-E0DD-41A6-8265-00B31DDB4C21}.DLL Release|x64.ActiveCfg = DLL Release|x64
		{0008960E-E0DD-41A6-8265-00B31DDB4C21}.DLL Release|x64.Build.0 = DLL Release|x64
		{0008960E-E0DD-41A6-8265-00B31DDB4C21}.DLL VB|Win32.ActiveCfg = DLL VB|Win32
		{0008960E-E0DD-41A6-8265-00B31DDB4C21}.DLL VB|Win32.Build.0 = DLL VB|Win32
		{0008960E-E0DD-41A6-8265-00B31DDB4C21}.DLL VB|x64.ActiveCfg = DLL VB|x64
		{0008960E-E0DD-41A6-8265-00B31DDB4C21}.DLL VB|x64.Build.0 = DLL VB|x64
		{0008960E-E0DD-41A6-8265-00B31DDB4C21}.LIB ASM Debug|Win32.ActiveCfg = LIB Debug|x64
		{0008960E-E0DD-41A6-8265-00B31DDB4C21}.LIB ASM Debug|x64.ActiveCfg = LIB Debug|x64
		{0008960E-E0DD-41A6-8265-00B31DDB4C21}.LIB ASM Debug|x64.Build.0 = LIB Debug|x64
		{0008960E-E0DD-41A6-8265-00B31DDB4C21}.LIB ASM Release|Win32.ActiveCfg = LIB Debug|x64
		{0008960E-E0DD-41A6-8265-00B31DDB4C21}.LIB ASM Release|x64.ActiveCfg = LIB Debug|x64
		{0008960E-E0DD-41A6-8265-00B31DDB4C21}.LIB ASM Release|x64.Build.0 = LIB Debug|x64
		{0008960E-E0DD-41A6-8265-00B31DDB4C21}.LIB Debug|Win32.ActiveCfg = LIB Debug|Win32
		{0008960E-E0DD-41A6-8265-00B31DDB4C21}.LIB Debug|Win32.Build.0 = LIB Debug|Win32
		{0008960E-E0DD-41A6-8265-00B31DDB4C21}.LIB Debug|x64.ActiveCfg = LIB Debug|x64
		{0008960E-E0DD-41A6-8265-00B31DDB4C21}.LIB Debug|x64.Build.0 = LIB Debug|x64
		{0008960E-E0DD-41A6-8265-00B31DDB4C21}.LIB Release|Win32.ActiveCfg = LIB Release|Win32
		{0008960E-E0DD-41A6-8265-00B31DDB4C21}.LIB Release|Win32.Build.0 = LIB Release|Win32
		{0008960E-E0DD-41A6-8265-00B31DDB4C21}.LIB Release|x64.ActiveCfg = LIB Release|x64
		{0008960E-E0DD-41A6-8265-00B31DDB4C21}.LIB Release|x64.Build.0 = LIB Release|x64
		{0008960E-E0DD-41A6-8265-00B31DDB4C21}.Release|Win32.ActiveCfg = LIB Release|Win32
		{0008960E-E0DD-41A6-8265-00B31DDB4C21}.Release|Win32.Build.0 = LIB Release|Win32
		{0008960E-E0DD-41A6-8265-00B31DDB4C21}.Release|x64.ActiveCfg = LIB Release|x64
		{0008960E-E0DD-41A6-8265-00B31DDB4C21}.Release|x64.Build.0 = LIB Release|x64
		{0008960E-E0DD-41A6-8265-00B31DDB4C21}.ReleaseRTTI|Win32.ActiveCfg = LIB Debug|x64
		{0008960E-E0DD-41A6-8265-00B31DDB4C21}.ReleaseRTTI|x64.ActiveCfg = LIB Debug|x64
		{0008960E-E0DD-41A6-8265-00B31DDB4C21}.ReleaseRTTI|x64.Build.0 = LIB Debug|x64
	EndGlobalSection
	GlobalSection(SolutionProperties) = preSolution
		HideSolutionNode = FALSE
	EndGlobalSection
EndGlobal
