<?xml version="1.0" encoding="utf-8"?>
<Project ToolsVersion="4.0" xmlns="http://schemas.microsoft.com/developer/msbuild/2003">
  <ItemGroup>
    <Filter Include="Sources">
      <UniqueIdentifier>{07a0f0a7-f9d6-44d9-81b7-c233ed838634}</UniqueIdentifier>
      <Extensions>cpp;c;cxx;def;odl;idl;hpj;bat;asm</Extensions>
    </Filter>
    <Filter Include="Headers">
      <UniqueIdentifier>{fde3d62a-957d-4d10-800b-d35e5874d301}</UniqueIdentifier>
      <Extensions>h;hpp;hxx;hm;inl;inc</Extensions>
    </Filter>
  </ItemGroup>
  <ItemGroup>
    <ClCompile Include="..\motioner.cpp">
      <Filter>Sources</Filter>
    </ClCompile>
    <ClCompile Include="..\ysdnmmot.cpp">
      <Filter>Sources</Filter>
    </ClCompile>
    <ClCompile Include="..\yssurf.cpp">
      <Filter>Sources</Filter>
    </ClCompile>
    <ClCompile Include="..\yssurfdraw.c">
      <Filter>Sources</Filter>
    </ClCompile>
    <ClCompile Include="..\..\src\mqo.cpp">
      <Filter>Sources</Filter>
    </ClCompile>
    <ClCompile Include="..\..\src\dstring.cpp">
      <Filter>Sources</Filter>
    </ClCompile>
    <ClCompile Include="..\..\src\mqodraw.cpp">
      <Filter>Sources</Filter>
    </ClCompile>
  </ItemGroup>
  <ItemGroup>
    <ClInclude Include="..\mqo.h">
      <Filter>Headers</Filter>
    </ClInclude>
    <ClInclude Include="..\ysdnmmot.h">
      <Filter>Headers</Filter>
    </ClInclude>
    <ClInclude Include="..\yssurf.h">
      <Filter>Headers</Filter>
    </ClInclude>
    <ClInclude Include="..\antiglut.h">
      <Filter>Headers</Filter>
    </ClInclude>
    <ClInclude Include="..\export.h">
      <Filter>Headers</Filter>
    </ClInclude>
    <ClInclude Include="..\motion.h">
      <Filter>Headers</Filter>
    </ClInclude>
  </ItemGroup>
</Project>