
Microsoft Visual Studio Solution File, Format Version 12.00
# Visual Studio 2012
Project("{8BC9CEB8-8B4A-11D0-8D11-00A0C91BC942}") = "gltestdll", "..\gltestdll\VC2010\gltestdll.vcxproj", "{E85222DE-B358-457D-BA79-59E88FFB3D29}"
	ProjectSection(ProjectDependencies) = postProject
		{462CC813-F69E-4A84-A9AE-E12E2C9EC802} = {462CC813-F69E-4A84-A9AE-E12E2C9EC802}
		{1A8205B2-74DA-D62A-063D-FFBD39B4E30C} = {1A8205B2-74DA-D62A-063D-FFBD39B4E30C}
		{627D5FD6-0FFA-C8E6-31E6-0D6773EB6623} = {627D5FD6-0FFA-C8E6-31E6-0D6773EB6623}
	EndProjectSection
EndProject
Project("{8BC9CEB8-8B4A-11D0-8D11-00A0C91BC942}") = "clib", "..\..\clib\VC2010\clib.vcxproj", "{462CC813-F69E-4A84-A9AE-E12E2C9EC802}"
EndProject
Project("{8BC9CEB8-8B4A-11D0-8D11-00A0C91BC942}") = "cpplib", "..\..\cpplib\VC2010\cpplib.vcxproj", "{1A8205B2-74DA-D62A-063D-FFBD39B4E30C}"
	ProjectSection(ProjectDependencies) = postProject
		{462CC813-F69E-4A84-A9AE-E12E2C9EC802} = {462CC813-F69E-4A84-A9AE-E12E2C9EC802}
	EndProjectSection
EndProject
Project("{8BC9CEB8-8B4A-11D0-8D11-00A0C91BC942}") = "gltestplus", "gltestplus.vcxproj", "{627D5FD6-0FFA-C8E6-31E6-0D6773EB6623}"
	ProjectSection(ProjectDependencies) = postProject
		{1A8205B2-74DA-D62A-063D-FFBD39B4E30C} = {1A8205B2-74DA-D62A-063D-FFBD39B4E30C}
	EndProjectSection
EndProject
Project("{8BC9CEB8-8B4A-11D0-8D11-00A0C91BC942}") = "squirrel", "..\..\SQUIRREL3\squirrel\squirrel.vcxproj", "{66B080B3-BC89-491B-A411-772E4708F277}"
EndProject
Project("{8BC9CEB8-8B4A-11D0-8D11-00A0C91BC942}") = "sqstdlib", "..\..\SQUIRREL3\sqstdlib\sqstdlib.vcxproj", "{B7D1044C-39AC-46D0-ADF8-8D6EA40B21A8}"
EndProject
Global
	GlobalSection(SolutionConfigurationPlatforms) = preSolution
		Debug|Win32 = Debug|Win32
		Debug|x64 = Debug|x64
		MinSizeRel|Win32 = MinSizeRel|Win32
		MinSizeRel|x64 = MinSizeRel|x64
		Release|Win32 = Release|Win32
		Release|x64 = Release|x64
		RelWithDebInfo|Win32 = RelWithDebInfo|Win32
		RelWithDebInfo|x64 = RelWithDebInfo|x64
		Template|Win32 = Template|Win32
		Template|x64 = Template|x64
	EndGlobalSection
	GlobalSection(ProjectConfigurationPlatforms) = postSolution
		{E85222DE-B358-457D-BA79-59E88FFB3D29}.Debug|Win32.ActiveCfg = Debug|Win32
		{E85222DE-B358-457D-BA79-59E88FFB3D29}.Debug|Win32.Build.0 = Debug|Win32
		{E85222DE-B358-457D-BA79-59E88FFB3D29}.Debug|x64.ActiveCfg = Debug|x64
		{E85222DE-B358-457D-BA79-59E88FFB3D29}.Debug|x64.Build.0 = Debug|x64
		{E85222DE-B358-457D-BA79-59E88FFB3D29}.MinSizeRel|Win32.ActiveCfg = Release|Win32
		{E85222DE-B358-457D-BA79-59E88FFB3D29}.MinSizeRel|x64.ActiveCfg = Release|x64
		{E85222DE-B358-457D-BA79-59E88FFB3D29}.Release|Win32.ActiveCfg = Release|Win32
		{E85222DE-B358-457D-BA79-59E88FFB3D29}.Release|Win32.Build.0 = Release|Win32
		{E85222DE-B358-457D-BA79-59E88FFB3D29}.Release|x64.ActiveCfg = Release|x64
		{E85222DE-B358-457D-BA79-59E88FFB3D29}.Release|x64.Build.0 = Release|x64
		{E85222DE-B358-457D-BA79-59E88FFB3D29}.RelWithDebInfo|Win32.ActiveCfg = Release|Win32
		{E85222DE-B358-457D-BA79-59E88FFB3D29}.RelWithDebInfo|x64.ActiveCfg = Release|x64
		{E85222DE-B358-457D-BA79-59E88FFB3D29}.Template|Win32.ActiveCfg = Release|Win32
		{E85222DE-B358-457D-BA79-59E88FFB3D29}.Template|Win32.Build.0 = Release|Win32
		{E85222DE-B358-457D-BA79-59E88FFB3D29}.Template|x64.ActiveCfg = Release|Win32
		{462CC813-F69E-4A84-A9AE-E12E2C9EC802}.Debug|Win32.ActiveCfg = Debug|Win32
		{462CC813-F69E-4A84-A9AE-E12E2C9EC802}.Debug|Win32.Build.0 = Debug|Win32
		{462CC813-F69E-4A84-A9AE-E12E2C9EC802}.Debug|x64.ActiveCfg = Debug|x64
		{462CC813-F69E-4A84-A9AE-E12E2C9EC802}.Debug|x64.Build.0 = Debug|x64
		{462CC813-F69E-4A84-A9AE-E12E2C9EC802}.MinSizeRel|Win32.ActiveCfg = Release|Win32
		{462CC813-F69E-4A84-A9AE-E12E2C9EC802}.MinSizeRel|Win32.Build.0 = Release|Win32
		{462CC813-F69E-4A84-A9AE-E12E2C9EC802}.MinSizeRel|x64.ActiveCfg = Debug|x64
		{462CC813-F69E-4A84-A9AE-E12E2C9EC802}.MinSizeRel|x64.Build.0 = Debug|x64
		{462CC813-F69E-4A84-A9AE-E12E2C9EC802}.Release|Win32.ActiveCfg = Release|Win32
		{462CC813-F69E-4A84-A9AE-E12E2C9EC802}.Release|Win32.Build.0 = Release|Win32
		{462CC813-F69E-4A84-A9AE-E12E2C9EC802}.Release|x64.ActiveCfg = Release|x64
		{462CC813-F69E-4A84-A9AE-E12E2C9EC802}.Release|x64.Build.0 = Release|x64
		{462CC813-F69E-4A84-A9AE-E12E2C9EC802}.RelWithDebInfo|Win32.ActiveCfg = Release|Win32
		{462CC813-F69E-4A84-A9AE-E12E2C9EC802}.RelWithDebInfo|Win32.Build.0 = Release|Win32
		{462CC813-F69E-4A84-A9AE-E12E2C9EC802}.RelWithDebInfo|x64.ActiveCfg = Release|x64
		{462CC813-F69E-4A84-A9AE-E12E2C9EC802}.RelWithDebInfo|x64.Build.0 = Release|x64
		{462CC813-F69E-4A84-A9AE-E12E2C9EC802}.Template|Win32.ActiveCfg = Release|Win32
		{462CC813-F69E-4A84-A9AE-E12E2C9EC802}.Template|Win32.Build.0 = Release|Win32
		{462CC813-F69E-4A84-A9AE-E12E2C9EC802}.Template|x64.ActiveCfg = Release|Win32
		{1A8205B2-74DA-D62A-063D-FFBD39B4E30C}.Debug|Win32.ActiveCfg = Debug|Win32
		{1A8205B2-74DA-D62A-063D-FFBD39B4E30C}.Debug|Win32.Build.0 = Debug|Win32
		{1A8205B2-74DA-D62A-063D-FFBD39B4E30C}.Debug|x64.ActiveCfg = Debug|x64
		{1A8205B2-74DA-D62A-063D-FFBD39B4E30C}.Debug|x64.Build.0 = Debug|x64
		{1A8205B2-74DA-D62A-063D-FFBD39B4E30C}.MinSizeRel|Win32.ActiveCfg = Release|Win32
		{1A8205B2-74DA-D62A-063D-FFBD39B4E30C}.MinSizeRel|Win32.Build.0 = Release|Win32
		{1A8205B2-74DA-D62A-063D-FFBD39B4E30C}.MinSizeRel|x64.ActiveCfg = Debug|x64
		{1A8205B2-74DA-D62A-063D-FFBD39B4E30C}.MinSizeRel|x64.Build.0 = Debug|x64
		{1A8205B2-74DA-D62A-063D-FFBD39B4E30C}.Release|Win32.ActiveCfg = Release|Win32
		{1A8205B2-74DA-D62A-063D-FFBD39B4E30C}.Release|Win32.Build.0 = Release|Win32
		{1A8205B2-74DA-D62A-063D-FFBD39B4E30C}.Release|x64.ActiveCfg = Release|x64
		{1A8205B2-74DA-D62A-063D-FFBD39B4E30C}.Release|x64.Build.0 = Release|x64
		{1A8205B2-74DA-D62A-063D-FFBD39B4E30C}.RelWithDebInfo|Win32.ActiveCfg = Release|Win32
		{1A8205B2-74DA-D62A-063D-FFBD39B4E30C}.RelWithDebInfo|Win32.Build.0 = Release|Win32
		{1A8205B2-74DA-D62A-063D-FFBD39B4E30C}.RelWithDebInfo|x64.ActiveCfg = Release|x64
		{1A8205B2-74DA-D62A-063D-FFBD39B4E30C}.RelWithDebInfo|x64.Build.0 = Release|x64
		{1A8205B2-74DA-D62A-063D-FFBD39B4E30C}.Template|Win32.ActiveCfg = Release|Win32
		{1A8205B2-74DA-D62A-063D-FFBD39B4E30C}.Template|Win32.Build.0 = Release|Win32
		{1A8205B2-74DA-D62A-063D-FFBD39B4E30C}.Template|x64.ActiveCfg = Release|Win32
		{627D5FD6-0FFA-C8E6-31E6-0D6773EB6623}.Debug|Win32.ActiveCfg = Debug|Win32
		{627D5FD6-0FFA-C8E6-31E6-0D6773EB6623}.Debug|Win32.Build.0 = Debug|Win32
		{627D5FD6-0FFA-C8E6-31E6-0D6773EB6623}.Debug|x64.ActiveCfg = Debug|x64
		{627D5FD6-0FFA-C8E6-31E6-0D6773EB6623}.Debug|x64.Build.0 = Debug|x64
		{627D5FD6-0FFA-C8E6-31E6-0D6773EB6623}.MinSizeRel|Win32.ActiveCfg = Release|Win32
		{627D5FD6-0FFA-C8E6-31E6-0D6773EB6623}.MinSizeRel|Win32.Build.0 = Release|Win32
		{627D5FD6-0FFA-C8E6-31E6-0D6773EB6623}.MinSizeRel|x64.ActiveCfg = Debug|x64
		{627D5FD6-0FFA-C8E6-31E6-0D6773EB6623}.MinSizeRel|x64.Build.0 = Debug|x64
		{627D5FD6-0FFA-C8E6-31E6-0D6773EB6623}.Release|Win32.ActiveCfg = Release|Win32
		{627D5FD6-0FFA-C8E6-31E6-0D6773EB6623}.Release|Win32.Build.0 = Release|Win32
		{627D5FD6-0FFA-C8E6-31E6-0D6773EB6623}.Release|x64.ActiveCfg = Release|x64
		{627D5FD6-0FFA-C8E6-31E6-0D6773EB6623}.Release|x64.Build.0 = Release|x64
		{627D5FD6-0FFA-C8E6-31E6-0D6773EB6623}.RelWithDebInfo|Win32.ActiveCfg = Release|Win32
		{627D5FD6-0FFA-C8E6-31E6-0D6773EB6623}.RelWithDebInfo|Win32.Build.0 = Release|Win32
		{627D5FD6-0FFA-C8E6-31E6-0D6773EB6623}.RelWithDebInfo|x64.ActiveCfg = Release|x64
		{627D5FD6-0FFA-C8E6-31E6-0D6773EB6623}.RelWithDebInfo|x64.Build.0 = Release|x64
		{627D5FD6-0FFA-C8E6-31E6-0D6773EB6623}.Template|Win32.ActiveCfg = Release|Win32
		{627D5FD6-0FFA-C8E6-31E6-0D6773EB6623}.Template|Win32.Build.0 = Release|Win32
		{627D5FD6-0FFA-C8E6-31E6-0D6773EB6623}.Template|x64.ActiveCfg = Release|Win32
		{66B080B3-BC89-491B-A411-772E4708F277}.Debug|Win32.ActiveCfg = Debug|Win32
		{66B080B3-BC89-491B-A411-772E4708F277}.Debug|Win32.Build.0 = Debug|Win32
		{66B080B3-BC89-491B-A411-772E4708F277}.Debug|x64.ActiveCfg = Debug|x64
		{66B080B3-BC89-491B-A411-772E4708F277}.Debug|x64.Build.0 = Debug|x64
		{66B080B3-BC89-491B-A411-772E4708F277}.MinSizeRel|Win32.ActiveCfg = Release|Win32
		{66B080B3-BC89-491B-A411-772E4708F277}.MinSizeRel|Win32.Build.0 = Release|Win32
		{66B080B3-BC89-491B-A411-772E4708F277}.MinSizeRel|x64.ActiveCfg = Release|x64
		{66B080B3-BC89-491B-A411-772E4708F277}.MinSizeRel|x64.Build.0 = Release|x64
		{66B080B3-BC89-491B-A411-772E4708F277}.Release|Win32.ActiveCfg = Release|Win32
		{66B080B3-BC89-491B-A411-772E4708F277}.Release|Win32.Build.0 = Release|Win32
		{66B080B3-BC89-491B-A411-772E4708F277}.Release|x64.ActiveCfg = Release|x64
		{66B080B3-BC89-491B-A411-772E4708F277}.Release|x64.Build.0 = Release|x64
		{66B080B3-BC89-491B-A411-772E4708F277}.RelWithDebInfo|Win32.ActiveCfg = Release|Win32
		{66B080B3-BC89-491B-A411-772E4708F277}.RelWithDebInfo|Win32.Build.0 = Release|Win32
		{66B080B3-BC89-491B-A411-772E4708F277}.RelWithDebInfo|x64.ActiveCfg = Release|x64
		{66B080B3-BC89-491B-A411-772E4708F277}.RelWithDebInfo|x64.Build.0 = Release|x64
		{66B080B3-BC89-491B-A411-772E4708F277}.Template|Win32.ActiveCfg = Release|Win32
		{66B080B3-BC89-491B-A411-772E4708F277}.Template|Win32.Build.0 = Release|Win32
		{66B080B3-BC89-491B-A411-772E4708F277}.Template|x64.ActiveCfg = Release|x64
		{66B080B3-BC89-491B-A411-772E4708F277}.Template|x64.Build.0 = Release|x64
		{B7D1044C-39AC-46D0-ADF8-8D6EA40B21A8}.Debug|Win32.ActiveCfg = Debug|Win32
		{B7D1044C-39AC-46D0-ADF8-8D6EA40B21A8}.Debug|Win32.Build.0 = Debug|Win32
		{B7D1044C-39AC-46D0-ADF8-8D6EA40B21A8}.Debug|x64.ActiveCfg = Debug|x64
		{B7D1044C-39AC-46D0-ADF8-8D6EA40B21A8}.Debug|x64.Build.0 = Debug|x64
		{B7D1044C-39AC-46D0-ADF8-8D6EA40B21A8}.MinSizeRel|Win32.ActiveCfg = Release|Win32
		{B7D1044C-39AC-46D0-ADF8-8D6EA40B21A8}.MinSizeRel|Win32.Build.0 = Release|Win32
		{B7D1044C-39AC-46D0-ADF8-8D6EA40B21A8}.MinSizeRel|x64.ActiveCfg = Release|x64
		{B7D1044C-39AC-46D0-ADF8-8D6EA40B21A8}.MinSizeRel|x64.Build.0 = Release|x64
		{B7D1044C-39AC-46D0-ADF8-8D6EA40B21A8}.Release|Win32.ActiveCfg = Release|Win32
		{B7D1044C-39AC-46D0-ADF8-8D6EA40B21A8}.Release|Win32.Build.0 = Release|Win32
		{B7D1044C-39AC-46D0-ADF8-8D6EA40B21A8}.Release|x64.ActiveCfg = Release|x64
		{B7D1044C-39AC-46D0-ADF8-8D6EA40B21A8}.Release|x64.Build.0 = Release|x64
		{B7D1044C-39AC-46D0-ADF8-8D6EA40B21A8}.RelWithDebInfo|Win32.ActiveCfg = Release|Win32
		{B7D1044C-39AC-46D0-ADF8-8D6EA40B21A8}.RelWithDebInfo|Win32.Build.0 = Release|Win32
		{B7D1044C-39AC-46D0-ADF8-8D6EA40B21A8}.RelWithDebInfo|x64.ActiveCfg = Release|x64
		{B7D1044C-39AC-46D0-ADF8-8D6EA40B21A8}.RelWithDebInfo|x64.Build.0 = Release|x64
		{B7D1044C-39AC-46D0-ADF8-8D6EA40B21A8}.Template|Win32.ActiveCfg = Release|Win32
		{B7D1044C-39AC-46D0-ADF8-8D6EA40B21A8}.Template|Win32.Build.0 = Release|Win32
		{B7D1044C-39AC-46D0-ADF8-8D6EA40B21A8}.Template|x64.ActiveCfg = Release|x64
		{B7D1044C-39AC-46D0-ADF8-8D6EA40B21A8}.Template|x64.Build.0 = Release|x64
	EndGlobalSection
	GlobalSection(SolutionProperties) = preSolution
		HideSolutionNode = FALSE
	EndGlobalSection
EndGlobal
