
Microsoft Visual Studio Solution File, Format Version 12.00
# Visual Studio 2012
Project("{8BC9CEB8-8B4A-11D0-8D11-00A0C91BC942}") = "gltestplus", "gltestplus.vcxproj", "{627D5FD6-0FFA-C8E6-31E6-0D6773EB6623}"
	ProjectSection(ProjectDependencies) = postProject
		{2C426605-FE92-2A4C-9A7A-37F3A886B289} = {2C426605-FE92-2A4C-9A7A-37F3A886B289}
		{3A214E06-B95E-4D61-A291-1F8DF2EC10FD} = {3A214E06-B95E-4D61-A291-1F8DF2EC10FD}
		{0008960E-E0DD-41A6-8265-00B31DDB4C21} = {0008960E-E0DD-41A6-8265-00B31DDB4C21}
		{462CC813-F69E-4A84-A9AE-E12E2C9EC802} = {462CC813-F69E-4A84-A9AE-E12E2C9EC802}
		{8CA1CD19-EE31-7C43-A68B-EECFBAD8F4F6} = {8CA1CD19-EE31-7C43-A68B-EECFBAD8F4F6}
		{019DBD2A-273D-4BA4-BF86-B5EFE2ED76B1} = {019DBD2A-273D-4BA4-BF86-B5EFE2ED76B1}
		{B7D1044C-39AC-46D0-ADF8-8D6EA40B21A8} = {B7D1044C-39AC-46D0-ADF8-8D6EA40B21A8}
		{CEBDE98B-A6AA-46E6-BC79-FAAF823DB9EC} = {CEBDE98B-A6AA-46E6-BC79-FAAF823DB9EC}
		{BD3D2091-75AD-4D59-AE7D-33CD3613DC54} = {BD3D2091-75AD-4D59-AE7D-33CD3613DC54}
		{3DFA7E9D-06E8-431B-B063-93CD8BC2D2F5} = {3DFA7E9D-06E8-431B-B063-93CD8BC2D2F5}
		{66B080B3-BC89-491B-A411-772E4708F277} = {66B080B3-BC89-491B-A411-772E4708F277}
		{C7F3C2D2-CAB6-EE4D-8CC0-AB6ADAAD0A5D} = {C7F3C2D2-CAB6-EE4D-8CC0-AB6ADAAD0A5D}
		{15CBFEFF-7965-41F5-B4E2-21E8795C9159} = {15CBFEFF-7965-41F5-B4E2-21E8795C9159}
	EndProjectSection
EndProject
Project("{8BC9CEB8-8B4A-11D0-8D11-00A0C91BC942}") = "clib", "..\clib\VC2012\clib.vcxproj", "{462CC813-F69E-4A84-A9AE-E12E2C9EC802}"
	ProjectSection(ProjectDependencies) = postProject
		{3DFA7E9D-06E8-431B-B063-93CD8BC2D2F5} = {3DFA7E9D-06E8-431B-B063-93CD8BC2D2F5}
	EndProjectSection
EndProject
Project("{8BC9CEB8-8B4A-11D0-8D11-00A0C91BC942}") = "cpplib", "..\cpplib\VC2012\cpplib.vcxproj", "{BD3D2091-75AD-4D59-AE7D-33CD3613DC54}"
	ProjectSection(ProjectDependencies) = postProject
		{462CC813-F69E-4A84-A9AE-E12E2C9EC802} = {462CC813-F69E-4A84-A9AE-E12E2C9EC802}
	EndProjectSection
EndProject
Project("{8BC9CEB8-8B4A-11D0-8D11-00A0C91BC942}") = "zlib", "..\zlib\projects\VC2012\zlib.vcxproj", "{3DFA7E9D-06E8-431B-B063-93CD8BC2D2F5}"
EndProject
Project("{8BC9CEB8-8B4A-11D0-8D11-00A0C91BC942}") = "gltestdll", "..\gltestdll\VC2012\gltestdll.vcxproj", "{E85222DE-B358-457D-BA79-59E88FFB3D29}"
	ProjectSection(ProjectDependencies) = postProject
		{462CC813-F69E-4A84-A9AE-E12E2C9EC802} = {462CC813-F69E-4A84-A9AE-E12E2C9EC802}
		{627D5FD6-0FFA-C8E6-31E6-0D6773EB6623} = {627D5FD6-0FFA-C8E6-31E6-0D6773EB6623}
	EndProjectSection
EndProject
Project("{8BC9CEB8-8B4A-11D0-8D11-00A0C91BC942}") = "squirrel", "..\squirrel3\squirrel\squirrel.vcxproj", "{66B080B3-BC89-491B-A411-772E4708F277}"
EndProject
Project("{8BC9CEB8-8B4A-11D0-8D11-00A0C91BC942}") = "sqstdlib", "..\squirrel3\sqstdlib\sqstdlib.vcxproj", "{B7D1044C-39AC-46D0-ADF8-8D6EA40B21A8}"
	ProjectSection(ProjectDependencies) = postProject
		{66B080B3-BC89-491B-A411-772E4708F277} = {66B080B3-BC89-491B-A411-772E4708F277}
	EndProjectSection
EndProject
Project("{8BC9CEB8-8B4A-11D0-8D11-00A0C91BC942}") = "libpng", "..\lpng\projects\visualc11\libpng.vcxproj", "{0008960E-E0DD-41A6-8265-00B31DDB4C21}"
EndProject
Project("{8BC9CEB8-8B4A-11D0-8D11-00A0C91BC942}") = "jpeg", "..\jpeg\jpeg.vcxproj", "{019DBD2A-273D-4BA4-BF86-B5EFE2ED76B1}"
EndProject
Project("{8BC9CEB8-8B4A-11D0-8D11-00A0C91BC942}") = "LinearMath", "..\bullet\build\vs2010\LinearMath.vcxproj", "{C7F3C2D2-CAB6-EE4D-8CC0-AB6ADAAD0A5D}"
EndProject
Project("{8BC9CEB8-8B4A-11D0-8D11-00A0C91BC942}") = "BulletCollision", "..\bullet\build\vs2010\BulletCollision.vcxproj", "{8CA1CD19-EE31-7C43-A68B-EECFBAD8F4F6}"
EndProject
Project("{8BC9CEB8-8B4A-11D0-8D11-00A0C91BC942}") = "BulletDynamics", "..\bullet\build\vs2010\BulletDynamics.vcxproj", "{2C426605-FE92-2A4C-9A7A-37F3A886B289}"
EndProject
Project("{8BC9CEB8-8B4A-11D0-8D11-00A0C91BC942}") = "surface", "..\surface\VC2012\surface.vcxproj", "{2DB1949F-D6A5-4D12-A9D0-7F2C8A65B06D}"
	ProjectSection(ProjectDependencies) = postProject
		{462CC813-F69E-4A84-A9AE-E12E2C9EC802} = {462CC813-F69E-4A84-A9AE-E12E2C9EC802}
		{BD3D2091-75AD-4D59-AE7D-33CD3613DC54} = {BD3D2091-75AD-4D59-AE7D-33CD3613DC54}
		{627D5FD6-0FFA-C8E6-31E6-0D6773EB6623} = {627D5FD6-0FFA-C8E6-31E6-0D6773EB6623}
	EndProjectSection
EndProject
Project("{8BC9CEB8-8B4A-11D0-8D11-00A0C91BC942}") = "gundam", "..\gundam\VC2012\gundam.vcxproj", "{722CDADC-8A4E-4894-A481-302CB6945BD1}"
	ProjectSection(ProjectDependencies) = postProject
		{2C426605-FE92-2A4C-9A7A-37F3A886B289} = {2C426605-FE92-2A4C-9A7A-37F3A886B289}
		{462CC813-F69E-4A84-A9AE-E12E2C9EC802} = {462CC813-F69E-4A84-A9AE-E12E2C9EC802}
		{8CA1CD19-EE31-7C43-A68B-EECFBAD8F4F6} = {8CA1CD19-EE31-7C43-A68B-EECFBAD8F4F6}
		{BD3D2091-75AD-4D59-AE7D-33CD3613DC54} = {BD3D2091-75AD-4D59-AE7D-33CD3613DC54}
		{627D5FD6-0FFA-C8E6-31E6-0D6773EB6623} = {627D5FD6-0FFA-C8E6-31E6-0D6773EB6623}
	EndProjectSection
EndProject
Project("{2150E333-8FDC-42A3-9474-1A3956D46DE8}") = "Solution Items", "Solution Items", "{1C10E359-F193-4E8A-8182-119EADB7D8AF}"
	ProjectSection(SolutionItems) = preProject
		Performance1.psess = Performance1.psess
	EndProjectSection
EndProject
Project("{8BC9CEB8-8B4A-11D0-8D11-00A0C91BC942}") = "libogg_static", "..\libogg\win32\VS2012\libogg_static.vcxproj", "{15CBFEFF-7965-41F5-B4E2-21E8795C9159}"
EndProject
Project("{8BC9CEB8-8B4A-11D0-8D11-00A0C91BC942}") = "libvorbis_static", "..\libvorbis\win32\VS2012\libvorbis\libvorbis_static.vcxproj", "{3A214E06-B95E-4D61-A291-1F8DF2EC10FD}"
EndProject
Project("{8BC9CEB8-8B4A-11D0-8D11-00A0C91BC942}") = "libvorbisfile", "..\libvorbis\win32\VS2012\libvorbisfile\libvorbisfile_static.vcxproj", "{CEBDE98B-A6AA-46E6-BC79-FAAF823DB9EC}"
	ProjectSection(ProjectDependencies) = postProject
		{15CBFEFF-7965-41F5-B4E2-21E8795C9159} = {15CBFEFF-7965-41F5-B4E2-21E8795C9159}
	EndProjectSection
EndProject
Global
	GlobalSection(SolutionConfigurationPlatforms) = preSolution
		Debug|Win32 = Debug|Win32
		Debug|x64 = Debug|x64
		DLL ASM Debug|Win32 = DLL ASM Debug|Win32
		DLL ASM Debug|x64 = DLL ASM Debug|x64
		DLL ASM Release|Win32 = DLL ASM Release|Win32
		DLL ASM Release|x64 = DLL ASM Release|x64
		DLL Debug|Win32 = DLL Debug|Win32
		DLL Debug|x64 = DLL Debug|x64
		DLL Release|Win32 = DLL Release|Win32
		DLL Release|x64 = DLL Release|x64
		DLL VB|Win32 = DLL VB|Win32
		DLL VB|x64 = DLL VB|x64
		LIB ASM Debug|Win32 = LIB ASM Debug|Win32
		LIB ASM Debug|x64 = LIB ASM Debug|x64
		LIB ASM Release|Win32 = LIB ASM Release|Win32
		LIB ASM Release|x64 = LIB ASM Release|x64
		LIB Debug|Win32 = LIB Debug|Win32
		LIB Debug|x64 = LIB Debug|x64
		LIB Release|Win32 = LIB Release|Win32
		LIB Release|x64 = LIB Release|x64
		MinSizeRel|Win32 = MinSizeRel|Win32
		MinSizeRel|x64 = MinSizeRel|x64
		Release|Win32 = Release|Win32
		Release|x64 = Release|x64
		ReleaseRTTI|Win32 = ReleaseRTTI|Win32
		ReleaseRTTI|x64 = ReleaseRTTI|x64
		RelWithDebInfo|Win32 = RelWithDebInfo|Win32
		RelWithDebInfo|x64 = RelWithDebInfo|x64
		Template|Win32 = Template|Win32
		Template|x64 = Template|x64
	EndGlobalSection
	GlobalSection(ProjectConfigurationPlatforms) = postSolution
		{627D5FD6-0FFA-C8E6-31E6-0D6773EB6623}.Debug|Win32.ActiveCfg = Debug|Win32
		{627D5FD6-0FFA-C8E6-31E6-0D6773EB6623}.Debug|Win32.Build.0 = Debug|Win32
		{627D5FD6-0FFA-C8E6-31E6-0D6773EB6623}.Debug|x64.ActiveCfg = Debug|x64
		{627D5FD6-0FFA-C8E6-31E6-0D6773EB6623}.Debug|x64.Build.0 = Debug|x64
		{627D5FD6-0FFA-C8E6-31E6-0D6773EB6623}.DLL ASM Debug|Win32.ActiveCfg = Debug|Win32
		{627D5FD6-0FFA-C8E6-31E6-0D6773EB6623}.DLL ASM Debug|Win32.Build.0 = Debug|Win32
		{627D5FD6-0FFA-C8E6-31E6-0D6773EB6623}.DLL ASM Debug|x64.ActiveCfg = Debug|x64
		{627D5FD6-0FFA-C8E6-31E6-0D6773EB6623}.DLL ASM Debug|x64.Build.0 = Debug|x64
		{627D5FD6-0FFA-C8E6-31E6-0D6773EB6623}.DLL ASM Release|Win32.ActiveCfg = Release|Win32
		{627D5FD6-0FFA-C8E6-31E6-0D6773EB6623}.DLL ASM Release|Win32.Build.0 = Release|Win32
		{627D5FD6-0FFA-C8E6-31E6-0D6773EB6623}.DLL ASM Release|x64.ActiveCfg = Release|x64
		{627D5FD6-0FFA-C8E6-31E6-0D6773EB6623}.DLL ASM Release|x64.Build.0 = Release|x64
		{627D5FD6-0FFA-C8E6-31E6-0D6773EB6623}.DLL Debug|Win32.ActiveCfg = Debug|Win32
		{627D5FD6-0FFA-C8E6-31E6-0D6773EB6623}.DLL Debug|Win32.Build.0 = Debug|Win32
		{627D5FD6-0FFA-C8E6-31E6-0D6773EB6623}.DLL Debug|x64.ActiveCfg = Debug|x64
		{627D5FD6-0FFA-C8E6-31E6-0D6773EB6623}.DLL Debug|x64.Build.0 = Debug|x64
		{627D5FD6-0FFA-C8E6-31E6-0D6773EB6623}.DLL Release|Win32.ActiveCfg = Release|Win32
		{627D5FD6-0FFA-C8E6-31E6-0D6773EB6623}.DLL Release|Win32.Build.0 = Release|Win32
		{627D5FD6-0FFA-C8E6-31E6-0D6773EB6623}.DLL Release|x64.ActiveCfg = Release|x64
		{627D5FD6-0FFA-C8E6-31E6-0D6773EB6623}.DLL Release|x64.Build.0 = Release|x64
		{627D5FD6-0FFA-C8E6-31E6-0D6773EB6623}.DLL VB|Win32.ActiveCfg = Debug|Win32
		{627D5FD6-0FFA-C8E6-31E6-0D6773EB6623}.DLL VB|Win32.Build.0 = Debug|Win32
		{627D5FD6-0FFA-C8E6-31E6-0D6773EB6623}.DLL VB|x64.ActiveCfg = Debug|x64
		{627D5FD6-0FFA-C8E6-31E6-0D6773EB6623}.DLL VB|x64.Build.0 = Debug|x64
		{627D5FD6-0FFA-C8E6-31E6-0D6773EB6623}.LIB ASM Debug|Win32.ActiveCfg = Debug|Win32
		{627D5FD6-0FFA-C8E6-31E6-0D6773EB6623}.LIB ASM Debug|Win32.Build.0 = Debug|Win32
		{627D5FD6-0FFA-C8E6-31E6-0D6773EB6623}.LIB ASM Debug|x64.ActiveCfg = Debug|x64
		{627D5FD6-0FFA-C8E6-31E6-0D6773EB6623}.LIB ASM Debug|x64.Build.0 = Debug|x64
		{627D5FD6-0FFA-C8E6-31E6-0D6773EB6623}.LIB ASM Release|Win32.ActiveCfg = Release|Win32
		{627D5FD6-0FFA-C8E6-31E6-0D6773EB6623}.LIB ASM Release|Win32.Build.0 = Release|Win32
		{627D5FD6-0FFA-C8E6-31E6-0D6773EB6623}.LIB ASM Release|x64.ActiveCfg = Release|x64
		{627D5FD6-0FFA-C8E6-31E6-0D6773EB6623}.LIB ASM Release|x64.Build.0 = Release|x64
		{627D5FD6-0FFA-C8E6-31E6-0D6773EB6623}.LIB Debug|Win32.ActiveCfg = Debug|Win32
		{627D5FD6-0FFA-C8E6-31E6-0D6773EB6623}.LIB Debug|Win32.Build.0 = Debug|Win32
		{627D5FD6-0FFA-C8E6-31E6-0D6773EB6623}.LIB Debug|x64.ActiveCfg = Debug|x64
		{627D5FD6-0FFA-C8E6-31E6-0D6773EB6623}.LIB Debug|x64.Build.0 = Debug|x64
		{627D5FD6-0FFA-C8E6-31E6-0D6773EB6623}.LIB Release|Win32.ActiveCfg = Release|Win32
		{627D5FD6-0FFA-C8E6-31E6-0D6773EB6623}.LIB Release|Win32.Build.0 = Release|Win32
		{627D5FD6-0FFA-C8E6-31E6-0D6773EB6623}.LIB Release|x64.ActiveCfg = Release|x64
		{627D5FD6-0FFA-C8E6-31E6-0D6773EB6623}.LIB Release|x64.Build.0 = Release|x64
		{627D5FD6-0FFA-C8E6-31E6-0D6773EB6623}.MinSizeRel|Win32.ActiveCfg = Release|Win32
		{627D5FD6-0FFA-C8E6-31E6-0D6773EB6623}.MinSizeRel|Win32.Build.0 = Release|Win32
		{627D5FD6-0FFA-C8E6-31E6-0D6773EB6623}.MinSizeRel|x64.ActiveCfg = Release|Win32
		{627D5FD6-0FFA-C8E6-31E6-0D6773EB6623}.MinSizeRel|x64.Build.0 = Debug|x64
		{627D5FD6-0FFA-C8E6-31E6-0D6773EB6623}.Release|Win32.ActiveCfg = Release|Win32
		{627D5FD6-0FFA-C8E6-31E6-0D6773EB6623}.Release|Win32.Build.0 = Release|Win32
		{627D5FD6-0FFA-C8E6-31E6-0D6773EB6623}.Release|x64.ActiveCfg = Release|x64
		{627D5FD6-0FFA-C8E6-31E6-0D6773EB6623}.Release|x64.Build.0 = Release|x64
		{627D5FD6-0FFA-C8E6-31E6-0D6773EB6623}.ReleaseRTTI|Win32.ActiveCfg = Release|Win32
		{627D5FD6-0FFA-C8E6-31E6-0D6773EB6623}.ReleaseRTTI|Win32.Build.0 = Release|Win32
		{627D5FD6-0FFA-C8E6-31E6-0D6773EB6623}.ReleaseRTTI|x64.ActiveCfg = Release|x64
		{627D5FD6-0FFA-C8E6-31E6-0D6773EB6623}.ReleaseRTTI|x64.Build.0 = Release|x64
		{627D5FD6-0FFA-C8E6-31E6-0D6773EB6623}.RelWithDebInfo|Win32.ActiveCfg = Release|Win32
		{627D5FD6-0FFA-C8E6-31E6-0D6773EB6623}.RelWithDebInfo|Win32.Build.0 = Release|Win32
		{627D5FD6-0FFA-C8E6-31E6-0D6773EB6623}.RelWithDebInfo|x64.ActiveCfg = Release|Win32
		{627D5FD6-0FFA-C8E6-31E6-0D6773EB6623}.RelWithDebInfo|x64.Build.0 = Release|x64
		{627D5FD6-0FFA-C8E6-31E6-0D6773EB6623}.Template|Win32.ActiveCfg = Release|Win32
		{627D5FD6-0FFA-C8E6-31E6-0D6773EB6623}.Template|Win32.Build.0 = Release|Win32
		{627D5FD6-0FFA-C8E6-31E6-0D6773EB6623}.Template|x64.ActiveCfg = Release|Win32
		{462CC813-F69E-4A84-A9AE-E12E2C9EC802}.Debug|Win32.ActiveCfg = Debug|Win32
		{462CC813-F69E-4A84-A9AE-E12E2C9EC802}.Debug|Win32.Build.0 = Debug|Win32
		{462CC813-F69E-4A84-A9AE-E12E2C9EC802}.Debug|x64.ActiveCfg = Debug|x64
		{462CC813-F69E-4A84-A9AE-E12E2C9EC802}.Debug|x64.Build.0 = Debug|x64
		{462CC813-F69E-4A84-A9AE-E12E2C9EC802}.DLL ASM Debug|Win32.ActiveCfg = Debug|Win32
		{462CC813-F69E-4A84-A9AE-E12E2C9EC802}.DLL ASM Debug|Win32.Build.0 = Debug|Win32
		{462CC813-F69E-4A84-A9AE-E12E2C9EC802}.DLL ASM Debug|x64.ActiveCfg = Debug|x64
		{462CC813-F69E-4A84-A9AE-E12E2C9EC802}.DLL ASM Debug|x64.Build.0 = Debug|x64
		{462CC813-F69E-4A84-A9AE-E12E2C9EC802}.DLL ASM Release|Win32.ActiveCfg = Release|Win32
		{462CC813-F69E-4A84-A9AE-E12E2C9EC802}.DLL ASM Release|Win32.Build.0 = Release|Win32
		{462CC813-F69E-4A84-A9AE-E12E2C9EC802}.DLL ASM Release|x64.ActiveCfg = Release|x64
		{462CC813-F69E-4A84-A9AE-E12E2C9EC802}.DLL ASM Release|x64.Build.0 = Release|x64
		{462CC813-F69E-4A84-A9AE-E12E2C9EC802}.DLL Debug|Win32.ActiveCfg = Debug|Win32
		{462CC813-F69E-4A84-A9AE-E12E2C9EC802}.DLL Debug|Win32.Build.0 = Debug|Win32
		{462CC813-F69E-4A84-A9AE-E12E2C9EC802}.DLL Debug|x64.ActiveCfg = Debug|x64
		{462CC813-F69E-4A84-A9AE-E12E2C9EC802}.DLL Debug|x64.Build.0 = Debug|x64
		{462CC813-F69E-4A84-A9AE-E12E2C9EC802}.DLL Release|Win32.ActiveCfg = Release|Win32
		{462CC813-F69E-4A84-A9AE-E12E2C9EC802}.DLL Release|Win32.Build.0 = Release|Win32
		{462CC813-F69E-4A84-A9AE-E12E2C9EC802}.DLL Release|x64.ActiveCfg = Release|x64
		{462CC813-F69E-4A84-A9AE-E12E2C9EC802}.DLL Release|x64.Build.0 = Release|x64
		{462CC813-F69E-4A84-A9AE-E12E2C9EC802}.DLL VB|Win32.ActiveCfg = Debug|Win32
		{462CC813-F69E-4A84-A9AE-E12E2C9EC802}.DLL VB|Win32.Build.0 = Debug|Win32
		{462CC813-F69E-4A84-A9AE-E12E2C9EC802}.DLL VB|x64.ActiveCfg = Debug|x64
		{462CC813-F69E-4A84-A9AE-E12E2C9EC802}.DLL VB|x64.Build.0 = Debug|x64
		{462CC813-F69E-4A84-A9AE-E12E2C9EC802}.LIB ASM Debug|Win32.ActiveCfg = Debug|Win32
		{462CC813-F69E-4A84-A9AE-E12E2C9EC802}.LIB ASM Debug|Win32.Build.0 = Debug|Win32
		{462CC813-F69E-4A84-A9AE-E12E2C9EC802}.LIB ASM Debug|x64.ActiveCfg = Debug|x64
		{462CC813-F69E-4A84-A9AE-E12E2C9EC802}.LIB ASM Debug|x64.Build.0 = Debug|x64
		{462CC813-F69E-4A84-A9AE-E12E2C9EC802}.LIB ASM Release|Win32.ActiveCfg = Release|Win32
		{462CC813-F69E-4A84-A9AE-E12E2C9EC802}.LIB ASM Release|Win32.Build.0 = Release|Win32
		{462CC813-F69E-4A84-A9AE-E12E2C9EC802}.LIB ASM Release|x64.ActiveCfg = Release|x64
		{462CC813-F69E-4A84-A9AE-E12E2C9EC802}.LIB ASM Release|x64.Build.0 = Release|x64
		{462CC813-F69E-4A84-A9AE-E12E2C9EC802}.LIB Debug|Win32.ActiveCfg = Debug|Win32
		{462CC813-F69E-4A84-A9AE-E12E2C9EC802}.LIB Debug|Win32.Build.0 = Debug|Win32
		{462CC813-F69E-4A84-A9AE-E12E2C9EC802}.LIB Debug|x64.ActiveCfg = Debug|x64
		{462CC813-F69E-4A84-A9AE-E12E2C9EC802}.LIB Debug|x64.Build.0 = Debug|x64
		{462CC813-F69E-4A84-A9AE-E12E2C9EC802}.LIB Release|Win32.ActiveCfg = Release|Win32
		{462CC813-F69E-4A84-A9AE-E12E2C9EC802}.LIB Release|Win32.Build.0 = Release|Win32
		{462CC813-F69E-4A84-A9AE-E12E2C9EC802}.LIB Release|x64.ActiveCfg = Release|x64
		{462CC813-F69E-4A84-A9AE-E12E2C9EC802}.LIB Release|x64.Build.0 = Release|x64
		{462CC813-F69E-4A84-A9AE-E12E2C9EC802}.MinSizeRel|Win32.ActiveCfg = Release|Win32
		{462CC813-F69E-4A84-A9AE-E12E2C9EC802}.MinSizeRel|Win32.Build.0 = Release|Win32
		{462CC813-F69E-4A84-A9AE-E12E2C9EC802}.MinSizeRel|x64.ActiveCfg = Release|Win32
		{462CC813-F69E-4A84-A9AE-E12E2C9EC802}.MinSizeRel|x64.Build.0 = Release|Win32
		{462CC813-F69E-4A84-A9AE-E12E2C9EC802}.Release|Win32.ActiveCfg = Release|Win32
		{462CC813-F69E-4A84-A9AE-E12E2C9EC802}.Release|Win32.Build.0 = Release|Win32
		{462CC813-F69E-4A84-A9AE-E12E2C9EC802}.Release|x64.ActiveCfg = Release|x64
		{462CC813-F69E-4A84-A9AE-E12E2C9EC802}.Release|x64.Build.0 = Release|x64
		{462CC813-F69E-4A84-A9AE-E12E2C9EC802}.ReleaseRTTI|Win32.ActiveCfg = Release|Win32
		{462CC813-F69E-4A84-A9AE-E12E2C9EC802}.ReleaseRTTI|Win32.Build.0 = Release|Win32
		{462CC813-F69E-4A84-A9AE-E12E2C9EC802}.ReleaseRTTI|x64.ActiveCfg = Release|x64
		{462CC813-F69E-4A84-A9AE-E12E2C9EC802}.ReleaseRTTI|x64.Build.0 = Release|x64
		{462CC813-F69E-4A84-A9AE-E12E2C9EC802}.RelWithDebInfo|Win32.ActiveCfg = Release|Win32
		{462CC813-F69E-4A84-A9AE-E12E2C9EC802}.RelWithDebInfo|Win32.Build.0 = Release|Win32
		{462CC813-F69E-4A84-A9AE-E12E2C9EC802}.RelWithDebInfo|x64.ActiveCfg = Release|Win32
		{462CC813-F69E-4A84-A9AE-E12E2C9EC802}.RelWithDebInfo|x64.Build.0 = Release|Win32
		{462CC813-F69E-4A84-A9AE-E12E2C9EC802}.Template|Win32.ActiveCfg = Release|Win32
		{462CC813-F69E-4A84-A9AE-E12E2C9EC802}.Template|Win32.Build.0 = Release|Win32
		{462CC813-F69E-4A84-A9AE-E12E2C9EC802}.Template|x64.ActiveCfg = Release|Win32
		{462CC813-F69E-4A84-A9AE-E12E2C9EC802}.Template|x64.Build.0 = Release|Win32
		{BD3D2091-75AD-4D59-AE7D-33CD3613DC54}.Debug|Win32.ActiveCfg = Debug|Win32
		{BD3D2091-75AD-4D59-AE7D-33CD3613DC54}.Debug|Win32.Build.0 = Debug|Win32
		{BD3D2091-75AD-4D59-AE7D-33CD3613DC54}.Debug|x64.ActiveCfg = Debug|x64
		{BD3D2091-75AD-4D59-AE7D-33CD3613DC54}.Debug|x64.Build.0 = Debug|x64
		{BD3D2091-75AD-4D59-AE7D-33CD3613DC54}.DLL ASM Debug|Win32.ActiveCfg = Debug|Win32
		{BD3D2091-75AD-4D59-AE7D-33CD3613DC54}.DLL ASM Debug|Win32.Build.0 = Debug|Win32
		{BD3D2091-75AD-4D59-AE7D-33CD3613DC54}.DLL ASM Debug|x64.ActiveCfg = Debug|x64
		{BD3D2091-75AD-4D59-AE7D-33CD3613DC54}.DLL ASM Debug|x64.Build.0 = Debug|x64
		{BD3D2091-75AD-4D59-AE7D-33CD3613DC54}.DLL ASM Release|Win32.ActiveCfg = Release|Win32
		{BD3D2091-75AD-4D59-AE7D-33CD3613DC54}.DLL ASM Release|Win32.Build.0 = Release|Win32
		{BD3D2091-75AD-4D59-AE7D-33CD3613DC54}.DLL ASM Release|x64.ActiveCfg = Release|x64
		{BD3D2091-75AD-4D59-AE7D-33CD3613DC54}.DLL ASM Release|x64.Build.0 = Release|x64
		{BD3D2091-75AD-4D59-AE7D-33CD3613DC54}.DLL Debug|Win32.ActiveCfg = Debug|Win32
		{BD3D2091-75AD-4D59-AE7D-33CD3613DC54}.DLL Debug|Win32.Build.0 = Debug|Win32
		{BD3D2091-75AD-4D59-AE7D-33CD3613DC54}.DLL Debug|x64.ActiveCfg = Debug|x64
		{BD3D2091-75AD-4D59-AE7D-33CD3613DC54}.DLL Debug|x64.Build.0 = Debug|x64
		{BD3D2091-75AD-4D59-AE7D-33CD3613DC54}.DLL Release|Win32.ActiveCfg = Release|Win32
		{BD3D2091-75AD-4D59-AE7D-33CD3613DC54}.DLL Release|Win32.Build.0 = Release|Win32
		{BD3D2091-75AD-4D59-AE7D-33CD3613DC54}.DLL Release|x64.ActiveCfg = Release|x64
		{BD3D2091-75AD-4D59-AE7D-33CD3613DC54}.DLL Release|x64.Build.0 = Release|x64
		{BD3D2091-75AD-4D59-AE7D-33CD3613DC54}.DLL VB|Win32.ActiveCfg = Debug|Win32
		{BD3D2091-75AD-4D59-AE7D-33CD3613DC54}.DLL VB|Win32.Build.0 = Debug|Win32
		{BD3D2091-75AD-4D59-AE7D-33CD3613DC54}.DLL VB|x64.ActiveCfg = Debug|x64
		{BD3D2091-75AD-4D59-AE7D-33CD3613DC54}.DLL VB|x64.Build.0 = Debug|x64
		{BD3D2091-75AD-4D59-AE7D-33CD3613DC54}.LIB ASM Debug|Win32.ActiveCfg = Debug|Win32
		{BD3D2091-75AD-4D59-AE7D-33CD3613DC54}.LIB ASM Debug|Win32.Build.0 = Debug|Win32
		{BD3D2091-75AD-4D59-AE7D-33CD3613DC54}.LIB ASM Debug|x64.ActiveCfg = Debug|x64
		{BD3D2091-75AD-4D59-AE7D-33CD3613DC54}.LIB ASM Debug|x64.Build.0 = Debug|x64
		{BD3D2091-75AD-4D59-AE7D-33CD3613DC54}.LIB ASM Release|Win32.ActiveCfg = Release|Win32
		{BD3D2091-75AD-4D59-AE7D-33CD3613DC54}.LIB ASM Release|Win32.Build.0 = Release|Win32
		{BD3D2091-75AD-4D59-AE7D-33CD3613DC54}.LIB ASM Release|x64.ActiveCfg = Release|x64
		{BD3D2091-75AD-4D59-AE7D-33CD3613DC54}.LIB ASM Release|x64.Build.0 = Release|x64
		{BD3D2091-75AD-4D59-AE7D-33CD3613DC54}.LIB Debug|Win32.ActiveCfg = Debug|Win32
		{BD3D2091-75AD-4D59-AE7D-33CD3613DC54}.LIB Debug|Win32.Build.0 = Debug|Win32
		{BD3D2091-75AD-4D59-AE7D-33CD3613DC54}.LIB Debug|x64.ActiveCfg = Debug|x64
		{BD3D2091-75AD-4D59-AE7D-33CD3613DC54}.LIB Debug|x64.Build.0 = Debug|x64
		{BD3D2091-75AD-4D59-AE7D-33CD3613DC54}.LIB Release|Win32.ActiveCfg = Release|Win32
		{BD3D2091-75AD-4D59-AE7D-33CD3613DC54}.LIB Release|Win32.Build.0 = Release|Win32
		{BD3D2091-75AD-4D59-AE7D-33CD3613DC54}.LIB Release|x64.ActiveCfg = Release|x64
		{BD3D2091-75AD-4D59-AE7D-33CD3613DC54}.LIB Release|x64.Build.0 = Release|x64
		{BD3D2091-75AD-4D59-AE7D-33CD3613DC54}.MinSizeRel|Win32.ActiveCfg = Release|Win32
		{BD3D2091-75AD-4D59-AE7D-33CD3613DC54}.MinSizeRel|Win32.Build.0 = Release|Win32
		{BD3D2091-75AD-4D59-AE7D-33CD3613DC54}.MinSizeRel|x64.ActiveCfg = Release|x64
		{BD3D2091-75AD-4D59-AE7D-33CD3613DC54}.MinSizeRel|x64.Build.0 = Release|x64
		{BD3D2091-75AD-4D59-AE7D-33CD3613DC54}.Release|Win32.ActiveCfg = Release|Win32
		{BD3D2091-75AD-4D59-AE7D-33CD3613DC54}.Release|Win32.Build.0 = Release|Win32
		{BD3D2091-75AD-4D59-AE7D-33CD3613DC54}.Release|x64.ActiveCfg = Release|x64
		{BD3D2091-75AD-4D59-AE7D-33CD3613DC54}.Release|x64.Build.0 = Release|x64
		{BD3D2091-75AD-4D59-AE7D-33CD3613DC54}.ReleaseRTTI|Win32.ActiveCfg = ReleaseRTTI|Win32
		{BD3D2091-75AD-4D59-AE7D-33CD3613DC54}.ReleaseRTTI|Win32.Build.0 = ReleaseRTTI|Win32
		{BD3D2091-75AD-4D59-AE7D-33CD3613DC54}.ReleaseRTTI|x64.ActiveCfg = ReleaseRTTI|x64
		{BD3D2091-75AD-4D59-AE7D-33CD3613DC54}.ReleaseRTTI|x64.Build.0 = ReleaseRTTI|x64
		{BD3D2091-75AD-4D59-AE7D-33CD3613DC54}.RelWithDebInfo|Win32.ActiveCfg = Release|Win32
		{BD3D2091-75AD-4D59-AE7D-33CD3613DC54}.RelWithDebInfo|Win32.Build.0 = Release|Win32
		{BD3D2091-75AD-4D59-AE7D-33CD3613DC54}.RelWithDebInfo|x64.ActiveCfg = Release|x64
		{BD3D2091-75AD-4D59-AE7D-33CD3613DC54}.RelWithDebInfo|x64.Build.0 = Release|x64
		{BD3D2091-75AD-4D59-AE7D-33CD3613DC54}.Template|Win32.ActiveCfg = Release|Win32
		{BD3D2091-75AD-4D59-AE7D-33CD3613DC54}.Template|Win32.Build.0 = Release|Win32
		{BD3D2091-75AD-4D59-AE7D-33CD3613DC54}.Template|x64.ActiveCfg = Release|x64
		{BD3D2091-75AD-4D59-AE7D-33CD3613DC54}.Template|x64.Build.0 = Release|x64
		{3DFA7E9D-06E8-431B-B063-93CD8BC2D2F5}.Debug|Win32.ActiveCfg = Debug|Win32
		{3DFA7E9D-06E8-431B-B063-93CD8BC2D2F5}.Debug|Win32.Build.0 = Debug|Win32
		{3DFA7E9D-06E8-431B-B063-93CD8BC2D2F5}.Debug|x64.ActiveCfg = Debug|x64
		{3DFA7E9D-06E8-431B-B063-93CD8BC2D2F5}.Debug|x64.Build.0 = Debug|x64
		{3DFA7E9D-06E8-431B-B063-93CD8BC2D2F5}.DLL ASM Debug|Win32.ActiveCfg = DLL ASM Debug|Win32
		{3DFA7E9D-06E8-431B-B063-93CD8BC2D2F5}.DLL ASM Debug|Win32.Build.0 = DLL ASM Debug|Win32
		{3DFA7E9D-06E8-431B-B063-93CD8BC2D2F5}.DLL ASM Debug|x64.ActiveCfg = DLL ASM Debug|x64
		{3DFA7E9D-06E8-431B-B063-93CD8BC2D2F5}.DLL ASM Debug|x64.Build.0 = DLL ASM Debug|x64
		{3DFA7E9D-06E8-431B-B063-93CD8BC2D2F5}.DLL ASM Release|Win32.ActiveCfg = DLL ASM Release|Win32
		{3DFA7E9D-06E8-431B-B063-93CD8BC2D2F5}.DLL ASM Release|Win32.Build.0 = DLL ASM Release|Win32
		{3DFA7E9D-06E8-431B-B063-93CD8BC2D2F5}.DLL ASM Release|x64.ActiveCfg = DLL ASM Release|x64
		{3DFA7E9D-06E8-431B-B063-93CD8BC2D2F5}.DLL ASM Release|x64.Build.0 = DLL ASM Release|x64
		{3DFA7E9D-06E8-431B-B063-93CD8BC2D2F5}.DLL Debug|Win32.ActiveCfg = DLL Debug|Win32
		{3DFA7E9D-06E8-431B-B063-93CD8BC2D2F5}.DLL Debug|Win32.Build.0 = DLL Debug|Win32
		{3DFA7E9D-06E8-431B-B063-93CD8BC2D2F5}.DLL Debug|x64.ActiveCfg = DLL Debug|x64
		{3DFA7E9D-06E8-431B-B063-93CD8BC2D2F5}.DLL Debug|x64.Build.0 = DLL Debug|x64
		{3DFA7E9D-06E8-431B-B063-93CD8BC2D2F5}.DLL Release|Win32.ActiveCfg = DLL Release|Win32
		{3DFA7E9D-06E8-431B-B063-93CD8BC2D2F5}.DLL Release|Win32.Build.0 = DLL Release|Win32
		{3DFA7E9D-06E8-431B-B063-93CD8BC2D2F5}.DLL Release|x64.ActiveCfg = DLL Release|x64
		{3DFA7E9D-06E8-431B-B063-93CD8BC2D2F5}.DLL Release|x64.Build.0 = DLL Release|x64
		{3DFA7E9D-06E8-431B-B063-93CD8BC2D2F5}.DLL VB|Win32.ActiveCfg = DLL Release|Win32
		{3DFA7E9D-06E8-431B-B063-93CD8BC2D2F5}.DLL VB|Win32.Build.0 = DLL Release|Win32
		{3DFA7E9D-06E8-431B-B063-93CD8BC2D2F5}.DLL VB|x64.ActiveCfg = DLL Release|x64
		{3DFA7E9D-06E8-431B-B063-93CD8BC2D2F5}.DLL VB|x64.Build.0 = DLL Release|x64
		{3DFA7E9D-06E8-431B-B063-93CD8BC2D2F5}.LIB ASM Debug|Win32.ActiveCfg = LIB ASM Debug|Win32
		{3DFA7E9D-06E8-431B-B063-93CD8BC2D2F5}.LIB ASM Debug|Win32.Build.0 = LIB ASM Debug|Win32
		{3DFA7E9D-06E8-431B-B063-93CD8BC2D2F5}.LIB ASM Debug|x64.ActiveCfg = LIB ASM Debug|x64
		{3DFA7E9D-06E8-431B-B063-93CD8BC2D2F5}.LIB ASM Debug|x64.Build.0 = LIB ASM Debug|x64
		{3DFA7E9D-06E8-431B-B063-93CD8BC2D2F5}.LIB ASM Release|Win32.ActiveCfg = LIB ASM Release|Win32
		{3DFA7E9D-06E8-431B-B063-93CD8BC2D2F5}.LIB ASM Release|Win32.Build.0 = LIB ASM Release|Win32
		{3DFA7E9D-06E8-431B-B063-93CD8BC2D2F5}.LIB ASM Release|x64.ActiveCfg = LIB ASM Release|x64
		{3DFA7E9D-06E8-431B-B063-93CD8BC2D2F5}.LIB ASM Release|x64.Build.0 = LIB ASM Release|x64
		{3DFA7E9D-06E8-431B-B063-93CD8BC2D2F5}.LIB Debug|Win32.ActiveCfg = LIB ASM Release|Win32
		{3DFA7E9D-06E8-431B-B063-93CD8BC2D2F5}.LIB Debug|Win32.Build.0 = LIB ASM Release|Win32
		{3DFA7E9D-06E8-431B-B063-93CD8BC2D2F5}.LIB Debug|x64.ActiveCfg = LIB ASM Release|x64
		{3DFA7E9D-06E8-431B-B063-93CD8BC2D2F5}.LIB Debug|x64.Build.0 = LIB ASM Release|x64
		{3DFA7E9D-06E8-431B-B063-93CD8BC2D2F5}.LIB Release|Win32.ActiveCfg = Release|Win32
		{3DFA7E9D-06E8-431B-B063-93CD8BC2D2F5}.LIB Release|Win32.Build.0 = Release|Win32
		{3DFA7E9D-06E8-431B-B063-93CD8BC2D2F5}.LIB Release|x64.ActiveCfg = Release|x64
		{3DFA7E9D-06E8-431B-B063-93CD8BC2D2F5}.LIB Release|x64.Build.0 = Release|x64
		{3DFA7E9D-06E8-431B-B063-93CD8BC2D2F5}.MinSizeRel|Win32.ActiveCfg = DLL ASM Debug|Win32
		{3DFA7E9D-06E8-431B-B063-93CD8BC2D2F5}.MinSizeRel|Win32.Build.0 = DLL ASM Debug|Win32
		{3DFA7E9D-06E8-431B-B063-93CD8BC2D2F5}.MinSizeRel|x64.ActiveCfg = DLL ASM Debug|x64
		{3DFA7E9D-06E8-431B-B063-93CD8BC2D2F5}.MinSizeRel|x64.Build.0 = DLL ASM Debug|x64
		{3DFA7E9D-06E8-431B-B063-93CD8BC2D2F5}.Release|Win32.ActiveCfg = Release|Win32
		{3DFA7E9D-06E8-431B-B063-93CD8BC2D2F5}.Release|Win32.Build.0 = Release|Win32
		{3DFA7E9D-06E8-431B-B063-93CD8BC2D2F5}.Release|x64.ActiveCfg = Release|x64
		{3DFA7E9D-06E8-431B-B063-93CD8BC2D2F5}.Release|x64.Build.0 = Release|x64
		{3DFA7E9D-06E8-431B-B063-93CD8BC2D2F5}.ReleaseRTTI|Win32.ActiveCfg = DLL ASM Debug|Win32
		{3DFA7E9D-06E8-431B-B063-93CD8BC2D2F5}.ReleaseRTTI|Win32.Build.0 = DLL ASM Debug|Win32
		{3DFA7E9D-06E8-431B-B063-93CD8BC2D2F5}.ReleaseRTTI|x64.ActiveCfg = DLL ASM Debug|x64
		{3DFA7E9D-06E8-431B-B063-93CD8BC2D2F5}.ReleaseRTTI|x64.Build.0 = DLL ASM Debug|x64
		{3DFA7E9D-06E8-431B-B063-93CD8BC2D2F5}.RelWithDebInfo|Win32.ActiveCfg = DLL ASM Debug|Win32
		{3DFA7E9D-06E8-431B-B063-93CD8BC2D2F5}.RelWithDebInfo|Win32.Build.0 = DLL ASM Debug|Win32
		{3DFA7E9D-06E8-431B-B063-93CD8BC2D2F5}.RelWithDebInfo|x64.ActiveCfg = DLL ASM Debug|x64
		{3DFA7E9D-06E8-431B-B063-93CD8BC2D2F5}.RelWithDebInfo|x64.Build.0 = DLL ASM Debug|x64
		{3DFA7E9D-06E8-431B-B063-93CD8BC2D2F5}.Template|Win32.ActiveCfg = DLL ASM Debug|Win32
		{3DFA7E9D-06E8-431B-B063-93CD8BC2D2F5}.Template|Win32.Build.0 = DLL ASM Debug|Win32
		{3DFA7E9D-06E8-431B-B063-93CD8BC2D2F5}.Template|x64.ActiveCfg = DLL ASM Debug|x64
		{3DFA7E9D-06E8-431B-B063-93CD8BC2D2F5}.Template|x64.Build.0 = DLL ASM Debug|x64
		{E85222DE-B358-457D-BA79-59E88FFB3D29}.Debug|Win32.ActiveCfg = Debug|Win32
		{E85222DE-B358-457D-BA79-59E88FFB3D29}.Debug|Win32.Build.0 = Debug|Win32
		{E85222DE-B358-457D-BA79-59E88FFB3D29}.Debug|x64.ActiveCfg = Debug|x64
		{E85222DE-B358-457D-BA79-59E88FFB3D29}.Debug|x64.Build.0 = Debug|x64
		{E85222DE-B358-457D-BA79-59E88FFB3D29}.DLL ASM Debug|Win32.ActiveCfg = Debug|Win32
		{E85222DE-B358-457D-BA79-59E88FFB3D29}.DLL ASM Debug|Win32.Build.0 = Debug|Win32
		{E85222DE-B358-457D-BA79-59E88FFB3D29}.DLL ASM Debug|x64.ActiveCfg = Debug|x64
		{E85222DE-B358-457D-BA79-59E88FFB3D29}.DLL ASM Debug|x64.Build.0 = Debug|x64
		{E85222DE-B358-457D-BA79-59E88FFB3D29}.DLL ASM Release|Win32.ActiveCfg = Release|Win32
		{E85222DE-B358-457D-BA79-59E88FFB3D29}.DLL ASM Release|Win32.Build.0 = Release|Win32
		{E85222DE-B358-457D-BA79-59E88FFB3D29}.DLL ASM Release|x64.ActiveCfg = Release|x64
		{E85222DE-B358-457D-BA79-59E88FFB3D29}.DLL ASM Release|x64.Build.0 = Release|x64
		{E85222DE-B358-457D-BA79-59E88FFB3D29}.DLL Debug|Win32.ActiveCfg = Debug|Win32
		{E85222DE-B358-457D-BA79-59E88FFB3D29}.DLL Debug|Win32.Build.0 = Debug|Win32
		{E85222DE-B358-457D-BA79-59E88FFB3D29}.DLL Debug|x64.ActiveCfg = Debug|x64
		{E85222DE-B358-457D-BA79-59E88FFB3D29}.DLL Debug|x64.Build.0 = Debug|x64
		{E85222DE-B358-457D-BA79-59E88FFB3D29}.DLL Release|Win32.ActiveCfg = Release|Win32
		{E85222DE-B358-457D-BA79-59E88FFB3D29}.DLL Release|Win32.Build.0 = Release|Win32
		{E85222DE-B358-457D-BA79-59E88FFB3D29}.DLL Release|x64.ActiveCfg = Release|x64
		{E85222DE-B358-457D-BA79-59E88FFB3D29}.DLL Release|x64.Build.0 = Release|x64
		{E85222DE-B358-457D-BA79-59E88FFB3D29}.DLL VB|Win32.ActiveCfg = Debug|Win32
		{E85222DE-B358-457D-BA79-59E88FFB3D29}.DLL VB|Win32.Build.0 = Debug|Win32
		{E85222DE-B358-457D-BA79-59E88FFB3D29}.DLL VB|x64.ActiveCfg = Debug|x64
		{E85222DE-B358-457D-BA79-59E88FFB3D29}.DLL VB|x64.Build.0 = Debug|x64
		{E85222DE-B358-457D-BA79-59E88FFB3D29}.LIB ASM Debug|Win32.ActiveCfg = Debug|Win32
		{E85222DE-B358-457D-BA79-59E88FFB3D29}.LIB ASM Debug|Win32.Build.0 = Debug|Win32
		{E85222DE-B358-457D-BA79-59E88FFB3D29}.LIB ASM Debug|x64.ActiveCfg = Debug|x64
		{E85222DE-B358-457D-BA79-59E88FFB3D29}.LIB ASM Debug|x64.Build.0 = Debug|x64
		{E85222DE-B358-457D-BA79-59E88FFB3D29}.LIB ASM Release|Win32.ActiveCfg = Release|Win32
		{E85222DE-B358-457D-BA79-59E88FFB3D29}.LIB ASM Release|Win32.Build.0 = Release|Win32
		{E85222DE-B358-457D-BA79-59E88FFB3D29}.LIB ASM Release|x64.ActiveCfg = Release|x64
		{E85222DE-B358-457D-BA79-59E88FFB3D29}.LIB ASM Release|x64.Build.0 = Release|x64
		{E85222DE-B358-457D-BA79-59E88FFB3D29}.LIB Debug|Win32.ActiveCfg = Debug|Win32
		{E85222DE-B358-457D-BA79-59E88FFB3D29}.LIB Debug|Win32.Build.0 = Debug|Win32
		{E85222DE-B358-457D-BA79-59E88FFB3D29}.LIB Debug|x64.ActiveCfg = Debug|x64
		{E85222DE-B358-457D-BA79-59E88FFB3D29}.LIB Debug|x64.Build.0 = Debug|x64
		{E85222DE-B358-457D-BA79-59E88FFB3D29}.LIB Release|Win32.ActiveCfg = Release|Win32
		{E85222DE-B358-457D-BA79-59E88FFB3D29}.LIB Release|Win32.Build.0 = Release|Win32
		{E85222DE-B358-457D-BA79-59E88FFB3D29}.LIB Release|x64.ActiveCfg = Release|x64
		{E85222DE-B358-457D-BA79-59E88FFB3D29}.LIB Release|x64.Build.0 = Release|x64
		{E85222DE-B358-457D-BA79-59E88FFB3D29}.MinSizeRel|Win32.ActiveCfg = Release|Win32
		{E85222DE-B358-457D-BA79-59E88FFB3D29}.MinSizeRel|Win32.Build.0 = Release|Win32
		{E85222DE-B358-457D-BA79-59E88FFB3D29}.MinSizeRel|x64.ActiveCfg = Release|x64
		{E85222DE-B358-457D-BA79-59E88FFB3D29}.MinSizeRel|x64.Build.0 = Release|x64
		{E85222DE-B358-457D-BA79-59E88FFB3D29}.Release|Win32.ActiveCfg = Release|Win32
		{E85222DE-B358-457D-BA79-59E88FFB3D29}.Release|Win32.Build.0 = Release|Win32
		{E85222DE-B358-457D-BA79-59E88FFB3D29}.Release|x64.ActiveCfg = Release|x64
		{E85222DE-B358-457D-BA79-59E88FFB3D29}.Release|x64.Build.0 = Release|x64
		{E85222DE-B358-457D-BA79-59E88FFB3D29}.ReleaseRTTI|Win32.ActiveCfg = Release|Win32
		{E85222DE-B358-457D-BA79-59E88FFB3D29}.ReleaseRTTI|Win32.Build.0 = Release|Win32
		{E85222DE-B358-457D-BA79-59E88FFB3D29}.ReleaseRTTI|x64.ActiveCfg = Release|x64
		{E85222DE-B358-457D-BA79-59E88FFB3D29}.ReleaseRTTI|x64.Build.0 = Release|x64
		{E85222DE-B358-457D-BA79-59E88FFB3D29}.RelWithDebInfo|Win32.ActiveCfg = Release|Win32
		{E85222DE-B358-457D-BA79-59E88FFB3D29}.RelWithDebInfo|Win32.Build.0 = Release|Win32
		{E85222DE-B358-457D-BA79-59E88FFB3D29}.RelWithDebInfo|x64.ActiveCfg = Release|x64
		{E85222DE-B358-457D-BA79-59E88FFB3D29}.RelWithDebInfo|x64.Build.0 = Release|x64
		{E85222DE-B358-457D-BA79-59E88FFB3D29}.Template|Win32.ActiveCfg = Release|Win32
		{E85222DE-B358-457D-BA79-59E88FFB3D29}.Template|Win32.Build.0 = Release|Win32
		{E85222DE-B358-457D-BA79-59E88FFB3D29}.Template|x64.ActiveCfg = Release|x64
		{E85222DE-B358-457D-BA79-59E88FFB3D29}.Template|x64.Build.0 = Release|x64
		{66B080B3-BC89-491B-A411-772E4708F277}.Debug|Win32.ActiveCfg = Debug|Win32
		{66B080B3-BC89-491B-A411-772E4708F277}.Debug|Win32.Build.0 = Debug|Win32
		{66B080B3-BC89-491B-A411-772E4708F277}.Debug|x64.ActiveCfg = Debug|x64
		{66B080B3-BC89-491B-A411-772E4708F277}.Debug|x64.Build.0 = Debug|x64
		{66B080B3-BC89-491B-A411-772E4708F277}.DLL ASM Debug|Win32.ActiveCfg = Debug|Win32
		{66B080B3-BC89-491B-A411-772E4708F277}.DLL ASM Debug|Win32.Build.0 = Debug|Win32
		{66B080B3-BC89-491B-A411-772E4708F277}.DLL ASM Debug|x64.ActiveCfg = Debug|x64
		{66B080B3-BC89-491B-A411-772E4708F277}.DLL ASM Debug|x64.Build.0 = Debug|x64
		{66B080B3-BC89-491B-A411-772E4708F277}.DLL ASM Release|Win32.ActiveCfg = Release|Win32
		{66B080B3-BC89-491B-A411-772E4708F277}.DLL ASM Release|Win32.Build.0 = Release|Win32
		{66B080B3-BC89-491B-A411-772E4708F277}.DLL ASM Release|x64.ActiveCfg = Release|x64
		{66B080B3-BC89-491B-A411-772E4708F277}.DLL ASM Release|x64.Build.0 = Release|x64
		{66B080B3-BC89-491B-A411-772E4708F277}.DLL Debug|Win32.ActiveCfg = Debug|Win32
		{66B080B3-BC89-491B-A411-772E4708F277}.DLL Debug|Win32.Build.0 = Debug|Win32
		{66B080B3-BC89-491B-A411-772E4708F277}.DLL Debug|x64.ActiveCfg = Debug|x64
		{66B080B3-BC89-491B-A411-772E4708F277}.DLL Debug|x64.Build.0 = Debug|x64
		{66B080B3-BC89-491B-A411-772E4708F277}.DLL Release|Win32.ActiveCfg = Release|Win32
		{66B080B3-BC89-491B-A411-772E4708F277}.DLL Release|Win32.Build.0 = Release|Win32
		{66B080B3-BC89-491B-A411-772E4708F277}.DLL Release|x64.ActiveCfg = Release|x64
		{66B080B3-BC89-491B-A411-772E4708F277}.DLL Release|x64.Build.0 = Release|x64
		{66B080B3-BC89-491B-A411-772E4708F277}.DLL VB|Win32.ActiveCfg = Debug|Win32
		{66B080B3-BC89-491B-A411-772E4708F277}.DLL VB|Win32.Build.0 = Debug|Win32
		{66B080B3-BC89-491B-A411-772E4708F277}.DLL VB|x64.ActiveCfg = Debug|x64
		{66B080B3-BC89-491B-A411-772E4708F277}.DLL VB|x64.Build.0 = Debug|x64
		{66B080B3-BC89-491B-A411-772E4708F277}.LIB ASM Debug|Win32.ActiveCfg = Debug|Win32
		{66B080B3-BC89-491B-A411-772E4708F277}.LIB ASM Debug|Win32.Build.0 = Debug|Win32
		{66B080B3-BC89-491B-A411-772E4708F277}.LIB ASM Debug|x64.ActiveCfg = Debug|x64
		{66B080B3-BC89-491B-A411-772E4708F277}.LIB ASM Debug|x64.Build.0 = Debug|x64
		{66B080B3-BC89-491B-A411-772E4708F277}.LIB ASM Release|Win32.ActiveCfg = Release|Win32
		{66B080B3-BC89-491B-A411-772E4708F277}.LIB ASM Release|Win32.Build.0 = Release|Win32
		{66B080B3-BC89-491B-A411-772E4708F277}.LIB ASM Release|x64.ActiveCfg = Release|x64
		{66B080B3-BC89-491B-A411-772E4708F277}.LIB ASM Release|x64.Build.0 = Release|x64
		{66B080B3-BC89-491B-A411-772E4708F277}.LIB Debug|Win32.ActiveCfg = Debug|Win32
		{66B080B3-BC89-491B-A411-772E4708F277}.LIB Debug|Win32.Build.0 = Debug|Win32
		{66B080B3-BC89-491B-A411-772E4708F277}.LIB Debug|x64.ActiveCfg = Debug|x64
		{66B080B3-BC89-491B-A411-772E4708F277}.LIB Debug|x64.Build.0 = Debug|x64
		{66B080B3-BC89-491B-A411-772E4708F277}.LIB Release|Win32.ActiveCfg = Release|Win32
		{66B080B3-BC89-491B-A411-772E4708F277}.LIB Release|Win32.Build.0 = Release|Win32
		{66B080B3-BC89-491B-A411-772E4708F277}.LIB Release|x64.ActiveCfg = Release|x64
		{66B080B3-BC89-491B-A411-772E4708F277}.LIB Release|x64.Build.0 = Release|x64
		{66B080B3-BC89-491B-A411-772E4708F277}.MinSizeRel|Win32.ActiveCfg = Release|Win32
		{66B080B3-BC89-491B-A411-772E4708F277}.MinSizeRel|Win32.Build.0 = Release|Win32
		{66B080B3-BC89-491B-A411-772E4708F277}.MinSizeRel|x64.ActiveCfg = Release|x64
		{66B080B3-BC89-491B-A411-772E4708F277}.MinSizeRel|x64.Build.0 = Release|x64
		{66B080B3-BC89-491B-A411-772E4708F277}.Release|Win32.ActiveCfg = Release|Win32
		{66B080B3-BC89-491B-A411-772E4708F277}.Release|Win32.Build.0 = Release|Win32
		{66B080B3-BC89-491B-A411-772E4708F277}.Release|x64.ActiveCfg = Release|x64
		{66B080B3-BC89-491B-A411-772E4708F277}.Release|x64.Build.0 = Release|x64
		{66B080B3-BC89-491B-A411-772E4708F277}.ReleaseRTTI|Win32.ActiveCfg = Release|Win32
		{66B080B3-BC89-491B-A411-772E4708F277}.ReleaseRTTI|Win32.Build.0 = Release|Win32
		{66B080B3-BC89-491B-A411-772E4708F277}.ReleaseRTTI|x64.ActiveCfg = Release|x64
		{66B080B3-BC89-491B-A411-772E4708F277}.ReleaseRTTI|x64.Build.0 = Release|x64
		{66B080B3-BC89-491B-A411-772E4708F277}.RelWithDebInfo|Win32.ActiveCfg = Release|Win32
		{66B080B3-BC89-491B-A411-772E4708F277}.RelWithDebInfo|Win32.Build.0 = Release|Win32
		{66B080B3-BC89-491B-A411-772E4708F277}.RelWithDebInfo|x64.ActiveCfg = Release|x64
		{66B080B3-BC89-491B-A411-772E4708F277}.RelWithDebInfo|x64.Build.0 = Release|x64
		{66B080B3-BC89-491B-A411-772E4708F277}.Template|Win32.ActiveCfg = Release|Win32
		{66B080B3-BC89-491B-A411-772E4708F277}.Template|Win32.Build.0 = Release|Win32
		{66B080B3-BC89-491B-A411-772E4708F277}.Template|x64.ActiveCfg = Release|x64
		{66B080B3-BC89-491B-A411-772E4708F277}.Template|x64.Build.0 = Release|x64
		{B7D1044C-39AC-46D0-ADF8-8D6EA40B21A8}.Debug|Win32.ActiveCfg = Debug|Win32
		{B7D1044C-39AC-46D0-ADF8-8D6EA40B21A8}.Debug|Win32.Build.0 = Debug|Win32
		{B7D1044C-39AC-46D0-ADF8-8D6EA40B21A8}.Debug|x64.ActiveCfg = Debug|x64
		{B7D1044C-39AC-46D0-ADF8-8D6EA40B21A8}.Debug|x64.Build.0 = Debug|x64
		{B7D1044C-39AC-46D0-ADF8-8D6EA40B21A8}.DLL ASM Debug|Win32.ActiveCfg = Debug|Win32
		{B7D1044C-39AC-46D0-ADF8-8D6EA40B21A8}.DLL ASM Debug|Win32.Build.0 = Debug|Win32
		{B7D1044C-39AC-46D0-ADF8-8D6EA40B21A8}.DLL ASM Debug|x64.ActiveCfg = Debug|x64
		{B7D1044C-39AC-46D0-ADF8-8D6EA40B21A8}.DLL ASM Debug|x64.Build.0 = Debug|x64
		{B7D1044C-39AC-46D0-ADF8-8D6EA40B21A8}.DLL ASM Release|Win32.ActiveCfg = Release|Win32
		{B7D1044C-39AC-46D0-ADF8-8D6EA40B21A8}.DLL ASM Release|Win32.Build.0 = Release|Win32
		{B7D1044C-39AC-46D0-ADF8-8D6EA40B21A8}.DLL ASM Release|x64.ActiveCfg = Release|x64
		{B7D1044C-39AC-46D0-ADF8-8D6EA40B21A8}.DLL ASM Release|x64.Build.0 = Release|x64
		{B7D1044C-39AC-46D0-ADF8-8D6EA40B21A8}.DLL Debug|Win32.ActiveCfg = Debug|Win32
		{B7D1044C-39AC-46D0-ADF8-8D6EA40B21A8}.DLL Debug|Win32.Build.0 = Debug|Win32
		{B7D1044C-39AC-46D0-ADF8-8D6EA40B21A8}.DLL Debug|x64.ActiveCfg = Debug|x64
		{B7D1044C-39AC-46D0-ADF8-8D6EA40B21A8}.DLL Debug|x64.Build.0 = Debug|x64
		{B7D1044C-39AC-46D0-ADF8-8D6EA40B21A8}.DLL Release|Win32.ActiveCfg = Release|Win32
		{B7D1044C-39AC-46D0-ADF8-8D6EA40B21A8}.DLL Release|Win32.Build.0 = Release|Win32
		{B7D1044C-39AC-46D0-ADF8-8D6EA40B21A8}.DLL Release|x64.ActiveCfg = Release|x64
		{B7D1044C-39AC-46D0-ADF8-8D6EA40B21A8}.DLL Release|x64.Build.0 = Release|x64
		{B7D1044C-39AC-46D0-ADF8-8D6EA40B21A8}.DLL VB|Win32.ActiveCfg = Debug|Win32
		{B7D1044C-39AC-46D0-ADF8-8D6EA40B21A8}.DLL VB|Win32.Build.0 = Debug|Win32
		{B7D1044C-39AC-46D0-ADF8-8D6EA40B21A8}.DLL VB|x64.ActiveCfg = Debug|x64
		{B7D1044C-39AC-46D0-ADF8-8D6EA40B21A8}.DLL VB|x64.Build.0 = Debug|x64
		{B7D1044C-39AC-46D0-ADF8-8D6EA40B21A8}.LIB ASM Debug|Win32.ActiveCfg = Debug|Win32
		{B7D1044C-39AC-46D0-ADF8-8D6EA40B21A8}.LIB ASM Debug|Win32.Build.0 = Debug|Win32
		{B7D1044C-39AC-46D0-ADF8-8D6EA40B21A8}.LIB ASM Debug|x64.ActiveCfg = Debug|x64
		{B7D1044C-39AC-46D0-ADF8-8D6EA40B21A8}.LIB ASM Debug|x64.Build.0 = Debug|x64
		{B7D1044C-39AC-46D0-ADF8-8D6EA40B21A8}.LIB ASM Release|Win32.ActiveCfg = Release|Win32
		{B7D1044C-39AC-46D0-ADF8-8D6EA40B21A8}.LIB ASM Release|Win32.Build.0 = Release|Win32
		{B7D1044C-39AC-46D0-ADF8-8D6EA40B21A8}.LIB ASM Release|x64.ActiveCfg = Release|x64
		{B7D1044C-39AC-46D0-ADF8-8D6EA40B21A8}.LIB ASM Release|x64.Build.0 = Release|x64
		{B7D1044C-39AC-46D0-ADF8-8D6EA40B21A8}.LIB Debug|Win32.ActiveCfg = Debug|Win32
		{B7D1044C-39AC-46D0-ADF8-8D6EA40B21A8}.LIB Debug|Win32.Build.0 = Debug|Win32
		{B7D1044C-39AC-46D0-ADF8-8D6EA40B21A8}.LIB Debug|x64.ActiveCfg = Debug|x64
		{B7D1044C-39AC-46D0-ADF8-8D6EA40B21A8}.LIB Debug|x64.Build.0 = Debug|x64
		{B7D1044C-39AC-46D0-ADF8-8D6EA40B21A8}.LIB Release|Win32.ActiveCfg = Release|Win32
		{B7D1044C-39AC-46D0-ADF8-8D6EA40B21A8}.LIB Release|Win32.Build.0 = Release|Win32
		{B7D1044C-39AC-46D0-ADF8-8D6EA40B21A8}.LIB Release|x64.ActiveCfg = Release|x64
		{B7D1044C-39AC-46D0-ADF8-8D6EA40B21A8}.LIB Release|x64.Build.0 = Release|x64
		{B7D1044C-39AC-46D0-ADF8-8D6EA40B21A8}.MinSizeRel|Win32.ActiveCfg = Release|Win32
		{B7D1044C-39AC-46D0-ADF8-8D6EA40B21A8}.MinSizeRel|Win32.Build.0 = Release|Win32
		{B7D1044C-39AC-46D0-ADF8-8D6EA40B21A8}.MinSizeRel|x64.ActiveCfg = Release|x64
		{B7D1044C-39AC-46D0-ADF8-8D6EA40B21A8}.MinSizeRel|x64.Build.0 = Release|x64
		{B7D1044C-39AC-46D0-ADF8-8D6EA40B21A8}.Release|Win32.ActiveCfg = Release|Win32
		{B7D1044C-39AC-46D0-ADF8-8D6EA40B21A8}.Release|Win32.Build.0 = Release|Win32
		{B7D1044C-39AC-46D0-ADF8-8D6EA40B21A8}.Release|x64.ActiveCfg = Release|x64
		{B7D1044C-39AC-46D0-ADF8-8D6EA40B21A8}.Release|x64.Build.0 = Release|x64
		{B7D1044C-39AC-46D0-ADF8-8D6EA40B21A8}.ReleaseRTTI|Win32.ActiveCfg = Release|Win32
		{B7D1044C-39AC-46D0-ADF8-8D6EA40B21A8}.ReleaseRTTI|Win32.Build.0 = Release|Win32
		{B7D1044C-39AC-46D0-ADF8-8D6EA40B21A8}.ReleaseRTTI|x64.ActiveCfg = Release|x64
		{B7D1044C-39AC-46D0-ADF8-8D6EA40B21A8}.ReleaseRTTI|x64.Build.0 = Release|x64
		{B7D1044C-39AC-46D0-ADF8-8D6EA40B21A8}.RelWithDebInfo|Win32.ActiveCfg = Release|Win32
		{B7D1044C-39AC-46D0-ADF8-8D6EA40B21A8}.RelWithDebInfo|Win32.Build.0 = Release|Win32
		{B7D1044C-39AC-46D0-ADF8-8D6EA40B21A8}.RelWithDebInfo|x64.ActiveCfg = Release|x64
		{B7D1044C-39AC-46D0-ADF8-8D6EA40B21A8}.RelWithDebInfo|x64.Build.0 = Release|x64
		{B7D1044C-39AC-46D0-ADF8-8D6EA40B21A8}.Template|Win32.ActiveCfg = Release|Win32
		{B7D1044C-39AC-46D0-ADF8-8D6EA40B21A8}.Template|Win32.Build.0 = Release|Win32
		{B7D1044C-39AC-46D0-ADF8-8D6EA40B21A8}.Template|x64.ActiveCfg = Release|x64
		{B7D1044C-39AC-46D0-ADF8-8D6EA40B21A8}.Template|x64.Build.0 = Release|x64
		{0008960E-E0DD-41A6-8265-00B31DDB4C21}.Debug|Win32.ActiveCfg = LIB Debug|Win32
		{0008960E-E0DD-41A6-8265-00B31DDB4C21}.Debug|Win32.Build.0 = LIB Debug|Win32
		{0008960E-E0DD-41A6-8265-00B31DDB4C21}.Debug|x64.ActiveCfg = LIB Debug|x64
		{0008960E-E0DD-41A6-8265-00B31DDB4C21}.Debug|x64.Build.0 = LIB Debug|x64
		{0008960E-E0DD-41A6-8265-00B31DDB4C21}.DLL ASM Debug|Win32.ActiveCfg = DLL Debug|Win32
		{0008960E-E0DD-41A6-8265-00B31DDB4C21}.DLL ASM Debug|Win32.Build.0 = DLL Debug|Win32
		{0008960E-E0DD-41A6-8265-00B31DDB4C21}.DLL ASM Debug|x64.ActiveCfg = DLL Debug|x64
		{0008960E-E0DD-41A6-8265-00B31DDB4C21}.DLL ASM Debug|x64.Build.0 = DLL Debug|x64
		{0008960E-E0DD-41A6-8265-00B31DDB4C21}.DLL ASM Release|Win32.ActiveCfg = DLL Debug|Win32
		{0008960E-E0DD-41A6-8265-00B31DDB4C21}.DLL ASM Release|Win32.Build.0 = DLL Debug|Win32
		{0008960E-E0DD-41A6-8265-00B31DDB4C21}.DLL ASM Release|x64.ActiveCfg = DLL Debug|x64
		{0008960E-E0DD-41A6-8265-00B31DDB4C21}.DLL ASM Release|x64.Build.0 = DLL Debug|x64
		{0008960E-E0DD-41A6-8265-00B31DDB4C21}.DLL Debug|Win32.ActiveCfg = DLL Debug|Win32
		{0008960E-E0DD-41A6-8265-00B31DDB4C21}.DLL Debug|Win32.Build.0 = DLL Debug|Win32
		{0008960E-E0DD-41A6-8265-00B31DDB4C21}.DLL Debug|x64.ActiveCfg = DLL Debug|x64
		{0008960E-E0DD-41A6-8265-00B31DDB4C21}.DLL Debug|x64.Build.0 = DLL Debug|x64
		{0008960E-E0DD-41A6-8265-00B31DDB4C21}.DLL Release|Win32.ActiveCfg = DLL Release|Win32
		{0008960E-E0DD-41A6-8265-00B31DDB4C21}.DLL Release|Win32.Build.0 = DLL Release|Win32
		{0008960E-E0DD-41A6-8265-00B31DDB4C21}.DLL Release|x64.ActiveCfg = DLL Release|x64
		{0008960E-E0DD-41A6-8265-00B31DDB4C21}.DLL Release|x64.Build.0 = DLL Release|x64
		{0008960E-E0DD-41A6-8265-00B31DDB4C21}.DLL VB|Win32.ActiveCfg = DLL VB|Win32
		{0008960E-E0DD-41A6-8265-00B31DDB4C21}.DLL VB|Win32.Build.0 = DLL VB|Win32
		{0008960E-E0DD-41A6-8265-00B31DDB4C21}.DLL VB|x64.ActiveCfg = DLL VB|x64
		{0008960E-E0DD-41A6-8265-00B31DDB4C21}.DLL VB|x64.Build.0 = DLL VB|x64
		{0008960E-E0DD-41A6-8265-00B31DDB4C21}.LIB ASM Debug|Win32.ActiveCfg = LIB Release|Win32
		{0008960E-E0DD-41A6-8265-00B31DDB4C21}.LIB ASM Debug|Win32.Build.0 = LIB Release|Win32
		{0008960E-E0DD-41A6-8265-00B31DDB4C21}.LIB ASM Debug|x64.ActiveCfg = LIB Release|x64
		{0008960E-E0DD-41A6-8265-00B31DDB4C21}.LIB ASM Debug|x64.Build.0 = LIB Release|x64
		{0008960E-E0DD-41A6-8265-00B31DDB4C21}.LIB ASM Release|Win32.ActiveCfg = LIB Release|Win32
		{0008960E-E0DD-41A6-8265-00B31DDB4C21}.LIB ASM Release|Win32.Build.0 = LIB Release|Win32
		{0008960E-E0DD-41A6-8265-00B31DDB4C21}.LIB ASM Release|x64.ActiveCfg = LIB Release|x64
		{0008960E-E0DD-41A6-8265-00B31DDB4C21}.LIB ASM Release|x64.Build.0 = LIB Release|x64
		{0008960E-E0DD-41A6-8265-00B31DDB4C21}.LIB Debug|Win32.ActiveCfg = LIB Debug|Win32
		{0008960E-E0DD-41A6-8265-00B31DDB4C21}.LIB Debug|Win32.Build.0 = LIB Debug|Win32
		{0008960E-E0DD-41A6-8265-00B31DDB4C21}.LIB Debug|x64.ActiveCfg = LIB Debug|x64
		{0008960E-E0DD-41A6-8265-00B31DDB4C21}.LIB Debug|x64.Build.0 = LIB Debug|x64
		{0008960E-E0DD-41A6-8265-00B31DDB4C21}.LIB Release|Win32.ActiveCfg = LIB Release|Win32
		{0008960E-E0DD-41A6-8265-00B31DDB4C21}.LIB Release|Win32.Build.0 = LIB Release|Win32
		{0008960E-E0DD-41A6-8265-00B31DDB4C21}.LIB Release|x64.ActiveCfg = LIB Release|x64
		{0008960E-E0DD-41A6-8265-00B31DDB4C21}.LIB Release|x64.Build.0 = LIB Release|x64
		{0008960E-E0DD-41A6-8265-00B31DDB4C21}.MinSizeRel|Win32.ActiveCfg = LIB Release|Win32
		{0008960E-E0DD-41A6-8265-00B31DDB4C21}.MinSizeRel|Win32.Build.0 = LIB Release|Win32
		{0008960E-E0DD-41A6-8265-00B31DDB4C21}.MinSizeRel|x64.ActiveCfg = LIB Release|x64
		{0008960E-E0DD-41A6-8265-00B31DDB4C21}.MinSizeRel|x64.Build.0 = LIB Release|x64
		{0008960E-E0DD-41A6-8265-00B31DDB4C21}.Release|Win32.ActiveCfg = LIB Release|Win32
		{0008960E-E0DD-41A6-8265-00B31DDB4C21}.Release|Win32.Build.0 = LIB Release|Win32
		{0008960E-E0DD-41A6-8265-00B31DDB4C21}.Release|x64.ActiveCfg = LIB Release|x64
		{0008960E-E0DD-41A6-8265-00B31DDB4C21}.Release|x64.Build.0 = LIB Release|x64
		{0008960E-E0DD-41A6-8265-00B31DDB4C21}.ReleaseRTTI|Win32.ActiveCfg = LIB Release|Win32
		{0008960E-E0DD-41A6-8265-00B31DDB4C21}.ReleaseRTTI|Win32.Build.0 = LIB Release|Win32
		{0008960E-E0DD-41A6-8265-00B31DDB4C21}.ReleaseRTTI|x64.ActiveCfg = LIB Release|x64
		{0008960E-E0DD-41A6-8265-00B31DDB4C21}.ReleaseRTTI|x64.Build.0 = LIB Release|x64
		{0008960E-E0DD-41A6-8265-00B31DDB4C21}.RelWithDebInfo|Win32.ActiveCfg = LIB Release|Win32
		{0008960E-E0DD-41A6-8265-00B31DDB4C21}.RelWithDebInfo|Win32.Build.0 = LIB Release|Win32
		{0008960E-E0DD-41A6-8265-00B31DDB4C21}.RelWithDebInfo|x64.ActiveCfg = LIB Release|x64
		{0008960E-E0DD-41A6-8265-00B31DDB4C21}.RelWithDebInfo|x64.Build.0 = LIB Release|x64
		{0008960E-E0DD-41A6-8265-00B31DDB4C21}.Template|Win32.ActiveCfg = LIB Release|Win32
		{0008960E-E0DD-41A6-8265-00B31DDB4C21}.Template|Win32.Build.0 = LIB Release|Win32
		{0008960E-E0DD-41A6-8265-00B31DDB4C21}.Template|x64.ActiveCfg = LIB Release|x64
		{0008960E-E0DD-41A6-8265-00B31DDB4C21}.Template|x64.Build.0 = LIB Release|x64
		{019DBD2A-273D-4BA4-BF86-B5EFE2ED76B1}.Debug|Win32.ActiveCfg = Debug|Win32
		{019DBD2A-273D-4BA4-BF86-B5EFE2ED76B1}.Debug|Win32.Build.0 = Debug|Win32
		{019DBD2A-273D-4BA4-BF86-B5EFE2ED76B1}.Debug|x64.ActiveCfg = Debug|x64
		{019DBD2A-273D-4BA4-BF86-B5EFE2ED76B1}.Debug|x64.Build.0 = Debug|x64
		{019DBD2A-273D-4BA4-BF86-B5EFE2ED76B1}.DLL ASM Debug|Win32.ActiveCfg = Debug|Win32
		{019DBD2A-273D-4BA4-BF86-B5EFE2ED76B1}.DLL ASM Debug|Win32.Build.0 = Debug|Win32
		{019DBD2A-273D-4BA4-BF86-B5EFE2ED76B1}.DLL ASM Debug|x64.ActiveCfg = Debug|Win32
		{019DBD2A-273D-4BA4-BF86-B5EFE2ED76B1}.DLL ASM Release|Win32.ActiveCfg = Release|Win32
		{019DBD2A-273D-4BA4-BF86-B5EFE2ED76B1}.DLL ASM Release|Win32.Build.0 = Release|Win32
		{019DBD2A-273D-4BA4-BF86-B5EFE2ED76B1}.DLL ASM Release|x64.ActiveCfg = Release|Win32
		{019DBD2A-273D-4BA4-BF86-B5EFE2ED76B1}.DLL Debug|Win32.ActiveCfg = Debug|Win32
		{019DBD2A-273D-4BA4-BF86-B5EFE2ED76B1}.DLL Debug|Win32.Build.0 = Debug|Win32
		{019DBD2A-273D-4BA4-BF86-B5EFE2ED76B1}.DLL Debug|x64.ActiveCfg = Debug|Win32
		{019DBD2A-273D-4BA4-BF86-B5EFE2ED76B1}.DLL Release|Win32.ActiveCfg = Release|Win32
		{019DBD2A-273D-4BA4-BF86-B5EFE2ED76B1}.DLL Release|Win32.Build.0 = Release|Win32
		{019DBD2A-273D-4BA4-BF86-B5EFE2ED76B1}.DLL Release|x64.ActiveCfg = Release|Win32
		{019DBD2A-273D-4BA4-BF86-B5EFE2ED76B1}.DLL VB|Win32.ActiveCfg = Debug|Win32
		{019DBD2A-273D-4BA4-BF86-B5EFE2ED76B1}.DLL VB|Win32.Build.0 = Debug|Win32
		{019DBD2A-273D-4BA4-BF86-B5EFE2ED76B1}.DLL VB|x64.ActiveCfg = Debug|Win32
		{019DBD2A-273D-4BA4-BF86-B5EFE2ED76B1}.LIB ASM Debug|Win32.ActiveCfg = Debug|Win32
		{019DBD2A-273D-4BA4-BF86-B5EFE2ED76B1}.LIB ASM Debug|Win32.Build.0 = Debug|Win32
		{019DBD2A-273D-4BA4-BF86-B5EFE2ED76B1}.LIB ASM Debug|x64.ActiveCfg = Debug|Win32
		{019DBD2A-273D-4BA4-BF86-B5EFE2ED76B1}.LIB ASM Release|Win32.ActiveCfg = Release|Win32
		{019DBD2A-273D-4BA4-BF86-B5EFE2ED76B1}.LIB ASM Release|Win32.Build.0 = Release|Win32
		{019DBD2A-273D-4BA4-BF86-B5EFE2ED76B1}.LIB ASM Release|x64.ActiveCfg = Release|Win32
		{019DBD2A-273D-4BA4-BF86-B5EFE2ED76B1}.LIB Debug|Win32.ActiveCfg = Debug|Win32
		{019DBD2A-273D-4BA4-BF86-B5EFE2ED76B1}.LIB Debug|Win32.Build.0 = Debug|Win32
		{019DBD2A-273D-4BA4-BF86-B5EFE2ED76B1}.LIB Debug|x64.ActiveCfg = Debug|Win32
		{019DBD2A-273D-4BA4-BF86-B5EFE2ED76B1}.LIB Release|Win32.ActiveCfg = Release|Win32
		{019DBD2A-273D-4BA4-BF86-B5EFE2ED76B1}.LIB Release|Win32.Build.0 = Release|Win32
		{019DBD2A-273D-4BA4-BF86-B5EFE2ED76B1}.LIB Release|x64.ActiveCfg = Release|Win32
		{019DBD2A-273D-4BA4-BF86-B5EFE2ED76B1}.MinSizeRel|Win32.ActiveCfg = Release|Win32
		{019DBD2A-273D-4BA4-BF86-B5EFE2ED76B1}.MinSizeRel|Win32.Build.0 = Release|Win32
		{019DBD2A-273D-4BA4-BF86-B5EFE2ED76B1}.MinSizeRel|x64.ActiveCfg = Release|Win32
		{019DBD2A-273D-4BA4-BF86-B5EFE2ED76B1}.Release|Win32.ActiveCfg = Release|Win32
		{019DBD2A-273D-4BA4-BF86-B5EFE2ED76B1}.Release|Win32.Build.0 = Release|Win32
		{019DBD2A-273D-4BA4-BF86-B5EFE2ED76B1}.Release|x64.ActiveCfg = Release|x64
		{019DBD2A-273D-4BA4-BF86-B5EFE2ED76B1}.Release|x64.Build.0 = Release|x64
		{019DBD2A-273D-4BA4-BF86-B5EFE2ED76B1}.ReleaseRTTI|Win32.ActiveCfg = Release|Win32
		{019DBD2A-273D-4BA4-BF86-B5EFE2ED76B1}.ReleaseRTTI|Win32.Build.0 = Release|Win32
		{019DBD2A-273D-4BA4-BF86-B5EFE2ED76B1}.ReleaseRTTI|x64.ActiveCfg = Release|Win32
		{019DBD2A-273D-4BA4-BF86-B5EFE2ED76B1}.RelWithDebInfo|Win32.ActiveCfg = Release|Win32
		{019DBD2A-273D-4BA4-BF86-B5EFE2ED76B1}.RelWithDebInfo|Win32.Build.0 = Release|Win32
		{019DBD2A-273D-4BA4-BF86-B5EFE2ED76B1}.RelWithDebInfo|x64.ActiveCfg = Release|Win32
		{019DBD2A-273D-4BA4-BF86-B5EFE2ED76B1}.Template|Win32.ActiveCfg = Release|Win32
		{019DBD2A-273D-4BA4-BF86-B5EFE2ED76B1}.Template|Win32.Build.0 = Release|Win32
		{019DBD2A-273D-4BA4-BF86-B5EFE2ED76B1}.Template|x64.ActiveCfg = Release|Win32
		{C7F3C2D2-CAB6-EE4D-8CC0-AB6ADAAD0A5D}.Debug|Win32.ActiveCfg = Debug|Win32
		{C7F3C2D2-CAB6-EE4D-8CC0-AB6ADAAD0A5D}.Debug|Win32.Build.0 = Debug|Win32
		{C7F3C2D2-CAB6-EE4D-8CC0-AB6ADAAD0A5D}.Debug|x64.ActiveCfg = Debug|x64
		{C7F3C2D2-CAB6-EE4D-8CC0-AB6ADAAD0A5D}.Debug|x64.Build.0 = Debug|x64
		{C7F3C2D2-CAB6-EE4D-8CC0-AB6ADAAD0A5D}.DLL ASM Debug|Win32.ActiveCfg = Debug|Win32
		{C7F3C2D2-CAB6-EE4D-8CC0-AB6ADAAD0A5D}.DLL ASM Debug|Win32.Build.0 = Debug|Win32
		{C7F3C2D2-CAB6-EE4D-8CC0-AB6ADAAD0A5D}.DLL ASM Debug|x64.ActiveCfg = Debug|x64
		{C7F3C2D2-CAB6-EE4D-8CC0-AB6ADAAD0A5D}.DLL ASM Debug|x64.Build.0 = Debug|x64
		{C7F3C2D2-CAB6-EE4D-8CC0-AB6ADAAD0A5D}.DLL ASM Release|Win32.ActiveCfg = Release|Win32
		{C7F3C2D2-CAB6-EE4D-8CC0-AB6ADAAD0A5D}.DLL ASM Release|Win32.Build.0 = Release|Win32
		{C7F3C2D2-CAB6-EE4D-8CC0-AB6ADAAD0A5D}.DLL ASM Release|x64.ActiveCfg = Release|x64
		{C7F3C2D2-CAB6-EE4D-8CC0-AB6ADAAD0A5D}.DLL ASM Release|x64.Build.0 = Release|x64
		{C7F3C2D2-CAB6-EE4D-8CC0-AB6ADAAD0A5D}.DLL Debug|Win32.ActiveCfg = Debug|Win32
		{C7F3C2D2-CAB6-EE4D-8CC0-AB6ADAAD0A5D}.DLL Debug|Win32.Build.0 = Debug|Win32
		{C7F3C2D2-CAB6-EE4D-8CC0-AB6ADAAD0A5D}.DLL Debug|x64.ActiveCfg = Debug|x64
		{C7F3C2D2-CAB6-EE4D-8CC0-AB6ADAAD0A5D}.DLL Debug|x64.Build.0 = Debug|x64
		{C7F3C2D2-CAB6-EE4D-8CC0-AB6ADAAD0A5D}.DLL Release|Win32.ActiveCfg = Release|Win32
		{C7F3C2D2-CAB6-EE4D-8CC0-AB6ADAAD0A5D}.DLL Release|Win32.Build.0 = Release|Win32
		{C7F3C2D2-CAB6-EE4D-8CC0-AB6ADAAD0A5D}.DLL Release|x64.ActiveCfg = Release|x64
		{C7F3C2D2-CAB6-EE4D-8CC0-AB6ADAAD0A5D}.DLL Release|x64.Build.0 = Release|x64
		{C7F3C2D2-CAB6-EE4D-8CC0-AB6ADAAD0A5D}.DLL VB|Win32.ActiveCfg = Debug|Win32
		{C7F3C2D2-CAB6-EE4D-8CC0-AB6ADAAD0A5D}.DLL VB|Win32.Build.0 = Debug|Win32
		{C7F3C2D2-CAB6-EE4D-8CC0-AB6ADAAD0A5D}.DLL VB|x64.ActiveCfg = Debug|x64
		{C7F3C2D2-CAB6-EE4D-8CC0-AB6ADAAD0A5D}.DLL VB|x64.Build.0 = Debug|x64
		{C7F3C2D2-CAB6-EE4D-8CC0-AB6ADAAD0A5D}.LIB ASM Debug|Win32.ActiveCfg = Debug|Win32
		{C7F3C2D2-CAB6-EE4D-8CC0-AB6ADAAD0A5D}.LIB ASM Debug|Win32.Build.0 = Debug|Win32
		{C7F3C2D2-CAB6-EE4D-8CC0-AB6ADAAD0A5D}.LIB ASM Debug|x64.ActiveCfg = Debug|x64
		{C7F3C2D2-CAB6-EE4D-8CC0-AB6ADAAD0A5D}.LIB ASM Debug|x64.Build.0 = Debug|x64
		{C7F3C2D2-CAB6-EE4D-8CC0-AB6ADAAD0A5D}.LIB ASM Release|Win32.ActiveCfg = Release|Win32
		{C7F3C2D2-CAB6-EE4D-8CC0-AB6ADAAD0A5D}.LIB ASM Release|Win32.Build.0 = Release|Win32
		{C7F3C2D2-CAB6-EE4D-8CC0-AB6ADAAD0A5D}.LIB ASM Release|x64.ActiveCfg = Release|x64
		{C7F3C2D2-CAB6-EE4D-8CC0-AB6ADAAD0A5D}.LIB ASM Release|x64.Build.0 = Release|x64
		{C7F3C2D2-CAB6-EE4D-8CC0-AB6ADAAD0A5D}.LIB Debug|Win32.ActiveCfg = Debug|Win32
		{C7F3C2D2-CAB6-EE4D-8CC0-AB6ADAAD0A5D}.LIB Debug|Win32.Build.0 = Debug|Win32
		{C7F3C2D2-CAB6-EE4D-8CC0-AB6ADAAD0A5D}.LIB Debug|x64.ActiveCfg = Debug|x64
		{C7F3C2D2-CAB6-EE4D-8CC0-AB6ADAAD0A5D}.LIB Debug|x64.Build.0 = Debug|x64
		{C7F3C2D2-CAB6-EE4D-8CC0-AB6ADAAD0A5D}.LIB Release|Win32.ActiveCfg = Release|Win32
		{C7F3C2D2-CAB6-EE4D-8CC0-AB6ADAAD0A5D}.LIB Release|Win32.Build.0 = Release|Win32
		{C7F3C2D2-CAB6-EE4D-8CC0-AB6ADAAD0A5D}.LIB Release|x64.ActiveCfg = Release|x64
		{C7F3C2D2-CAB6-EE4D-8CC0-AB6ADAAD0A5D}.LIB Release|x64.Build.0 = Release|x64
		{C7F3C2D2-CAB6-EE4D-8CC0-AB6ADAAD0A5D}.MinSizeRel|Win32.ActiveCfg = Release|Win32
		{C7F3C2D2-CAB6-EE4D-8CC0-AB6ADAAD0A5D}.MinSizeRel|Win32.Build.0 = Release|Win32
		{C7F3C2D2-CAB6-EE4D-8CC0-AB6ADAAD0A5D}.MinSizeRel|x64.ActiveCfg = Release|x64
		{C7F3C2D2-CAB6-EE4D-8CC0-AB6ADAAD0A5D}.MinSizeRel|x64.Build.0 = Release|x64
		{C7F3C2D2-CAB6-EE4D-8CC0-AB6ADAAD0A5D}.Release|Win32.ActiveCfg = Release|Win32
		{C7F3C2D2-CAB6-EE4D-8CC0-AB6ADAAD0A5D}.Release|Win32.Build.0 = Release|Win32
		{C7F3C2D2-CAB6-EE4D-8CC0-AB6ADAAD0A5D}.Release|x64.ActiveCfg = Release|x64
		{C7F3C2D2-CAB6-EE4D-8CC0-AB6ADAAD0A5D}.Release|x64.Build.0 = Release|x64
		{C7F3C2D2-CAB6-EE4D-8CC0-AB6ADAAD0A5D}.ReleaseRTTI|Win32.ActiveCfg = Release|Win32
		{C7F3C2D2-CAB6-EE4D-8CC0-AB6ADAAD0A5D}.ReleaseRTTI|Win32.Build.0 = Release|Win32
		{C7F3C2D2-CAB6-EE4D-8CC0-AB6ADAAD0A5D}.ReleaseRTTI|x64.ActiveCfg = Release|x64
		{C7F3C2D2-CAB6-EE4D-8CC0-AB6ADAAD0A5D}.ReleaseRTTI|x64.Build.0 = Release|x64
		{C7F3C2D2-CAB6-EE4D-8CC0-AB6ADAAD0A5D}.RelWithDebInfo|Win32.ActiveCfg = Release|Win32
		{C7F3C2D2-CAB6-EE4D-8CC0-AB6ADAAD0A5D}.RelWithDebInfo|Win32.Build.0 = Release|Win32
		{C7F3C2D2-CAB6-EE4D-8CC0-AB6ADAAD0A5D}.RelWithDebInfo|x64.ActiveCfg = Release|x64
		{C7F3C2D2-CAB6-EE4D-8CC0-AB6ADAAD0A5D}.RelWithDebInfo|x64.Build.0 = Release|x64
		{C7F3C2D2-CAB6-EE4D-8CC0-AB6ADAAD0A5D}.Template|Win32.ActiveCfg = Release|Win32
		{C7F3C2D2-CAB6-EE4D-8CC0-AB6ADAAD0A5D}.Template|Win32.Build.0 = Release|Win32
		{C7F3C2D2-CAB6-EE4D-8CC0-AB6ADAAD0A5D}.Template|x64.ActiveCfg = Release|x64
		{C7F3C2D2-CAB6-EE4D-8CC0-AB6ADAAD0A5D}.Template|x64.Build.0 = Release|x64
		{8CA1CD19-EE31-7C43-A68B-EECFBAD8F4F6}.Debug|Win32.ActiveCfg = Debug|Win32
		{8CA1CD19-EE31-7C43-A68B-EECFBAD8F4F6}.Debug|Win32.Build.0 = Debug|Win32
		{8CA1CD19-EE31-7C43-A68B-EECFBAD8F4F6}.Debug|x64.ActiveCfg = Debug|x64
		{8CA1CD19-EE31-7C43-A68B-EECFBAD8F4F6}.Debug|x64.Build.0 = Debug|x64
		{8CA1CD19-EE31-7C43-A68B-EECFBAD8F4F6}.DLL ASM Debug|Win32.ActiveCfg = Debug|Win32
		{8CA1CD19-EE31-7C43-A68B-EECFBAD8F4F6}.DLL ASM Debug|Win32.Build.0 = Debug|Win32
		{8CA1CD19-EE31-7C43-A68B-EECFBAD8F4F6}.DLL ASM Debug|x64.ActiveCfg = Debug|x64
		{8CA1CD19-EE31-7C43-A68B-EECFBAD8F4F6}.DLL ASM Debug|x64.Build.0 = Debug|x64
		{8CA1CD19-EE31-7C43-A68B-EECFBAD8F4F6}.DLL ASM Release|Win32.ActiveCfg = Release|Win32
		{8CA1CD19-EE31-7C43-A68B-EECFBAD8F4F6}.DLL ASM Release|Win32.Build.0 = Release|Win32
		{8CA1CD19-EE31-7C43-A68B-EECFBAD8F4F6}.DLL ASM Release|x64.ActiveCfg = Release|x64
		{8CA1CD19-EE31-7C43-A68B-EECFBAD8F4F6}.DLL ASM Release|x64.Build.0 = Release|x64
		{8CA1CD19-EE31-7C43-A68B-EECFBAD8F4F6}.DLL Debug|Win32.ActiveCfg = Debug|Win32
		{8CA1CD19-EE31-7C43-A68B-EECFBAD8F4F6}.DLL Debug|Win32.Build.0 = Debug|Win32
		{8CA1CD19-EE31-7C43-A68B-EECFBAD8F4F6}.DLL Debug|x64.ActiveCfg = Debug|x64
		{8CA1CD19-EE31-7C43-A68B-EECFBAD8F4F6}.DLL Debug|x64.Build.0 = Debug|x64
		{8CA1CD19-EE31-7C43-A68B-EECFBAD8F4F6}.DLL Release|Win32.ActiveCfg = Release|Win32
		{8CA1CD19-EE31-7C43-A68B-EECFBAD8F4F6}.DLL Release|Win32.Build.0 = Release|Win32
		{8CA1CD19-EE31-7C43-A68B-EECFBAD8F4F6}.DLL Release|x64.ActiveCfg = Release|x64
		{8CA1CD19-EE31-7C43-A68B-EECFBAD8F4F6}.DLL Release|x64.Build.0 = Release|x64
		{8CA1CD19-EE31-7C43-A68B-EECFBAD8F4F6}.DLL VB|Win32.ActiveCfg = Debug|Win32
		{8CA1CD19-EE31-7C43-A68B-EECFBAD8F4F6}.DLL VB|Win32.Build.0 = Debug|Win32
		{8CA1CD19-EE31-7C43-A68B-EECFBAD8F4F6}.DLL VB|x64.ActiveCfg = Debug|x64
		{8CA1CD19-EE31-7C43-A68B-EECFBAD8F4F6}.DLL VB|x64.Build.0 = Debug|x64
		{8CA1CD19-EE31-7C43-A68B-EECFBAD8F4F6}.LIB ASM Debug|Win32.ActiveCfg = Debug|Win32
		{8CA1CD19-EE31-7C43-A68B-EECFBAD8F4F6}.LIB ASM Debug|Win32.Build.0 = Debug|Win32
		{8CA1CD19-EE31-7C43-A68B-EECFBAD8F4F6}.LIB ASM Debug|x64.ActiveCfg = Debug|x64
		{8CA1CD19-EE31-7C43-A68B-EECFBAD8F4F6}.LIB ASM Debug|x64.Build.0 = Debug|x64
		{8CA1CD19-EE31-7C43-A68B-EECFBAD8F4F6}.LIB ASM Release|Win32.ActiveCfg = Release|Win32
		{8CA1CD19-EE31-7C43-A68B-EECFBAD8F4F6}.LIB ASM Release|Win32.Build.0 = Release|Win32
		{8CA1CD19-EE31-7C43-A68B-EECFBAD8F4F6}.LIB ASM Release|x64.ActiveCfg = Release|x64
		{8CA1CD19-EE31-7C43-A68B-EECFBAD8F4F6}.LIB ASM Release|x64.Build.0 = Release|x64
		{8CA1CD19-EE31-7C43-A68B-EECFBAD8F4F6}.LIB Debug|Win32.ActiveCfg = Debug|Win32
		{8CA1CD19-EE31-7C43-A68B-EECFBAD8F4F6}.LIB Debug|Win32.Build.0 = Debug|Win32
		{8CA1CD19-EE31-7C43-A68B-EECFBAD8F4F6}.LIB Debug|x64.ActiveCfg = Debug|x64
		{8CA1CD19-EE31-7C43-A68B-EECFBAD8F4F6}.LIB Debug|x64.Build.0 = Debug|x64
		{8CA1CD19-EE31-7C43-A68B-EECFBAD8F4F6}.LIB Release|Win32.ActiveCfg = Release|Win32
		{8CA1CD19-EE31-7C43-A68B-EECFBAD8F4F6}.LIB Release|Win32.Build.0 = Release|Win32
		{8CA1CD19-EE31-7C43-A68B-EECFBAD8F4F6}.LIB Release|x64.ActiveCfg = Release|x64
		{8CA1CD19-EE31-7C43-A68B-EECFBAD8F4F6}.LIB Release|x64.Build.0 = Release|x64
		{8CA1CD19-EE31-7C43-A68B-EECFBAD8F4F6}.MinSizeRel|Win32.ActiveCfg = Release|Win32
		{8CA1CD19-EE31-7C43-A68B-EECFBAD8F4F6}.MinSizeRel|Win32.Build.0 = Release|Win32
		{8CA1CD19-EE31-7C43-A68B-EECFBAD8F4F6}.MinSizeRel|x64.ActiveCfg = Release|x64
		{8CA1CD19-EE31-7C43-A68B-EECFBAD8F4F6}.MinSizeRel|x64.Build.0 = Release|x64
		{8CA1CD19-EE31-7C43-A68B-EECFBAD8F4F6}.Release|Win32.ActiveCfg = Release|Win32
		{8CA1CD19-EE31-7C43-A68B-EECFBAD8F4F6}.Release|Win32.Build.0 = Release|Win32
		{8CA1CD19-EE31-7C43-A68B-EECFBAD8F4F6}.Release|x64.ActiveCfg = Release|x64
		{8CA1CD19-EE31-7C43-A68B-EECFBAD8F4F6}.Release|x64.Build.0 = Release|x64
		{8CA1CD19-EE31-7C43-A68B-EECFBAD8F4F6}.ReleaseRTTI|Win32.ActiveCfg = Release|Win32
		{8CA1CD19-EE31-7C43-A68B-EECFBAD8F4F6}.ReleaseRTTI|Win32.Build.0 = Release|Win32
		{8CA1CD19-EE31-7C43-A68B-EECFBAD8F4F6}.ReleaseRTTI|x64.ActiveCfg = Release|x64
		{8CA1CD19-EE31-7C43-A68B-EECFBAD8F4F6}.ReleaseRTTI|x64.Build.0 = Release|x64
		{8CA1CD19-EE31-7C43-A68B-EECFBAD8F4F6}.RelWithDebInfo|Win32.ActiveCfg = Release|Win32
		{8CA1CD19-EE31-7C43-A68B-EECFBAD8F4F6}.RelWithDebInfo|Win32.Build.0 = Release|Win32
		{8CA1CD19-EE31-7C43-A68B-EECFBAD8F4F6}.RelWithDebInfo|x64.ActiveCfg = Release|x64
		{8CA1CD19-EE31-7C43-A68B-EECFBAD8F4F6}.RelWithDebInfo|x64.Build.0 = Release|x64
		{8CA1CD19-EE31-7C43-A68B-EECFBAD8F4F6}.Template|Win32.ActiveCfg = Release|Win32
		{8CA1CD19-EE31-7C43-A68B-EECFBAD8F4F6}.Template|Win32.Build.0 = Release|Win32
		{8CA1CD19-EE31-7C43-A68B-EECFBAD8F4F6}.Template|x64.ActiveCfg = Release|x64
		{8CA1CD19-EE31-7C43-A68B-EECFBAD8F4F6}.Template|x64.Build.0 = Release|x64
		{2C426605-FE92-2A4C-9A7A-37F3A886B289}.Debug|Win32.ActiveCfg = Debug|Win32
		{2C426605-FE92-2A4C-9A7A-37F3A886B289}.Debug|Win32.Build.0 = Debug|Win32
		{2C426605-FE92-2A4C-9A7A-37F3A886B289}.Debug|x64.ActiveCfg = Debug|x64
		{2C426605-FE92-2A4C-9A7A-37F3A886B289}.Debug|x64.Build.0 = Debug|x64
		{2C426605-FE92-2A4C-9A7A-37F3A886B289}.DLL ASM Debug|Win32.ActiveCfg = Debug|Win32
		{2C426605-FE92-2A4C-9A7A-37F3A886B289}.DLL ASM Debug|Win32.Build.0 = Debug|Win32
		{2C426605-FE92-2A4C-9A7A-37F3A886B289}.DLL ASM Debug|x64.ActiveCfg = Debug|x64
		{2C426605-FE92-2A4C-9A7A-37F3A886B289}.DLL ASM Debug|x64.Build.0 = Debug|x64
		{2C426605-FE92-2A4C-9A7A-37F3A886B289}.DLL ASM Release|Win32.ActiveCfg = Release|Win32
		{2C426605-FE92-2A4C-9A7A-37F3A886B289}.DLL ASM Release|Win32.Build.0 = Release|Win32
		{2C426605-FE92-2A4C-9A7A-37F3A886B289}.DLL ASM Release|x64.ActiveCfg = Release|x64
		{2C426605-FE92-2A4C-9A7A-37F3A886B289}.DLL ASM Release|x64.Build.0 = Release|x64
		{2C426605-FE92-2A4C-9A7A-37F3A886B289}.DLL Debug|Win32.ActiveCfg = Debug|Win32
		{2C426605-FE92-2A4C-9A7A-37F3A886B289}.DLL Debug|Win32.Build.0 = Debug|Win32
		{2C426605-FE92-2A4C-9A7A-37F3A886B289}.DLL Debug|x64.ActiveCfg = Debug|x64
		{2C426605-FE92-2A4C-9A7A-37F3A886B289}.DLL Debug|x64.Build.0 = Debug|x64
		{2C426605-FE92-2A4C-9A7A-37F3A886B289}.DLL Release|Win32.ActiveCfg = Release|Win32
		{2C426605-FE92-2A4C-9A7A-37F3A886B289}.DLL Release|Win32.Build.0 = Release|Win32
		{2C426605-FE92-2A4C-9A7A-37F3A886B289}.DLL Release|x64.ActiveCfg = Release|x64
		{2C426605-FE92-2A4C-9A7A-37F3A886B289}.DLL Release|x64.Build.0 = Release|x64
		{2C426605-FE92-2A4C-9A7A-37F3A886B289}.DLL VB|Win32.ActiveCfg = Debug|Win32
		{2C426605-FE92-2A4C-9A7A-37F3A886B289}.DLL VB|Win32.Build.0 = Debug|Win32
		{2C426605-FE92-2A4C-9A7A-37F3A886B289}.DLL VB|x64.ActiveCfg = Debug|x64
		{2C426605-FE92-2A4C-9A7A-37F3A886B289}.DLL VB|x64.Build.0 = Debug|x64
		{2C426605-FE92-2A4C-9A7A-37F3A886B289}.LIB ASM Debug|Win32.ActiveCfg = Debug|Win32
		{2C426605-FE92-2A4C-9A7A-37F3A886B289}.LIB ASM Debug|Win32.Build.0 = Debug|Win32
		{2C426605-FE92-2A4C-9A7A-37F3A886B289}.LIB ASM Debug|x64.ActiveCfg = Debug|x64
		{2C426605-FE92-2A4C-9A7A-37F3A886B289}.LIB ASM Debug|x64.Build.0 = Debug|x64
		{2C426605-FE92-2A4C-9A7A-37F3A886B289}.LIB ASM Release|Win32.ActiveCfg = Release|Win32
		{2C426605-FE92-2A4C-9A7A-37F3A886B289}.LIB ASM Release|Win32.Build.0 = Release|Win32
		{2C426605-FE92-2A4C-9A7A-37F3A886B289}.LIB ASM Release|x64.ActiveCfg = Release|x64
		{2C426605-FE92-2A4C-9A7A-37F3A886B289}.LIB ASM Release|x64.Build.0 = Release|x64
		{2C426605-FE92-2A4C-9A7A-37F3A886B289}.LIB Debug|Win32.ActiveCfg = Debug|Win32
		{2C426605-FE92-2A4C-9A7A-37F3A886B289}.LIB Debug|Win32.Build.0 = Debug|Win32
		{2C426605-FE92-2A4C-9A7A-37F3A886B289}.LIB Debug|x64.ActiveCfg = Debug|x64
		{2C426605-FE92-2A4C-9A7A-37F3A886B289}.LIB Debug|x64.Build.0 = Debug|x64
		{2C426605-FE92-2A4C-9A7A-37F3A886B289}.LIB Release|Win32.ActiveCfg = Release|Win32
		{2C426605-FE92-2A4C-9A7A-37F3A886B289}.LIB Release|Win32.Build.0 = Release|Win32
		{2C426605-FE92-2A4C-9A7A-37F3A886B289}.LIB Release|x64.ActiveCfg = Release|x64
		{2C426605-FE92-2A4C-9A7A-37F3A886B289}.LIB Release|x64.Build.0 = Release|x64
		{2C426605-FE92-2A4C-9A7A-37F3A886B289}.MinSizeRel|Win32.ActiveCfg = Release|Win32
		{2C426605-FE92-2A4C-9A7A-37F3A886B289}.MinSizeRel|Win32.Build.0 = Release|Win32
		{2C426605-FE92-2A4C-9A7A-37F3A886B289}.MinSizeRel|x64.ActiveCfg = Release|x64
		{2C426605-FE92-2A4C-9A7A-37F3A886B289}.MinSizeRel|x64.Build.0 = Release|x64
		{2C426605-FE92-2A4C-9A7A-37F3A886B289}.Release|Win32.ActiveCfg = Release|Win32
		{2C426605-FE92-2A4C-9A7A-37F3A886B289}.Release|Win32.Build.0 = Release|Win32
		{2C426605-FE92-2A4C-9A7A-37F3A886B289}.Release|x64.ActiveCfg = Release|x64
		{2C426605-FE92-2A4C-9A7A-37F3A886B289}.Release|x64.Build.0 = Release|x64
		{2C426605-FE92-2A4C-9A7A-37F3A886B289}.ReleaseRTTI|Win32.ActiveCfg = Release|Win32
		{2C426605-FE92-2A4C-9A7A-37F3A886B289}.ReleaseRTTI|Win32.Build.0 = Release|Win32
		{2C426605-FE92-2A4C-9A7A-37F3A886B289}.ReleaseRTTI|x64.ActiveCfg = Release|x64
		{2C426605-FE92-2A4C-9A7A-37F3A886B289}.ReleaseRTTI|x64.Build.0 = Release|x64
		{2C426605-FE92-2A4C-9A7A-37F3A886B289}.RelWithDebInfo|Win32.ActiveCfg = Release|Win32
		{2C426605-FE92-2A4C-9A7A-37F3A886B289}.RelWithDebInfo|Win32.Build.0 = Release|Win32
		{2C426605-FE92-2A4C-9A7A-37F3A886B289}.RelWithDebInfo|x64.ActiveCfg = Release|x64
		{2C426605-FE92-2A4C-9A7A-37F3A886B289}.RelWithDebInfo|x64.Build.0 = Release|x64
		{2C426605-FE92-2A4C-9A7A-37F3A886B289}.Template|Win32.ActiveCfg = Release|Win32
		{2C426605-FE92-2A4C-9A7A-37F3A886B289}.Template|Win32.Build.0 = Release|Win32
		{2C426605-FE92-2A4C-9A7A-37F3A886B289}.Template|x64.ActiveCfg = Release|x64
		{2C426605-FE92-2A4C-9A7A-37F3A886B289}.Template|x64.Build.0 = Release|x64
		{2DB1949F-D6A5-4D12-A9D0-7F2C8A65B06D}.Debug|Win32.ActiveCfg = Debug|Win32
		{2DB1949F-D6A5-4D12-A9D0-7F2C8A65B06D}.Debug|Win32.Build.0 = Debug|Win32
		{2DB1949F-D6A5-4D12-A9D0-7F2C8A65B06D}.Debug|x64.ActiveCfg = Debug|x64
		{2DB1949F-D6A5-4D12-A9D0-7F2C8A65B06D}.Debug|x64.Build.0 = Debug|x64
		{2DB1949F-D6A5-4D12-A9D0-7F2C8A65B06D}.DLL ASM Debug|Win32.ActiveCfg = Debug|Win32
		{2DB1949F-D6A5-4D12-A9D0-7F2C8A65B06D}.DLL ASM Debug|Win32.Build.0 = Debug|Win32
		{2DB1949F-D6A5-4D12-A9D0-7F2C8A65B06D}.DLL ASM Debug|x64.ActiveCfg = Debug|x64
		{2DB1949F-D6A5-4D12-A9D0-7F2C8A65B06D}.DLL ASM Debug|x64.Build.0 = Debug|x64
		{2DB1949F-D6A5-4D12-A9D0-7F2C8A65B06D}.DLL ASM Release|Win32.ActiveCfg = Release|Win32
		{2DB1949F-D6A5-4D12-A9D0-7F2C8A65B06D}.DLL ASM Release|Win32.Build.0 = Release|Win32
		{2DB1949F-D6A5-4D12-A9D0-7F2C8A65B06D}.DLL ASM Release|x64.ActiveCfg = Release|x64
		{2DB1949F-D6A5-4D12-A9D0-7F2C8A65B06D}.DLL ASM Release|x64.Build.0 = Release|x64
		{2DB1949F-D6A5-4D12-A9D0-7F2C8A65B06D}.DLL Debug|Win32.ActiveCfg = Debug|Win32
		{2DB1949F-D6A5-4D12-A9D0-7F2C8A65B06D}.DLL Debug|Win32.Build.0 = Debug|Win32
		{2DB1949F-D6A5-4D12-A9D0-7F2C8A65B06D}.DLL Debug|x64.ActiveCfg = Debug|x64
		{2DB1949F-D6A5-4D12-A9D0-7F2C8A65B06D}.DLL Debug|x64.Build.0 = Debug|x64
		{2DB1949F-D6A5-4D12-A9D0-7F2C8A65B06D}.DLL Release|Win32.ActiveCfg = Release|Win32
		{2DB1949F-D6A5-4D12-A9D0-7F2C8A65B06D}.DLL Release|Win32.Build.0 = Release|Win32
		{2DB1949F-D6A5-4D12-A9D0-7F2C8A65B06D}.DLL Release|x64.ActiveCfg = Release|x64
		{2DB1949F-D6A5-4D12-A9D0-7F2C8A65B06D}.DLL Release|x64.Build.0 = Release|x64
		{2DB1949F-D6A5-4D12-A9D0-7F2C8A65B06D}.DLL VB|Win32.ActiveCfg = Debug|Win32
		{2DB1949F-D6A5-4D12-A9D0-7F2C8A65B06D}.DLL VB|Win32.Build.0 = Debug|Win32
		{2DB1949F-D6A5-4D12-A9D0-7F2C8A65B06D}.DLL VB|x64.ActiveCfg = Debug|x64
		{2DB1949F-D6A5-4D12-A9D0-7F2C8A65B06D}.DLL VB|x64.Build.0 = Debug|x64
		{2DB1949F-D6A5-4D12-A9D0-7F2C8A65B06D}.LIB ASM Debug|Win32.ActiveCfg = Debug|Win32
		{2DB1949F-D6A5-4D12-A9D0-7F2C8A65B06D}.LIB ASM Debug|Win32.Build.0 = Debug|Win32
		{2DB1949F-D6A5-4D12-A9D0-7F2C8A65B06D}.LIB ASM Debug|x64.ActiveCfg = Debug|x64
		{2DB1949F-D6A5-4D12-A9D0-7F2C8A65B06D}.LIB ASM Debug|x64.Build.0 = Debug|x64
		{2DB1949F-D6A5-4D12-A9D0-7F2C8A65B06D}.LIB ASM Release|Win32.ActiveCfg = Release|Win32
		{2DB1949F-D6A5-4D12-A9D0-7F2C8A65B06D}.LIB ASM Release|Win32.Build.0 = Release|Win32
		{2DB1949F-D6A5-4D12-A9D0-7F2C8A65B06D}.LIB ASM Release|x64.ActiveCfg = Release|x64
		{2DB1949F-D6A5-4D12-A9D0-7F2C8A65B06D}.LIB ASM Release|x64.Build.0 = Release|x64
		{2DB1949F-D6A5-4D12-A9D0-7F2C8A65B06D}.LIB Debug|Win32.ActiveCfg = Debug|Win32
		{2DB1949F-D6A5-4D12-A9D0-7F2C8A65B06D}.LIB Debug|Win32.Build.0 = Debug|Win32
		{2DB1949F-D6A5-4D12-A9D0-7F2C8A65B06D}.LIB Debug|x64.ActiveCfg = Debug|x64
		{2DB1949F-D6A5-4D12-A9D0-7F2C8A65B06D}.LIB Debug|x64.Build.0 = Debug|x64
		{2DB1949F-D6A5-4D12-A9D0-7F2C8A65B06D}.LIB Release|Win32.ActiveCfg = Release|Win32
		{2DB1949F-D6A5-4D12-A9D0-7F2C8A65B06D}.LIB Release|Win32.Build.0 = Release|Win32
		{2DB1949F-D6A5-4D12-A9D0-7F2C8A65B06D}.LIB Release|x64.ActiveCfg = Release|x64
		{2DB1949F-D6A5-4D12-A9D0-7F2C8A65B06D}.LIB Release|x64.Build.0 = Release|x64
		{2DB1949F-D6A5-4D12-A9D0-7F2C8A65B06D}.MinSizeRel|Win32.ActiveCfg = Release|Win32
		{2DB1949F-D6A5-4D12-A9D0-7F2C8A65B06D}.MinSizeRel|Win32.Build.0 = Release|Win32
		{2DB1949F-D6A5-4D12-A9D0-7F2C8A65B06D}.MinSizeRel|x64.ActiveCfg = Release|x64
		{2DB1949F-D6A5-4D12-A9D0-7F2C8A65B06D}.MinSizeRel|x64.Build.0 = Release|x64
		{2DB1949F-D6A5-4D12-A9D0-7F2C8A65B06D}.Release|Win32.ActiveCfg = Release|Win32
		{2DB1949F-D6A5-4D12-A9D0-7F2C8A65B06D}.Release|Win32.Build.0 = Release|Win32
		{2DB1949F-D6A5-4D12-A9D0-7F2C8A65B06D}.Release|x64.ActiveCfg = Release|x64
		{2DB1949F-D6A5-4D12-A9D0-7F2C8A65B06D}.Release|x64.Build.0 = Release|x64
		{2DB1949F-D6A5-4D12-A9D0-7F2C8A65B06D}.ReleaseRTTI|Win32.ActiveCfg = Release|Win32
		{2DB1949F-D6A5-4D12-A9D0-7F2C8A65B06D}.ReleaseRTTI|Win32.Build.0 = Release|Win32
		{2DB1949F-D6A5-4D12-A9D0-7F2C8A65B06D}.ReleaseRTTI|x64.ActiveCfg = Release|x64
		{2DB1949F-D6A5-4D12-A9D0-7F2C8A65B06D}.ReleaseRTTI|x64.Build.0 = Release|x64
		{2DB1949F-D6A5-4D12-A9D0-7F2C8A65B06D}.RelWithDebInfo|Win32.ActiveCfg = Release|Win32
		{2DB1949F-D6A5-4D12-A9D0-7F2C8A65B06D}.RelWithDebInfo|Win32.Build.0 = Release|Win32
		{2DB1949F-D6A5-4D12-A9D0-7F2C8A65B06D}.RelWithDebInfo|x64.ActiveCfg = Release|x64
		{2DB1949F-D6A5-4D12-A9D0-7F2C8A65B06D}.RelWithDebInfo|x64.Build.0 = Release|x64
		{2DB1949F-D6A5-4D12-A9D0-7F2C8A65B06D}.Template|Win32.ActiveCfg = Release|Win32
		{2DB1949F-D6A5-4D12-A9D0-7F2C8A65B06D}.Template|Win32.Build.0 = Release|Win32
		{2DB1949F-D6A5-4D12-A9D0-7F2C8A65B06D}.Template|x64.ActiveCfg = Release|x64
		{2DB1949F-D6A5-4D12-A9D0-7F2C8A65B06D}.Template|x64.Build.0 = Release|x64
		{15CBFEFF-7965-41F5-B4E2-21E8795C9159}.Debug|Win32.ActiveCfg = Debug|Win32
		{15CBFEFF-7965-41F5-B4E2-21E8795C9159}.Debug|Win32.Build.0 = Debug|Win32
		{15CBFEFF-7965-41F5-B4E2-21E8795C9159}.Debug|x64.ActiveCfg = Debug|x64
		{15CBFEFF-7965-41F5-B4E2-21E8795C9159}.Debug|x64.Build.0 = Debug|x64
		{15CBFEFF-7965-41F5-B4E2-21E8795C9159}.DLL ASM Debug|Win32.ActiveCfg = Debug|Win32
		{15CBFEFF-7965-41F5-B4E2-21E8795C9159}.DLL ASM Debug|Win32.Build.0 = Debug|Win32
		{15CBFEFF-7965-41F5-B4E2-21E8795C9159}.DLL ASM Debug|x64.ActiveCfg = Debug|x64
		{15CBFEFF-7965-41F5-B4E2-21E8795C9159}.DLL ASM Debug|x64.Build.0 = Debug|x64
		{15CBFEFF-7965-41F5-B4E2-21E8795C9159}.DLL ASM Release|Win32.ActiveCfg = Release|Win32
		{15CBFEFF-7965-41F5-B4E2-21E8795C9159}.DLL ASM Release|Win32.Build.0 = Release|Win32
		{15CBFEFF-7965-41F5-B4E2-21E8795C9159}.DLL ASM Release|x64.ActiveCfg = Release|x64
		{15CBFEFF-7965-41F5-B4E2-21E8795C9159}.DLL ASM Release|x64.Build.0 = Release|x64
		{15CBFEFF-7965-41F5-B4E2-21E8795C9159}.DLL Debug|Win32.ActiveCfg = Debug|Win32
		{15CBFEFF-7965-41F5-B4E2-21E8795C9159}.DLL Debug|Win32.Build.0 = Debug|Win32
		{15CBFEFF-7965-41F5-B4E2-21E8795C9159}.DLL Debug|x64.ActiveCfg = Debug|x64
		{15CBFEFF-7965-41F5-B4E2-21E8795C9159}.DLL Debug|x64.Build.0 = Debug|x64
		{15CBFEFF-7965-41F5-B4E2-21E8795C9159}.DLL Release|Win32.ActiveCfg = Release|Win32
		{15CBFEFF-7965-41F5-B4E2-21E8795C9159}.DLL Release|Win32.Build.0 = Release|Win32
		{15CBFEFF-7965-41F5-B4E2-21E8795C9159}.DLL Release|x64.ActiveCfg = Release|x64
		{15CBFEFF-7965-41F5-B4E2-21E8795C9159}.DLL Release|x64.Build.0 = Release|x64
		{15CBFEFF-7965-41F5-B4E2-21E8795C9159}.DLL VB|Win32.ActiveCfg = Debug|Win32
		{15CBFEFF-7965-41F5-B4E2-21E8795C9159}.DLL VB|Win32.Build.0 = Debug|Win32
		{15CBFEFF-7965-41F5-B4E2-21E8795C9159}.DLL VB|x64.ActiveCfg = Debug|x64
		{15CBFEFF-7965-41F5-B4E2-21E8795C9159}.DLL VB|x64.Build.0 = Debug|x64
		{15CBFEFF-7965-41F5-B4E2-21E8795C9159}.LIB ASM Debug|Win32.ActiveCfg = Debug|Win32
		{15CBFEFF-7965-41F5-B4E2-21E8795C9159}.LIB ASM Debug|Win32.Build.0 = Debug|Win32
		{15CBFEFF-7965-41F5-B4E2-21E8795C9159}.LIB ASM Debug|x64.ActiveCfg = Debug|x64
		{15CBFEFF-7965-41F5-B4E2-21E8795C9159}.LIB ASM Debug|x64.Build.0 = Debug|x64
		{15CBFEFF-7965-41F5-B4E2-21E8795C9159}.LIB ASM Release|Win32.ActiveCfg = Release|Win32
		{15CBFEFF-7965-41F5-B4E2-21E8795C9159}.LIB ASM Release|Win32.Build.0 = Release|Win32
		{15CBFEFF-7965-41F5-B4E2-21E8795C9159}.LIB ASM Release|x64.ActiveCfg = Release|x64
		{15CBFEFF-7965-41F5-B4E2-21E8795C9159}.LIB ASM Release|x64.Build.0 = Release|x64
		{15CBFEFF-7965-41F5-B4E2-21E8795C9159}.LIB Debug|Win32.ActiveCfg = Debug|Win32
		{15CBFEFF-7965-41F5-B4E2-21E8795C9159}.LIB Debug|Win32.Build.0 = Debug|Win32
		{15CBFEFF-7965-41F5-B4E2-21E8795C9159}.LIB Debug|x64.ActiveCfg = Debug|x64
		{15CBFEFF-7965-41F5-B4E2-21E8795C9159}.LIB Debug|x64.Build.0 = Debug|x64
		{15CBFEFF-7965-41F5-B4E2-21E8795C9159}.LIB Release|Win32.ActiveCfg = Release|Win32
		{15CBFEFF-7965-41F5-B4E2-21E8795C9159}.LIB Release|Win32.Build.0 = Release|Win32
		{15CBFEFF-7965-41F5-B4E2-21E8795C9159}.LIB Release|x64.ActiveCfg = Release|x64
		{15CBFEFF-7965-41F5-B4E2-21E8795C9159}.LIB Release|x64.Build.0 = Release|x64
		{15CBFEFF-7965-41F5-B4E2-21E8795C9159}.MinSizeRel|Win32.ActiveCfg = Release|Win32
		{15CBFEFF-7965-41F5-B4E2-21E8795C9159}.MinSizeRel|Win32.Build.0 = Release|Win32
		{15CBFEFF-7965-41F5-B4E2-21E8795C9159}.MinSizeRel|x64.ActiveCfg = Release|x64
		{15CBFEFF-7965-41F5-B4E2-21E8795C9159}.MinSizeRel|x64.Build.0 = Release|x64
		{15CBFEFF-7965-41F5-B4E2-21E8795C9159}.Release|Win32.ActiveCfg = Release|Win32
		{15CBFEFF-7965-41F5-B4E2-21E8795C9159}.Release|Win32.Build.0 = Release|Win32
		{15CBFEFF-7965-41F5-B4E2-21E8795C9159}.Release|x64.ActiveCfg = Release|x64
		{15CBFEFF-7965-41F5-B4E2-21E8795C9159}.Release|x64.Build.0 = Release|x64
		{15CBFEFF-7965-41F5-B4E2-21E8795C9159}.ReleaseRTTI|Win32.ActiveCfg = Release|Win32
		{15CBFEFF-7965-41F5-B4E2-21E8795C9159}.ReleaseRTTI|Win32.Build.0 = Release|Win32
		{15CBFEFF-7965-41F5-B4E2-21E8795C9159}.ReleaseRTTI|x64.ActiveCfg = Release|x64
		{15CBFEFF-7965-41F5-B4E2-21E8795C9159}.ReleaseRTTI|x64.Build.0 = Release|x64
		{15CBFEFF-7965-41F5-B4E2-21E8795C9159}.RelWithDebInfo|Win32.ActiveCfg = Release|Win32
		{15CBFEFF-7965-41F5-B4E2-21E8795C9159}.RelWithDebInfo|Win32.Build.0 = Release|Win32
		{15CBFEFF-7965-41F5-B4E2-21E8795C9159}.RelWithDebInfo|x64.ActiveCfg = Release|x64
		{15CBFEFF-7965-41F5-B4E2-21E8795C9159}.RelWithDebInfo|x64.Build.0 = Release|x64
		{15CBFEFF-7965-41F5-B4E2-21E8795C9159}.Template|Win32.ActiveCfg = Release|Win32
		{15CBFEFF-7965-41F5-B4E2-21E8795C9159}.Template|Win32.Build.0 = Release|Win32
		{15CBFEFF-7965-41F5-B4E2-21E8795C9159}.Template|x64.ActiveCfg = Release|x64
		{15CBFEFF-7965-41F5-B4E2-21E8795C9159}.Template|x64.Build.0 = Release|x64
		{3A214E06-B95E-4D61-A291-1F8DF2EC10FD}.Debug|Win32.ActiveCfg = Debug|Win32
		{3A214E06-B95E-4D61-A291-1F8DF2EC10FD}.Debug|Win32.Build.0 = Debug|Win32
		{3A214E06-B95E-4D61-A291-1F8DF2EC10FD}.Debug|x64.ActiveCfg = Debug|x64
		{3A214E06-B95E-4D61-A291-1F8DF2EC10FD}.Debug|x64.Build.0 = Debug|x64
		{3A214E06-B95E-4D61-A291-1F8DF2EC10FD}.DLL ASM Debug|Win32.ActiveCfg = Debug|Win32
		{3A214E06-B95E-4D61-A291-1F8DF2EC10FD}.DLL ASM Debug|Win32.Build.0 = Debug|Win32
		{3A214E06-B95E-4D61-A291-1F8DF2EC10FD}.DLL ASM Debug|x64.ActiveCfg = Debug|x64
		{3A214E06-B95E-4D61-A291-1F8DF2EC10FD}.DLL ASM Debug|x64.Build.0 = Debug|x64
		{3A214E06-B95E-4D61-A291-1F8DF2EC10FD}.DLL ASM Release|Win32.ActiveCfg = Release|Win32
		{3A214E06-B95E-4D61-A291-1F8DF2EC10FD}.DLL ASM Release|Win32.Build.0 = Release|Win32
		{3A214E06-B95E-4D61-A291-1F8DF2EC10FD}.DLL ASM Release|x64.ActiveCfg = Release|x64
		{3A214E06-B95E-4D61-A291-1F8DF2EC10FD}.DLL ASM Release|x64.Build.0 = Release|x64
		{3A214E06-B95E-4D61-A291-1F8DF2EC10FD}.DLL Debug|Win32.ActiveCfg = Debug|Win32
		{3A214E06-B95E-4D61-A291-1F8DF2EC10FD}.DLL Debug|Win32.Build.0 = Debug|Win32
		{3A214E06-B95E-4D61-A291-1F8DF2EC10FD}.DLL Debug|x64.ActiveCfg = Debug|x64
		{3A214E06-B95E-4D61-A291-1F8DF2EC10FD}.DLL Debug|x64.Build.0 = Debug|x64
		{3A214E06-B95E-4D61-A291-1F8DF2EC10FD}.DLL Release|Win32.ActiveCfg = Release|Win32
		{3A214E06-B95E-4D61-A291-1F8DF2EC10FD}.DLL Release|Win32.Build.0 = Release|Win32
		{3A214E06-B95E-4D61-A291-1F8DF2EC10FD}.DLL Release|x64.ActiveCfg = Release|x64
		{3A214E06-B95E-4D61-A291-1F8DF2EC10FD}.DLL Release|x64.Build.0 = Release|x64
		{3A214E06-B95E-4D61-A291-1F8DF2EC10FD}.DLL VB|Win32.ActiveCfg = Debug|Win32
		{3A214E06-B95E-4D61-A291-1F8DF2EC10FD}.DLL VB|Win32.Build.0 = Debug|Win32
		{3A214E06-B95E-4D61-A291-1F8DF2EC10FD}.DLL VB|x64.ActiveCfg = Debug|x64
		{3A214E06-B95E-4D61-A291-1F8DF2EC10FD}.DLL VB|x64.Build.0 = Debug|x64
		{3A214E06-B95E-4D61-A291-1F8DF2EC10FD}.LIB ASM Debug|Win32.ActiveCfg = Debug|Win32
		{3A214E06-B95E-4D61-A291-1F8DF2EC10FD}.LIB ASM Debug|Win32.Build.0 = Debug|Win32
		{3A214E06-B95E-4D61-A291-1F8DF2EC10FD}.LIB ASM Debug|x64.ActiveCfg = Debug|x64
		{3A214E06-B95E-4D61-A291-1F8DF2EC10FD}.LIB ASM Debug|x64.Build.0 = Debug|x64
		{3A214E06-B95E-4D61-A291-1F8DF2EC10FD}.LIB ASM Release|Win32.ActiveCfg = Release|Win32
		{3A214E06-B95E-4D61-A291-1F8DF2EC10FD}.LIB ASM Release|Win32.Build.0 = Release|Win32
		{3A214E06-B95E-4D61-A291-1F8DF2EC10FD}.LIB ASM Release|x64.ActiveCfg = Release|x64
		{3A214E06-B95E-4D61-A291-1F8DF2EC10FD}.LIB ASM Release|x64.Build.0 = Release|x64
		{3A214E06-B95E-4D61-A291-1F8DF2EC10FD}.LIB Debug|Win32.ActiveCfg = Debug|Win32
		{3A214E06-B95E-4D61-A291-1F8DF2EC10FD}.LIB Debug|Win32.Build.0 = Debug|Win32
		{3A214E06-B95E-4D61-A291-1F8DF2EC10FD}.LIB Debug|x64.ActiveCfg = Debug|x64
		{3A214E06-B95E-4D61-A291-1F8DF2EC10FD}.LIB Debug|x64.Build.0 = Debug|x64
		{3A214E06-B95E-4D61-A291-1F8DF2EC10FD}.LIB Release|Win32.ActiveCfg = Release|Win32
		{3A214E06-B95E-4D61-A291-1F8DF2EC10FD}.LIB Release|Win32.Build.0 = Release|Win32
		{3A214E06-B95E-4D61-A291-1F8DF2EC10FD}.LIB Release|x64.ActiveCfg = Release|x64
		{3A214E06-B95E-4D61-A291-1F8DF2EC10FD}.LIB Release|x64.Build.0 = Release|x64
		{3A214E06-B95E-4D61-A291-1F8DF2EC10FD}.MinSizeRel|Win32.ActiveCfg = Release|Win32
		{3A214E06-B95E-4D61-A291-1F8DF2EC10FD}.MinSizeRel|Win32.Build.0 = Release|Win32
		{3A214E06-B95E-4D61-A291-1F8DF2EC10FD}.MinSizeRel|x64.ActiveCfg = Release|x64
		{3A214E06-B95E-4D61-A291-1F8DF2EC10FD}.MinSizeRel|x64.Build.0 = Release|x64
		{3A214E06-B95E-4D61-A291-1F8DF2EC10FD}.Release|Win32.ActiveCfg = Release|Win32
		{3A214E06-B95E-4D61-A291-1F8DF2EC10FD}.Release|Win32.Build.0 = Release|Win32
		{3A214E06-B95E-4D61-A291-1F8DF2EC10FD}.Release|x64.ActiveCfg = Release|x64
		{3A214E06-B95E-4D61-A291-1F8DF2EC10FD}.Release|x64.Build.0 = Release|x64
		{3A214E06-B95E-4D61-A291-1F8DF2EC10FD}.ReleaseRTTI|Win32.ActiveCfg = Release|Win32
		{3A214E06-B95E-4D61-A291-1F8DF2EC10FD}.ReleaseRTTI|Win32.Build.0 = Release|Win32
		{3A214E06-B95E-4D61-A291-1F8DF2EC10FD}.ReleaseRTTI|x64.ActiveCfg = Release|x64
		{3A214E06-B95E-4D61-A291-1F8DF2EC10FD}.ReleaseRTTI|x64.Build.0 = Release|x64
		{3A214E06-B95E-4D61-A291-1F8DF2EC10FD}.RelWithDebInfo|Win32.ActiveCfg = Release|Win32
		{3A214E06-B95E-4D61-A291-1F8DF2EC10FD}.RelWithDebInfo|Win32.Build.0 = Release|Win32
		{3A214E06-B95E-4D61-A291-1F8DF2EC10FD}.RelWithDebInfo|x64.ActiveCfg = Release|x64
		{3A214E06-B95E-4D61-A291-1F8DF2EC10FD}.RelWithDebInfo|x64.Build.0 = Release|x64
		{3A214E06-B95E-4D61-A291-1F8DF2EC10FD}.Template|Win32.ActiveCfg = Release|Win32
		{3A214E06-B95E-4D61-A291-1F8DF2EC10FD}.Template|Win32.Build.0 = Release|Win32
		{3A214E06-B95E-4D61-A291-1F8DF2EC10FD}.Template|x64.ActiveCfg = Release|x64
		{3A214E06-B95E-4D61-A291-1F8DF2EC10FD}.Template|x64.Build.0 = Release|x64
		{CEBDE98B-A6AA-46E6-BC79-FAAF823DB9EC}.Debug|Win32.ActiveCfg = Debug|Win32
		{CEBDE98B-A6AA-46E6-BC79-FAAF823DB9EC}.Debug|Win32.Build.0 = Debug|Win32
		{CEBDE98B-A6AA-46E6-BC79-FAAF823DB9EC}.Debug|x64.ActiveCfg = Debug|x64
		{CEBDE98B-A6AA-46E6-BC79-FAAF823DB9EC}.Debug|x64.Build.0 = Debug|x64
		{CEBDE98B-A6AA-46E6-BC79-FAAF823DB9EC}.DLL ASM Debug|Win32.ActiveCfg = Debug|Win32
		{CEBDE98B-A6AA-46E6-BC79-FAAF823DB9EC}.DLL ASM Debug|Win32.Build.0 = Debug|Win32
		{CEBDE98B-A6AA-46E6-BC79-FAAF823DB9EC}.DLL ASM Debug|x64.ActiveCfg = Debug|x64
		{CEBDE98B-A6AA-46E6-BC79-FAAF823DB9EC}.DLL ASM Debug|x64.Build.0 = Debug|x64
		{CEBDE98B-A6AA-46E6-BC79-FAAF823DB9EC}.DLL ASM Release|Win32.ActiveCfg = Release|Win32
		{CEBDE98B-A6AA-46E6-BC79-FAAF823DB9EC}.DLL ASM Release|Win32.Build.0 = Release|Win32
		{CEBDE98B-A6AA-46E6-BC79-FAAF823DB9EC}.DLL ASM Release|x64.ActiveCfg = Release|x64
		{CEBDE98B-A6AA-46E6-BC79-FAAF823DB9EC}.DLL ASM Release|x64.Build.0 = Release|x64
		{CEBDE98B-A6AA-46E6-BC79-FAAF823DB9EC}.DLL Debug|Win32.ActiveCfg = Debug|Win32
		{CEBDE98B-A6AA-46E6-BC79-FAAF823DB9EC}.DLL Debug|Win32.Build.0 = Debug|Win32
		{CEBDE98B-A6AA-46E6-BC79-FAAF823DB9EC}.DLL Debug|x64.ActiveCfg = Debug|x64
		{CEBDE98B-A6AA-46E6-BC79-FAAF823DB9EC}.DLL Debug|x64.Build.0 = Debug|x64
		{CEBDE98B-A6AA-46E6-BC79-FAAF823DB9EC}.DLL Release|Win32.ActiveCfg = Release|Win32
		{CEBDE98B-A6AA-46E6-BC79-FAAF823DB9EC}.DLL Release|Win32.Build.0 = Release|Win32
		{CEBDE98B-A6AA-46E6-BC79-FAAF823DB9EC}.DLL Release|x64.ActiveCfg = Release|x64
		{CEBDE98B-A6AA-46E6-BC79-FAAF823DB9EC}.DLL Release|x64.Build.0 = Release|x64
		{CEBDE98B-A6AA-46E6-BC79-FAAF823DB9EC}.DLL VB|Win32.ActiveCfg = Debug|Win32
		{CEBDE98B-A6AA-46E6-BC79-FAAF823DB9EC}.DLL VB|Win32.Build.0 = Debug|Win32
		{CEBDE98B-A6AA-46E6-BC79-FAAF823DB9EC}.DLL VB|x64.ActiveCfg = Debug|x64
		{CEBDE98B-A6AA-46E6-BC79-FAAF823DB9EC}.DLL VB|x64.Build.0 = Debug|x64
		{CEBDE98B-A6AA-46E6-BC79-FAAF823DB9EC}.LIB ASM Debug|Win32.ActiveCfg = Debug|Win32
		{CEBDE98B-A6AA-46E6-BC79-FAAF823DB9EC}.LIB ASM Debug|Win32.Build.0 = Debug|Win32
		{CEBDE98B-A6AA-46E6-BC79-FAAF823DB9EC}.LIB ASM Debug|x64.ActiveCfg = Debug|x64
		{CEBDE98B-A6AA-46E6-BC79-FAAF823DB9EC}.LIB ASM Debug|x64.Build.0 = Debug|x64
		{CEBDE98B-A6AA-46E6-BC79-FAAF823DB9EC}.LIB ASM Release|Win32.ActiveCfg = Release|Win32
		{CEBDE98B-A6AA-46E6-BC79-FAAF823DB9EC}.LIB ASM Release|Win32.Build.0 = Release|Win32
		{CEBDE98B-A6AA-46E6-BC79-FAAF823DB9EC}.LIB ASM Release|x64.ActiveCfg = Release|x64
		{CEBDE98B-A6AA-46E6-BC79-FAAF823DB9EC}.LIB ASM Release|x64.Build.0 = Release|x64
		{CEBDE98B-A6AA-46E6-BC79-FAAF823DB9EC}.LIB Debug|Win32.ActiveCfg = Debug|Win32
		{CEBDE98B-A6AA-46E6-BC79-FAAF823DB9EC}.LIB Debug|Win32.Build.0 = Debug|Win32
		{CEBDE98B-A6AA-46E6-BC79-FAAF823DB9EC}.LIB Debug|x64.ActiveCfg = Debug|x64
		{CEBDE98B-A6AA-46E6-BC79-FAAF823DB9EC}.LIB Debug|x64.Build.0 = Debug|x64
		{CEBDE98B-A6AA-46E6-BC79-FAAF823DB9EC}.LIB Release|Win32.ActiveCfg = Release|Win32
		{CEBDE98B-A6AA-46E6-BC79-FAAF823DB9EC}.LIB Release|Win32.Build.0 = Release|Win32
		{CEBDE98B-A6AA-46E6-BC79-FAAF823DB9EC}.LIB Release|x64.ActiveCfg = Release|x64
		{CEBDE98B-A6AA-46E6-BC79-FAAF823DB9EC}.LIB Release|x64.Build.0 = Release|x64
		{CEBDE98B-A6AA-46E6-BC79-FAAF823DB9EC}.MinSizeRel|Win32.ActiveCfg = Release|Win32
		{CEBDE98B-A6AA-46E6-BC79-FAAF823DB9EC}.MinSizeRel|Win32.Build.0 = Release|Win32
		{CEBDE98B-A6AA-46E6-BC79-FAAF823DB9EC}.MinSizeRel|x64.ActiveCfg = Release|x64
		{CEBDE98B-A6AA-46E6-BC79-FAAF823DB9EC}.MinSizeRel|x64.Build.0 = Release|x64
		{CEBDE98B-A6AA-46E6-BC79-FAAF823DB9EC}.Release|Win32.ActiveCfg = Release|Win32
		{CEBDE98B-A6AA-46E6-BC79-FAAF823DB9EC}.Release|Win32.Build.0 = Release|Win32
		{CEBDE98B-A6AA-46E6-BC79-FAAF823DB9EC}.Release|x64.ActiveCfg = Release|x64
		{CEBDE98B-A6AA-46E6-BC79-FAAF823DB9EC}.Release|x64.Build.0 = Release|x64
		{CEBDE98B-A6AA-46E6-BC79-FAAF823DB9EC}.ReleaseRTTI|Win32.ActiveCfg = Release|Win32
		{CEBDE98B-A6AA-46E6-BC79-FAAF823DB9EC}.ReleaseRTTI|Win32.Build.0 = Release|Win32
		{CEBDE98B-A6AA-46E6-BC79-FAAF823DB9EC}.ReleaseRTTI|x64.ActiveCfg = Release|x64
		{CEBDE98B-A6AA-46E6-BC79-FAAF823DB9EC}.ReleaseRTTI|x64.Build.0 = Release|x64
		{CEBDE98B-A6AA-46E6-BC79-FAAF823DB9EC}.RelWithDebInfo|Win32.ActiveCfg = Release|Win32
		{CEBDE98B-A6AA-46E6-BC79-FAAF823DB9EC}.RelWithDebInfo|Win32.Build.0 = Release|Win32
		{CEBDE98B-A6AA-46E6-BC79-FAAF823DB9EC}.RelWithDebInfo|x64.ActiveCfg = Release|x64
		{CEBDE98B-A6AA-46E6-BC79-FAAF823DB9EC}.RelWithDebInfo|x64.Build.0 = Release|x64
		{CEBDE98B-A6AA-46E6-BC79-FAAF823DB9EC}.Template|Win32.ActiveCfg = Release|Win32
		{CEBDE98B-A6AA-46E6-BC79-FAAF823DB9EC}.Template|Win32.Build.0 = Release|Win32
		{CEBDE98B-A6AA-46E6-BC79-FAAF823DB9EC}.Template|x64.ActiveCfg = Release|x64
		{CEBDE98B-A6AA-46E6-BC79-FAAF823DB9EC}.Template|x64.Build.0 = Release|x64
	EndGlobalSection
	GlobalSection(SolutionProperties) = preSolution
		HideSolutionNode = FALSE
	EndGlobalSection
EndGlobal
