<?xml version="1.0" encoding="utf-8"?>
<Project ToolsVersion="4.0" xmlns="http://schemas.microsoft.com/developer/msbuild/2003">
  <ItemGroup>
    <Filter Include="Sources">
      <UniqueIdentifier>{19339e40-50ee-458f-8bdf-733bd0027403}</UniqueIdentifier>
    </Filter>
    <Filter Include="Sources\glw">
      <UniqueIdentifier>{5b709e3e-f6cc-4437-8cf9-9332f139c046}</UniqueIdentifier>
    </Filter>
    <Filter Include="Sources\calc">
      <UniqueIdentifier>{6cd49d75-427b-448a-a7a6-cfca8d810d4b}</UniqueIdentifier>
    </Filter>
    <Filter Include="Sources\draw">
      <UniqueIdentifier>{ba0a8eef-679a-43b0-883c-a3cae04d7562}</UniqueIdentifier>
    </Filter>
    <Filter Include="Exported Headers">
      <UniqueIdentifier>{101c6a89-c625-450d-b5ff-aec446e4b6d6}</UniqueIdentifier>
    </Filter>
    <Filter Include="Headers">
      <UniqueIdentifier>{3706bc39-80d7-4d1f-a428-dce85882aaa4}</UniqueIdentifier>
    </Filter>
    <Filter Include="Exported Headers\draw">
      <UniqueIdentifier>{be21abe0-94f7-4de7-aff1-428642d39a51}</UniqueIdentifier>
    </Filter>
    <Filter Include="Exported Headers\glw">
      <UniqueIdentifier>{1c875d73-7c81-4ec5-97f6-8db30dd0639b}</UniqueIdentifier>
    </Filter>
    <Filter Include="Exported Headers\msg">
      <UniqueIdentifier>{503af50b-eaf7-4470-9422-2e191bbd080f}</UniqueIdentifier>
    </Filter>
    <Filter Include="Sources\audio">
      <UniqueIdentifier>{4b98dcc2-d41c-4d8b-9da1-028f5b958725}</UniqueIdentifier>
    </Filter>
    <Filter Include="Headers\audio">
      <UniqueIdentifier>{043caed1-eff2-4177-a4d7-8387fd47ee91}</UniqueIdentifier>
    </Filter>
    <Filter Include="Exported Headers\audio">
      <UniqueIdentifier>{7f0dce78-09be-4d45-8581-dde75bb746ab}</UniqueIdentifier>
    </Filter>
  </ItemGroup>
  <ItemGroup>
    <ClCompile Include="..\src\Sceptor.cpp">
      <Filter>Sources</Filter>
    </ClCompile>
    <ClCompile Include="..\src\serial.cpp">
      <Filter>Sources</Filter>
    </ClCompile>
    <ClCompile Include="..\src\serial_util.cpp">
      <Filter>Sources</Filter>
    </ClCompile>
    <ClCompile Include="..\src\Server.cpp">
      <Filter>Sources</Filter>
    </ClCompile>
    <ClCompile Include="..\src\ShadowMap.cpp">
      <Filter>Sources</Filter>
    </ClCompile>
    <ClCompile Include="..\src\shield.cpp">
      <Filter>Sources</Filter>
    </ClCompile>
    <ClCompile Include="..\src\Shipyard.cpp">
      <Filter>Sources</Filter>
    </ClCompile>
    <ClCompile Include="..\src\sqadapt.cpp">
      <Filter>Sources</Filter>
    </ClCompile>
    <ClCompile Include="..\src\SqInitProcess.cpp">
      <Filter>Sources</Filter>
    </ClCompile>
    <ClCompile Include="..\src\stellar_file.cpp">
      <Filter>Sources</Filter>
    </ClCompile>
    <ClCompile Include="..\src\tefpol3d.cpp">
      <Filter>Sources</Filter>
    </ClCompile>
    <ClCompile Include="..\src\teline3d.cpp">
      <Filter>Sources</Filter>
    </ClCompile>
    <ClCompile Include="..\src\TexSphere.cpp">
      <Filter>Sources</Filter>
    </ClCompile>
    <ClCompile Include="..\src\Universe.cpp">
      <Filter>Sources</Filter>
    </ClCompile>
    <ClCompile Include="..\src\war.cpp">
      <Filter>Sources</Filter>
    </ClCompile>
    <ClCompile Include="..\src\Warpable.cpp">
      <Filter>Sources</Filter>
    </ClCompile>
    <ClCompile Include="..\src\ysdnmmot.cpp">
      <Filter>Sources</Filter>
    </ClCompile>
    <ClCompile Include="..\src\Application.cpp">
      <Filter>Sources</Filter>
    </ClCompile>
    <ClCompile Include="..\src\arms.cpp">
      <Filter>Sources</Filter>
    </ClCompile>
    <ClCompile Include="..\src\Assault.cpp">
      <Filter>Sources</Filter>
    </ClCompile>
    <ClCompile Include="..\src\astro.cpp">
      <Filter>Sources</Filter>
    </ClCompile>
    <ClCompile Include="..\src\astrodraw.cpp">
      <Filter>Sources</Filter>
    </ClCompile>
    <ClCompile Include="..\src\Attacker.cpp">
      <Filter>Sources</Filter>
    </ClCompile>
    <ClCompile Include="..\src\Autonomous.cpp">
      <Filter>Sources</Filter>
    </ClCompile>
    <ClCompile Include="..\src\Battleship.cpp">
      <Filter>Sources</Filter>
    </ClCompile>
    <ClCompile Include="..\src\Beamer.cpp">
      <Filter>Sources</Filter>
    </ClCompile>
    <ClCompile Include="..\src\BeamProjectile.cpp">
      <Filter>Sources</Filter>
    </ClCompile>
    <ClCompile Include="..\src\BinDiff.cpp">
      <Filter>Sources</Filter>
    </ClCompile>
    <ClCompile Include="..\src\Builder.cpp">
      <Filter>Sources</Filter>
    </ClCompile>
    <ClCompile Include="..\src\Bullet.cpp">
      <Filter>Sources</Filter>
    </ClCompile>
    <ClCompile Include="..\src\Client.cpp">
      <Filter>Sources</Filter>
    </ClCompile>
    <ClCompile Include="..\src\cmd.cpp">
      <Filter>Sources</Filter>
    </ClCompile>
    <ClCompile Include="..\src\cmddraw.cpp">
      <Filter>Sources</Filter>
    </ClCompile>
    <ClCompile Include="..\src\CoordSys.cpp">
      <Filter>Sources</Filter>
    </ClCompile>
    <ClCompile Include="..\src\Defender.cpp">
      <Filter>Sources</Filter>
    </ClCompile>
    <ClCompile Include="..\src\Destroyer.cpp">
      <Filter>Sources</Filter>
    </ClCompile>
    <ClCompile Include="..\src\Docker.cpp">
      <Filter>Sources</Filter>
    </ClCompile>
    <ClCompile Include="..\src\dstring.cpp">
      <Filter>Sources</Filter>
    </ClCompile>
    <ClCompile Include="..\src\Entity.cpp">
      <Filter>Sources</Filter>
    </ClCompile>
    <ClCompile Include="..\src\Frigate.cpp">
      <Filter>Sources</Filter>
    </ClCompile>
    <ClCompile Include="..\src\Game.cpp">
      <Filter>Sources</Filter>
    </ClCompile>
    <ClCompile Include="..\src\gltestplus.cpp">
      <Filter>Sources</Filter>
    </ClCompile>
    <ClCompile Include="..\src\judge.cpp">
      <Filter>Sources</Filter>
    </ClCompile>
    <ClCompile Include="..\src\keybind.cpp">
      <Filter>Sources</Filter>
    </ClCompile>
    <ClCompile Include="..\src\LagrangePoint.cpp">
      <Filter>Sources</Filter>
    </ClCompile>
    <ClCompile Include="..\src\LTurret.cpp">
      <Filter>Sources</Filter>
    </ClCompile>
    <ClCompile Include="..\src\Missile.cpp">
      <Filter>Sources</Filter>
    </ClCompile>
    <ClCompile Include="..\src\motion.cpp">
      <Filter>Sources</Filter>
    </ClCompile>
    <ClCompile Include="..\src\mqo.cpp">
      <Filter>Sources</Filter>
    </ClCompile>
    <ClCompile Include="..\src\mqoadapt.cpp">
      <Filter>Sources</Filter>
    </ClCompile>
    <ClCompile Include="..\src\mqodraw.cpp">
      <Filter>Sources</Filter>
    </ClCompile>
    <ClCompile Include="..\src\Observable.cpp">
      <Filter>Sources</Filter>
    </ClCompile>
    <ClCompile Include="..\src\Player.cpp">
      <Filter>Sources</Filter>
    </ClCompile>
    <ClCompile Include="..\src\Respawn.cpp">
      <Filter>Sources</Filter>
    </ClCompile>
    <ClCompile Include="..\src\RStation.cpp">
      <Filter>Sources</Filter>
    </ClCompile>
    <ClCompile Include="..\src\Scarry.cpp">
      <Filter>Sources</Filter>
    </ClCompile>
    <ClCompile Include="..\src\glw\GLWchat.cpp">
      <Filter>Sources\glw</Filter>
    </ClCompile>
    <ClCompile Include="..\src\glw\GLWentlist.cpp">
      <Filter>Sources\glw</Filter>
    </ClCompile>
    <ClCompile Include="..\src\glw\glwindow.cpp">
      <Filter>Sources\glw</Filter>
    </ClCompile>
    <ClCompile Include="..\src\glw\GLWmenu.cpp">
      <Filter>Sources\glw</Filter>
    </ClCompile>
    <ClCompile Include="..\src\glw\GLWtaskBar.cpp">
      <Filter>Sources\glw</Filter>
    </ClCompile>
    <ClCompile Include="..\src\glw\message.cpp">
      <Filter>Sources\glw</Filter>
    </ClCompile>
    <ClCompile Include="..\src\glw\solarmap.cpp">
      <Filter>Sources\glw</Filter>
    </ClCompile>
    <ClCompile Include="..\src\glw\GLWbuild.cpp">
      <Filter>Sources\glw</Filter>
    </ClCompile>
    <ClCompile Include="..\src\glw\GLWchart.cpp">
      <Filter>Sources\glw</Filter>
    </ClCompile>
    <ClCompile Include="..\src\draw\Bullet-draw.cpp">
      <Filter>Sources\draw</Filter>
    </ClCompile>
    <ClCompile Include="..\src\draw\Defender-Draw.cpp">
      <Filter>Sources\draw</Filter>
    </ClCompile>
    <ClCompile Include="..\src\draw\Destroyer-draw.cpp">
      <Filter>Sources\draw</Filter>
    </ClCompile>
    <ClCompile Include="..\src\draw\DrawTextureSphere.cpp">
      <Filter>Sources\draw</Filter>
    </ClCompile>
    <ClCompile Include="..\src\draw\effects.cpp">
      <Filter>Sources\draw</Filter>
    </ClCompile>
    <ClCompile Include="..\src\draw\GatlingTurret-draw.cpp">
      <Filter>Sources\draw</Filter>
    </ClCompile>
    <ClCompile Include="..\src\draw\LMissileTurret-draw.cpp">
      <Filter>Sources\draw</Filter>
    </ClCompile>
    <ClCompile Include="..\src\draw\LTurret-draw.cpp">
      <Filter>Sources\draw</Filter>
    </ClCompile>
    <ClCompile Include="..\src\draw\material.cpp">
      <Filter>Sources\draw</Filter>
    </ClCompile>
    <ClCompile Include="..\src\draw\Missile-draw.cpp">
      <Filter>Sources\draw</Filter>
    </ClCompile>
    <ClCompile Include="..\src\draw\MTurret-draw.cpp">
      <Filter>Sources\draw</Filter>
    </ClCompile>
    <ClCompile Include="..\src\draw\Player-draw.cpp">
      <Filter>Sources\draw</Filter>
    </ClCompile>
    <ClCompile Include="..\src\draw\ring-draw.cpp">
      <Filter>Sources\draw</Filter>
    </ClCompile>
    <ClCompile Include="..\src\draw\Scarry-Draw.cpp">
      <Filter>Sources\draw</Filter>
    </ClCompile>
    <ClCompile Include="..\src\draw\Sceptor-Draw.cpp">
      <Filter>Sources\draw</Filter>
    </ClCompile>
    <ClCompile Include="..\src\draw\Shipyard-Draw.cpp">
      <Filter>Sources\draw</Filter>
    </ClCompile>
    <ClCompile Include="..\src\draw\war-draw.cpp">
      <Filter>Sources\draw</Filter>
    </ClCompile>
    <ClCompile Include="..\src\draw\Warpable-draw.cpp">
      <Filter>Sources\draw</Filter>
    </ClCompile>
    <ClCompile Include="..\src\draw\Assault-Draw.cpp">
      <Filter>Sources\draw</Filter>
    </ClCompile>
    <ClCompile Include="..\src\draw\Attacker-Draw.cpp">
      <Filter>Sources\draw</Filter>
    </ClCompile>
    <ClCompile Include="..\src\draw\Battleship-draw.cpp">
      <Filter>Sources\draw</Filter>
    </ClCompile>
    <ClCompile Include="..\src\draw\Beamer-draw.cpp">
      <Filter>Sources\draw</Filter>
    </ClCompile>
    <ClCompile Include="..\src\draw\blackbody.cpp">
      <Filter>Sources\draw</Filter>
    </ClCompile>
    <ClCompile Include="..\src\calc\calc3.c">
      <Filter>Sources\calc</Filter>
    </ClCompile>
    <ClCompile Include="..\src\calc\mathvars.c">
      <Filter>Sources\calc</Filter>
    </ClCompile>
    <ClCompile Include="..\src\calc\calc.c">
      <Filter>Sources\calc</Filter>
    </ClCompile>
    <ClCompile Include="..\src\calc\calc0.c">
      <Filter>Sources\calc</Filter>
    </ClCompile>
    <ClCompile Include="..\src\glsl.c">
      <Filter>Sources</Filter>
    </ClCompile>
    <ClCompile Include="..\src\bitmap.c">
      <Filter>Sources</Filter>
    </ClCompile>
    <ClCompile Include="..\src\avi.c">
      <Filter>Sources</Filter>
    </ClCompile>
    <ClCompile Include="..\src\glw\GLWbutton.cpp">
      <Filter>Sources\glw</Filter>
    </ClCompile>
    <ClCompile Include="..\src\Worker.cpp">
      <Filter>Sources</Filter>
    </ClCompile>
    <ClCompile Include="..\src\draw\Worker-Draw.cpp">
      <Filter>Sources\draw</Filter>
    </ClCompile>
    <ClCompile Include="..\src\Mesh.cpp">
      <Filter>Sources</Filter>
    </ClCompile>
    <ClCompile Include="..\src\draw\Mesh-draw.cpp">
      <Filter>Sources\draw</Filter>
    </ClCompile>
    <ClCompile Include="..\src\audio\wavemixer.cpp">
      <Filter>Sources\audio</Filter>
    </ClCompile>
    <ClCompile Include="..\src\audio\playSound.cpp">
      <Filter>Sources\audio</Filter>
    </ClCompile>
    <ClCompile Include="..\src\draw\RStation-draw.cpp">
      <Filter>Sources\draw</Filter>
    </ClCompile>
  </ItemGroup>
  <ItemGroup>
    <ClInclude Include="..\include\draw\effects.h">
      <Filter>Exported Headers\draw</Filter>
    </ClInclude>
    <ClInclude Include="..\include\ModelEntity.h">
      <Filter>Exported Headers</Filter>
    </ClInclude>
    <ClInclude Include="..\include\Model-forward.h">
      <Filter>Exported Headers</Filter>
    </ClInclude>
    <ClInclude Include="..\include\Motion-forward.h">
      <Filter>Exported Headers</Filter>
    </ClInclude>
    <ClInclude Include="..\include\Bullet.h">
      <Filter>Exported Headers</Filter>
    </ClInclude>
    <ClInclude Include="..\include\ExplosiveBullet.h">
      <Filter>Exported Headers</Filter>
    </ClInclude>
    <ClInclude Include="..\include\SqInitProcess-ex.h">
      <Filter>Exported Headers</Filter>
    </ClInclude>
    <ClInclude Include="..\include\SqInitProcess.h">
      <Filter>Exported Headers</Filter>
    </ClInclude>
    <ClInclude Include="..\include\Observable.h">
      <Filter>Exported Headers</Filter>
    </ClInclude>
    <ClInclude Include="..\include\mqo.h">
      <Filter>Exported Headers</Filter>
    </ClInclude>
    <ClInclude Include="..\include\Mesh.h">
      <Filter>Exported Headers</Filter>
    </ClInclude>
    <ClInclude Include="..\include\Mesh-forward.h">
      <Filter>Exported Headers</Filter>
    </ClInclude>
    <ClInclude Include="..\include\glw\GLWchart.h">
      <Filter>Exported Headers\glw</Filter>
    </ClInclude>
    <ClInclude Include="..\include\glw\GLWchat.h">
      <Filter>Exported Headers\glw</Filter>
    </ClInclude>
    <ClInclude Include="..\include\glw\glwindow.h">
      <Filter>Exported Headers\glw</Filter>
    </ClInclude>
    <ClInclude Include="..\include\glw\GLWtaskBar.h">
      <Filter>Exported Headers\glw</Filter>
    </ClInclude>
    <ClInclude Include="..\include\glw\message.h">
      <Filter>Exported Headers\glw</Filter>
    </ClInclude>
    <ClInclude Include="..\include\glw\GLWbutton.h">
      <Filter>Exported Headers\glw</Filter>
    </ClInclude>
    <ClInclude Include="..\include\glw\PopupMenu-forward.h">
      <Filter>Exported Headers\glw</Filter>
    </ClInclude>
    <ClInclude Include="..\include\glw\PopupMenu.h">
      <Filter>Exported Headers\glw</Filter>
    </ClInclude>
    <ClInclude Include="..\src\sqserial.h">
      <Filter>Headers</Filter>
    </ClInclude>
    <ClInclude Include="..\include\Autonomous.h">
      <Filter>Exported Headers</Filter>
    </ClInclude>
    <ClInclude Include="..\include\BeamProjectile.h">
      <Filter>Exported Headers</Filter>
    </ClInclude>
    <ClInclude Include="..\include\BinDiff.h">
      <Filter>Exported Headers</Filter>
    </ClInclude>
    <ClInclude Include="..\include\antiglut.h">
      <Filter>Exported Headers</Filter>
    </ClInclude>
    <ClInclude Include="..\include\Application.h">
      <Filter>Exported Headers</Filter>
    </ClInclude>
    <ClInclude Include="..\include\arms.h">
      <Filter>Exported Headers</Filter>
    </ClInclude>
    <ClInclude Include="..\include\astro.h">
      <Filter>Exported Headers</Filter>
    </ClInclude>
    <ClInclude Include="..\include\astro_star.h">
      <Filter>Exported Headers</Filter>
    </ClInclude>
    <ClInclude Include="..\include\astrodef.h">
      <Filter>Exported Headers</Filter>
    </ClInclude>
    <ClInclude Include="..\include\astrodraw.h">
      <Filter>Exported Headers</Filter>
    </ClInclude>
    <ClInclude Include="..\include\btadapt.h">
      <Filter>Exported Headers</Filter>
    </ClInclude>
    <ClInclude Include="..\include\Builder.h">
      <Filter>Exported Headers</Filter>
    </ClInclude>
    <ClInclude Include="..\include\bitmap.h">
      <Filter>Exported Headers</Filter>
    </ClInclude>
    <ClInclude Include="..\include\ClientMessage.h">
      <Filter>Exported Headers</Filter>
    </ClInclude>
    <ClInclude Include="..\include\cmd.h">
      <Filter>Exported Headers</Filter>
    </ClInclude>
    <ClInclude Include="..\include\CoordSys-find.h">
      <Filter>Exported Headers</Filter>
    </ClInclude>
    <ClInclude Include="..\include\CoordSys.h">
      <Filter>Exported Headers</Filter>
    </ClInclude>
    <ClInclude Include="..\include\Docker.h">
      <Filter>Exported Headers</Filter>
    </ClInclude>
    <ClInclude Include="..\include\dstring.h">
      <Filter>Exported Headers</Filter>
    </ClInclude>
    <ClInclude Include="..\include\Entity.h">
      <Filter>Exported Headers</Filter>
    </ClInclude>
    <ClInclude Include="..\include\EntityCommand.h">
      <Filter>Exported Headers</Filter>
    </ClInclude>
    <ClInclude Include="..\include\LTurret.h">
      <Filter>Exported Headers</Filter>
    </ClInclude>
    <ClInclude Include="..\include\export.h">
      <Filter>Exported Headers</Filter>
    </ClInclude>
    <ClInclude Include="..\include\Frigate.h">
      <Filter>Exported Headers</Filter>
    </ClInclude>
    <ClInclude Include="..\include\Game.h">
      <Filter>Exported Headers</Filter>
    </ClInclude>
    <ClInclude Include="..\include\GetFov.h">
      <Filter>Exported Headers</Filter>
    </ClInclude>
    <ClInclude Include="..\include\glsl.h">
      <Filter>Exported Headers</Filter>
    </ClInclude>
    <ClInclude Include="..\include\glstack.h">
      <Filter>Exported Headers</Filter>
    </ClInclude>
    <ClInclude Include="..\include\judge.h">
      <Filter>Exported Headers</Filter>
    </ClInclude>
    <ClInclude Include="..\include\libmotion.h">
      <Filter>Exported Headers</Filter>
    </ClInclude>
    <ClInclude Include="..\include\Missile.h">
      <Filter>Exported Headers</Filter>
    </ClInclude>
    <ClInclude Include="..\include\motion.h">
      <Filter>Exported Headers</Filter>
    </ClInclude>
    <ClInclude Include="..\include\serial.h">
      <Filter>Exported Headers</Filter>
    </ClInclude>
    <ClInclude Include="..\include\serial_util.h">
      <Filter>Exported Headers</Filter>
    </ClInclude>
    <ClInclude Include="..\include\Server.h">
      <Filter>Exported Headers</Filter>
    </ClInclude>
    <ClInclude Include="..\include\shield.h">
      <Filter>Exported Headers</Filter>
    </ClInclude>
    <ClInclude Include="..\include\Shipyard.h">
      <Filter>Exported Headers</Filter>
    </ClInclude>
    <ClInclude Include="..\include\sqadapt.h">
      <Filter>Exported Headers</Filter>
    </ClInclude>
    <ClInclude Include="..\include\Player.h">
      <Filter>Exported Headers</Filter>
    </ClInclude>
    <ClInclude Include="..\include\StaticInitializer.h">
      <Filter>Exported Headers</Filter>
    </ClInclude>
    <ClInclude Include="..\include\stellar_file.h">
      <Filter>Exported Headers</Filter>
    </ClInclude>
    <ClInclude Include="..\include\tefpol3d.h">
      <Filter>Exported Headers</Filter>
    </ClInclude>
    <ClInclude Include="..\include\tent3d.h">
      <Filter>Exported Headers</Filter>
    </ClInclude>
    <ClInclude Include="..\include\tent3d_forward.h">
      <Filter>Exported Headers</Filter>
    </ClInclude>
    <ClInclude Include="..\include\Universe.h">
      <Filter>Exported Headers</Filter>
    </ClInclude>
    <ClInclude Include="..\include\VariantRegister.h">
      <Filter>Exported Headers</Filter>
    </ClInclude>
    <ClInclude Include="..\include\Viewer.h">
      <Filter>Exported Headers</Filter>
    </ClInclude>
    <ClInclude Include="..\include\war.h">
      <Filter>Exported Headers</Filter>
    </ClInclude>
    <ClInclude Include="..\include\WarField_countEnt.h">
      <Filter>Exported Headers</Filter>
    </ClInclude>
    <ClInclude Include="..\include\Warpable.h">
      <Filter>Exported Headers</Filter>
    </ClInclude>
    <ClInclude Include="..\include\ysdnmmot.h">
      <Filter>Exported Headers</Filter>
    </ClInclude>
    <ClInclude Include="..\include\yssurf.h">
      <Filter>Exported Headers</Filter>
    </ClInclude>
    <ClInclude Include="..\include\draw\blackbody.h">
      <Filter>Exported Headers\draw</Filter>
    </ClInclude>
    <ClInclude Include="..\include\draw\HDR.h">
      <Filter>Exported Headers\draw</Filter>
    </ClInclude>
    <ClInclude Include="..\include\draw\material.h">
      <Filter>Exported Headers\draw</Filter>
    </ClInclude>
    <ClInclude Include="..\include\draw\mqoadapt.h">
      <Filter>Exported Headers\draw</Filter>
    </ClInclude>
    <ClInclude Include="..\include\draw\OpenGLState.h">
      <Filter>Exported Headers\draw</Filter>
    </ClInclude>
    <ClInclude Include="..\include\draw\ShaderBind.h">
      <Filter>Exported Headers\draw</Filter>
    </ClInclude>
    <ClInclude Include="..\include\draw\ShadowMap.h">
      <Filter>Exported Headers\draw</Filter>
    </ClInclude>
    <ClInclude Include="..\include\draw\WarDraw.h">
      <Filter>Exported Headers\draw</Filter>
    </ClInclude>
    <ClInclude Include="..\include\msg\Message.h">
      <Filter>Exported Headers\msg</Filter>
    </ClInclude>
    <ClInclude Include="..\include\msg\GetCoverPointsMessage.h">
      <Filter>Exported Headers\msg</Filter>
    </ClInclude>
    <ClInclude Include="..\src\Attacker.h">
      <Filter>Headers</Filter>
    </ClInclude>
    <ClInclude Include="..\src\avi.h">
      <Filter>Headers</Filter>
    </ClInclude>
    <ClInclude Include="..\src\argtok.h">
      <Filter>Headers</Filter>
    </ClInclude>
    <ClInclude Include="..\src\Assault.h">
      <Filter>Headers</Filter>
    </ClInclude>
    <ClInclude Include="..\src\keybind.h">
      <Filter>Headers</Filter>
    </ClInclude>
    <ClInclude Include="..\src\Battleship.h">
      <Filter>Headers</Filter>
    </ClInclude>
    <ClInclude Include="..\src\Beamer.h">
      <Filter>Headers</Filter>
    </ClInclude>
    <ClInclude Include="..\src\cmd_int.h">
      <Filter>Headers</Filter>
    </ClInclude>
    <ClInclude Include="..\src\Defender.h">
      <Filter>Headers</Filter>
    </ClInclude>
    <ClInclude Include="..\src\Destroyer.h">
      <Filter>Headers</Filter>
    </ClInclude>
    <ClInclude Include="..\src\galaxy_field.h">
      <Filter>Headers</Filter>
    </ClInclude>
    <ClInclude Include="..\src\Scarry.h">
      <Filter>Headers</Filter>
    </ClInclude>
    <ClInclude Include="..\src\Sceptor.h">
      <Filter>Headers</Filter>
    </ClInclude>
    <ClInclude Include="..\src\Respawn.h">
      <Filter>Headers</Filter>
    </ClInclude>
    <ClInclude Include="..\src\RStation.h">
      <Filter>Headers</Filter>
    </ClInclude>
    <ClInclude Include="..\src\tent3d_p.h">
      <Filter>Headers</Filter>
    </ClInclude>
    <ClInclude Include="..\src\TexSphere.h">
      <Filter>Headers</Filter>
    </ClInclude>
    <ClInclude Include="..\src\Worker.h">
      <Filter>Headers</Filter>
    </ClInclude>
    <ClInclude Include="..\include\audio\wavemixer.h">
      <Filter>Exported Headers\audio</Filter>
    </ClInclude>
    <ClInclude Include="..\include\audio\playSound.h">
      <Filter>Exported Headers\audio</Filter>
    </ClInclude>
    <ClInclude Include="..\include\MTurret.h">
      <Filter>Exported Headers</Filter>
    </ClInclude>
    <ClInclude Include="..\include\StarEnum.h">
      <Filter>Exported Headers</Filter>
    </ClInclude>
    <ClInclude Include="..\include\Entity-property.h\Header.h" />
    <ClInclude Include="..\src\CoordSys-sq.h">
      <Filter>Headers</Filter>
    </ClInclude>
  </ItemGroup>
  <ItemGroup>
    <ResourceCompile Include="..\src\VastSpace.rc" />
  </ItemGroup>
  <ItemGroup>
    <Image Include="..\gp.ico" />
  </ItemGroup>
  <ItemGroup>
    <None Include="..\src\resource.h">
      <Filter>Headers</Filter>
    </None>
  </ItemGroup>
</Project>